// !$*UTF8*$!
{
	archiveVersion = 1;
	classes = {
	};
	objectVersion = 56;
	objects = {

/* Begin PBXBuildFile section */
		3F0958A929DED95C00E87848 /* Johannes.h in Headers */ = {isa = PBXBuildFile; fileRef = 3F0958A829DED95C00E87848 /* Johannes.h */; settings = {ATTRIBUTES = (Public, ); }; };
		3F0958B829DED9F400E87848 /* Gutenberg.swift in Sources */ = {isa = PBXBuildFile; fileRef = 3F0958B029DED9F300E87848 /* Gutenberg.swift */; };
		3F0958B929DED9F400E87848 /* SourceFile.swift in Sources */ = {isa = PBXBuildFile; fileRef = 3F0958B129DED9F300E87848 /* SourceFile.swift */; };
		3F0958BA29DED9F400E87848 /* GutenbergBridgeDelegate.swift in Sources */ = {isa = PBXBuildFile; fileRef = 3F0958B229DED9F300E87848 /* GutenbergBridgeDelegate.swift */; };
		3F0958BB29DED9F400E87848 /* RNReactNativeGutenbergBridge.m in Sources */ = {isa = PBXBuildFile; fileRef = 3F0958B329DED9F300E87848 /* RNReactNativeGutenbergBridge.m */; };
		3F0958BC29DED9F400E87848 /* RNReactNativeGutenbergBridge.swift in Sources */ = {isa = PBXBuildFile; fileRef = 3F0958B429DED9F400E87848 /* RNReactNativeGutenbergBridge.swift */; };
		3F0958BE29DED9F400E87848 /* GutenbergBridgeDataSource.swift in Sources */ = {isa = PBXBuildFile; fileRef = 3F0958B629DED9F400E87848 /* GutenbergBridgeDataSource.swift */; };
		3F0958FD29DEE6C500E87848 /* JavaScriptCore.framework in Frameworks */ = {isa = PBXBuildFile; fileRef = 3F0958FC29DEE6C500E87848 /* JavaScriptCore.framework */; };
		3F94042F29E4FD61009743BD /* GutenbergWebSingleBlockViewController.swift in Sources */ = {isa = PBXBuildFile; fileRef = 3F94042D29E4FD61009743BD /* GutenbergWebSingleBlockViewController.swift */; };
		3F94043029E4FD61009743BD /* FallbackJavascriptInjection.swift in Sources */ = {isa = PBXBuildFile; fileRef = 3F94042E29E4FD61009743BD /* FallbackJavascriptInjection.swift */; };
		3F94043829E567DF009743BD /* AppDelegate.swift in Sources */ = {isa = PBXBuildFile; fileRef = 3F94043729E567DF009743BD /* AppDelegate.swift */; };
		3F94043A29E567DF009743BD /* SceneDelegate.swift in Sources */ = {isa = PBXBuildFile; fileRef = 3F94043929E567DF009743BD /* SceneDelegate.swift */; };
		3F94043C29E567DF009743BD /* ViewController.swift in Sources */ = {isa = PBXBuildFile; fileRef = 3F94043B29E567DF009743BD /* ViewController.swift */; };
		3F94044129E567E1009743BD /* Assets.xcassets in Resources */ = {isa = PBXBuildFile; fileRef = 3F94044029E567E1009743BD /* Assets.xcassets */; };
		3F94044429E567E1009743BD /* LaunchScreen.storyboard in Resources */ = {isa = PBXBuildFile; fileRef = 3F94044229E567E1009743BD /* LaunchScreen.storyboard */; };
		3F94044929E56866009743BD /* Johannes.framework in Frameworks */ = {isa = PBXBuildFile; fileRef = 3F0958A529DED95C00E87848 /* Johannes.framework */; };
		3F94044A29E56866009743BD /* Johannes.framework in Embed Frameworks */ = {isa = PBXBuildFile; fileRef = 3F0958A529DED95C00E87848 /* Johannes.framework */; settings = {ATTRIBUTES = (CodeSignOnCopy, RemoveHeadersOnCopy, ); }; };
		3F94045829E56A82009743BD /* editor-behavior-overrides.js in Resources */ = {isa = PBXBuildFile; fileRef = 3F94044F29E56A81009743BD /* editor-behavior-overrides.js */; };
		3F94045929E56A82009743BD /* wp-bar-override.css in Resources */ = {isa = PBXBuildFile; fileRef = 3F94045029E56A81009743BD /* wp-bar-override.css */; };
		3F94045A29E56A82009743BD /* inject-css.js in Resources */ = {isa = PBXBuildFile; fileRef = 3F94045129E56A81009743BD /* inject-css.js */; };
		3F94045B29E56A82009743BD /* prevent-autosaves.js in Resources */ = {isa = PBXBuildFile; fileRef = 3F94045229E56A81009743BD /* prevent-autosaves.js */; };
		3F94045C29E56A82009743BD /* local-storage-overrides.json in Resources */ = {isa = PBXBuildFile; fileRef = 3F94045329E56A81009743BD /* local-storage-overrides.json */; };
		3F94045D29E56A82009743BD /* content-functions.js in Resources */ = {isa = PBXBuildFile; fileRef = 3F94045429E56A81009743BD /* content-functions.js */; };
		3F94045E29E56A82009743BD /* insert-block.js in Resources */ = {isa = PBXBuildFile; fileRef = 3F94045529E56A81009743BD /* insert-block.js */; };
		3F94045F29E56A82009743BD /* gutenberg-observer.js in Resources */ = {isa = PBXBuildFile; fileRef = 3F94045629E56A81009743BD /* gutenberg-observer.js */; };
		3F94046029E56A82009743BD /* editor-style-overrides.css in Resources */ = {isa = PBXBuildFile; fileRef = 3F94045729E56A82009743BD /* editor-style-overrides.css */; };
		3F94046229E56B20009743BD /* supported-blocks.json in Resources */ = {isa = PBXBuildFile; fileRef = 3F94046129E56B20009743BD /* supported-blocks.json */; };
		3F94046429E56FFC009743BD /* DocumentMediaSource.swift in Sources */ = {isa = PBXBuildFile; fileRef = 3F94046329E56FFC009743BD /* DocumentMediaSource.swift */; };
		3F94046629E57022009743BD /* MediaUploadCoordinator.swift in Sources */ = {isa = PBXBuildFile; fileRef = 3F94046529E57022009743BD /* MediaUploadCoordinator.swift */; };
		3F94046829E5704B009743BD /* CustomImageLoader.swift in Sources */ = {isa = PBXBuildFile; fileRef = 3F94046729E5704B009743BD /* CustomImageLoader.swift */; };
		3F94046A29E570E5009743BD /* MediaPickCoordinator.swift in Sources */ = {isa = PBXBuildFile; fileRef = 3F94046929E570E5009743BD /* MediaPickCoordinator.swift */; };
		3F94046C29E57167009743BD /* WebViewController.swift in Sources */ = {isa = PBXBuildFile; fileRef = 3F94046B29E57167009743BD /* WebViewController.swift */; };
		3F94046E29E571AE009743BD /* ExampleAttachmentDelegate.swift in Sources */ = {isa = PBXBuildFile; fileRef = 3F94046D29E571AE009743BD /* ExampleAttachmentDelegate.swift */; };
		739CB903307AA67413BB68E0 /* Pods_Johannes.framework in Frameworks */ = {isa = PBXBuildFile; fileRef = F75E3D913A5DBF561933870E /* Pods_Johannes.framework */; };
/* End PBXBuildFile section */

/* Begin PBXContainerItemProxy section */
		3F94044B29E56866009743BD /* PBXContainerItemProxy */ = {
			isa = PBXContainerItemProxy;
			containerPortal = 3F09589C29DED95C00E87848 /* Project object */;
			proxyType = 1;
			remoteGlobalIDString = 3F0958A429DED95C00E87848;
			remoteInfo = Johannes;
		};
/* End PBXContainerItemProxy section */

/* Begin PBXCopyFilesBuildPhase section */
		3F94044D29E56866009743BD /* Embed Frameworks */ = {
			isa = PBXCopyFilesBuildPhase;
			buildActionMask = 2147483647;
			dstPath = "";
			dstSubfolderSpec = 10;
			files = (
				3F94044A29E56866009743BD /* Johannes.framework in Embed Frameworks */,
			);
			name = "Embed Frameworks";
			runOnlyForDeploymentPostprocessing = 0;
		};
/* End PBXCopyFilesBuildPhase section */

/* Begin PBXFileReference section */
		3F0958A529DED95C00E87848 /* Johannes.framework */ = {isa = PBXFileReference; explicitFileType = wrapper.framework; includeInIndex = 0; path = Johannes.framework; sourceTree = BUILT_PRODUCTS_DIR; };
		3F0958A829DED95C00E87848 /* Johannes.h */ = {isa = PBXFileReference; lastKnownFileType = sourcecode.c.h; path = Johannes.h; sourceTree = "<group>"; };
		3F0958B029DED9F300E87848 /* Gutenberg.swift */ = {isa = PBXFileReference; fileEncoding = 4; lastKnownFileType = sourcecode.swift; name = Gutenberg.swift; path = "../gutenberg/packages/react-native-bridge/ios/Gutenberg.swift"; sourceTree = SOURCE_ROOT; };
		3F0958B129DED9F300E87848 /* SourceFile.swift */ = {isa = PBXFileReference; fileEncoding = 4; lastKnownFileType = sourcecode.swift; name = SourceFile.swift; path = "../../gutenberg/packages/react-native-bridge/ios/SourceFile.swift"; sourceTree = "<group>"; };
		3F0958B229DED9F300E87848 /* GutenbergBridgeDelegate.swift */ = {isa = PBXFileReference; fileEncoding = 4; lastKnownFileType = sourcecode.swift; name = GutenbergBridgeDelegate.swift; path = "../../gutenberg/packages/react-native-bridge/ios/GutenbergBridgeDelegate.swift"; sourceTree = "<group>"; };
		3F0958B329DED9F300E87848 /* RNReactNativeGutenbergBridge.m */ = {isa = PBXFileReference; fileEncoding = 4; lastKnownFileType = sourcecode.c.objc; name = RNReactNativeGutenbergBridge.m; path = "../../gutenberg/packages/react-native-bridge/ios/RNReactNativeGutenbergBridge.m"; sourceTree = "<group>"; };
		3F0958B429DED9F400E87848 /* RNReactNativeGutenbergBridge.swift */ = {isa = PBXFileReference; fileEncoding = 4; lastKnownFileType = sourcecode.swift; name = RNReactNativeGutenbergBridge.swift; path = "../../gutenberg/packages/react-native-bridge/ios/RNReactNativeGutenbergBridge.swift"; sourceTree = "<group>"; };
		3F0958B629DED9F400E87848 /* GutenbergBridgeDataSource.swift */ = {isa = PBXFileReference; fileEncoding = 4; lastKnownFileType = sourcecode.swift; name = GutenbergBridgeDataSource.swift; path = "../../gutenberg/packages/react-native-bridge/ios/GutenbergBridgeDataSource.swift"; sourceTree = "<group>"; };
		3F0958FC29DEE6C500E87848 /* JavaScriptCore.framework */ = {isa = PBXFileReference; lastKnownFileType = wrapper.framework; name = JavaScriptCore.framework; path = Platforms/MacOSX.platform/Developer/SDKs/MacOSX13.3.sdk/System/iOSSupport/System/Library/Frameworks/JavaScriptCore.framework; sourceTree = DEVELOPER_DIR; };
		3F94042D29E4FD61009743BD /* GutenbergWebSingleBlockViewController.swift */ = {isa = PBXFileReference; fileEncoding = 4; lastKnownFileType = sourcecode.swift; name = GutenbergWebSingleBlockViewController.swift; path = "../../gutenberg/packages/react-native-bridge/ios/GutenbergWebFallback/GutenbergWebSingleBlockViewController.swift"; sourceTree = "<group>"; };
		3F94042E29E4FD61009743BD /* FallbackJavascriptInjection.swift */ = {isa = PBXFileReference; fileEncoding = 4; lastKnownFileType = sourcecode.swift; name = FallbackJavascriptInjection.swift; path = "../../gutenberg/packages/react-native-bridge/ios/GutenbergWebFallback/FallbackJavascriptInjection.swift"; sourceTree = "<group>"; };
		3F94043529E567DF009743BD /* JohannesDemo.app */ = {isa = PBXFileReference; explicitFileType = wrapper.application; includeInIndex = 0; path = JohannesDemo.app; sourceTree = BUILT_PRODUCTS_DIR; };
		3F94043729E567DF009743BD /* AppDelegate.swift */ = {isa = PBXFileReference; lastKnownFileType = sourcecode.swift; path = AppDelegate.swift; sourceTree = "<group>"; };
		3F94043929E567DF009743BD /* SceneDelegate.swift */ = {isa = PBXFileReference; lastKnownFileType = sourcecode.swift; path = SceneDelegate.swift; sourceTree = "<group>"; };
		3F94043B29E567DF009743BD /* ViewController.swift */ = {isa = PBXFileReference; lastKnownFileType = sourcecode.swift; path = ViewController.swift; sourceTree = "<group>"; };
		3F94044029E567E1009743BD /* Assets.xcassets */ = {isa = PBXFileReference; lastKnownFileType = folder.assetcatalog; path = Assets.xcassets; sourceTree = "<group>"; };
		3F94044329E567E1009743BD /* Base */ = {isa = PBXFileReference; lastKnownFileType = file.storyboard; name = Base; path = Base.lproj/LaunchScreen.storyboard; sourceTree = "<group>"; };
		3F94044529E567E1009743BD /* Info.plist */ = {isa = PBXFileReference; lastKnownFileType = text.plist.xml; path = Info.plist; sourceTree = "<group>"; };
		3F94044F29E56A81009743BD /* editor-behavior-overrides.js */ = {isa = PBXFileReference; fileEncoding = 4; lastKnownFileType = sourcecode.javascript; name = "editor-behavior-overrides.js"; path = "../../../gutenberg/packages/react-native-bridge/common/gutenberg-web-single-block/editor-behavior-overrides.js"; sourceTree = "<group>"; };
		3F94045029E56A81009743BD /* wp-bar-override.css */ = {isa = PBXFileReference; fileEncoding = 4; lastKnownFileType = text.css; name = "wp-bar-override.css"; path = "../../../gutenberg/packages/react-native-bridge/common/gutenberg-web-single-block/wp-bar-override.css"; sourceTree = "<group>"; };
		3F94045129E56A81009743BD /* inject-css.js */ = {isa = PBXFileReference; fileEncoding = 4; lastKnownFileType = sourcecode.javascript; name = "inject-css.js"; path = "../../../gutenberg/packages/react-native-bridge/common/gutenberg-web-single-block/inject-css.js"; sourceTree = "<group>"; };
		3F94045229E56A81009743BD /* prevent-autosaves.js */ = {isa = PBXFileReference; fileEncoding = 4; lastKnownFileType = sourcecode.javascript; name = "prevent-autosaves.js"; path = "../../../gutenberg/packages/react-native-bridge/common/gutenberg-web-single-block/prevent-autosaves.js"; sourceTree = "<group>"; };
		3F94045329E56A81009743BD /* local-storage-overrides.json */ = {isa = PBXFileReference; fileEncoding = 4; lastKnownFileType = text.json; name = "local-storage-overrides.json"; path = "../../../gutenberg/packages/react-native-bridge/common/gutenberg-web-single-block/local-storage-overrides.json"; sourceTree = "<group>"; };
		3F94045429E56A81009743BD /* content-functions.js */ = {isa = PBXFileReference; fileEncoding = 4; lastKnownFileType = sourcecode.javascript; name = "content-functions.js"; path = "../../../gutenberg/packages/react-native-bridge/common/gutenberg-web-single-block/content-functions.js"; sourceTree = "<group>"; };
		3F94045529E56A81009743BD /* insert-block.js */ = {isa = PBXFileReference; fileEncoding = 4; lastKnownFileType = sourcecode.javascript; name = "insert-block.js"; path = "../../../gutenberg/packages/react-native-bridge/common/gutenberg-web-single-block/insert-block.js"; sourceTree = "<group>"; };
		3F94045629E56A81009743BD /* gutenberg-observer.js */ = {isa = PBXFileReference; fileEncoding = 4; lastKnownFileType = sourcecode.javascript; name = "gutenberg-observer.js"; path = "../../../gutenberg/packages/react-native-bridge/common/gutenberg-web-single-block/gutenberg-observer.js"; sourceTree = "<group>"; };
		3F94045729E56A82009743BD /* editor-style-overrides.css */ = {isa = PBXFileReference; fileEncoding = 4; lastKnownFileType = text.css; name = "editor-style-overrides.css"; path = "../../../gutenberg/packages/react-native-bridge/common/gutenberg-web-single-block/editor-style-overrides.css"; sourceTree = "<group>"; };
		3F94046129E56B20009743BD /* supported-blocks.json */ = {isa = PBXFileReference; fileEncoding = 4; lastKnownFileType = text.json; name = "supported-blocks.json"; path = "../../../src/block-support/supported-blocks.json"; sourceTree = "<group>"; };
		3F94046329E56FFC009743BD /* DocumentMediaSource.swift */ = {isa = PBXFileReference; lastKnownFileType = sourcecode.swift; path = DocumentMediaSource.swift; sourceTree = "<group>"; };
		3F94046529E57022009743BD /* MediaUploadCoordinator.swift */ = {isa = PBXFileReference; lastKnownFileType = sourcecode.swift; path = MediaUploadCoordinator.swift; sourceTree = "<group>"; };
		3F94046729E5704B009743BD /* CustomImageLoader.swift */ = {isa = PBXFileReference; lastKnownFileType = sourcecode.swift; path = CustomImageLoader.swift; sourceTree = "<group>"; };
		3F94046929E570E5009743BD /* MediaPickCoordinator.swift */ = {isa = PBXFileReference; lastKnownFileType = sourcecode.swift; path = MediaPickCoordinator.swift; sourceTree = "<group>"; };
		3F94046B29E57167009743BD /* WebViewController.swift */ = {isa = PBXFileReference; lastKnownFileType = sourcecode.swift; path = WebViewController.swift; sourceTree = "<group>"; };
		3F94046D29E571AE009743BD /* ExampleAttachmentDelegate.swift */ = {isa = PBXFileReference; lastKnownFileType = sourcecode.swift; path = ExampleAttachmentDelegate.swift; sourceTree = "<group>"; };
		7382E5D609BACB9ADA411FF8 /* Pods-Johannes.release.xcconfig */ = {isa = PBXFileReference; includeInIndex = 1; lastKnownFileType = text.xcconfig; name = "Pods-Johannes.release.xcconfig"; path = "Target Support Files/Pods-Johannes/Pods-Johannes.release.xcconfig"; sourceTree = "<group>"; };
		A0A31F4D4AECD76B40109739 /* Pods-Johannes.debug.xcconfig */ = {isa = PBXFileReference; includeInIndex = 1; lastKnownFileType = text.xcconfig; name = "Pods-Johannes.debug.xcconfig"; path = "Target Support Files/Pods-Johannes/Pods-Johannes.debug.xcconfig"; sourceTree = "<group>"; };
		F75E3D913A5DBF561933870E /* Pods_Johannes.framework */ = {isa = PBXFileReference; explicitFileType = wrapper.framework; includeInIndex = 0; path = Pods_Johannes.framework; sourceTree = BUILT_PRODUCTS_DIR; };
/* End PBXFileReference section */

/* Begin PBXFrameworksBuildPhase section */
		3F0958A229DED95C00E87848 /* Frameworks */ = {
			isa = PBXFrameworksBuildPhase;
			buildActionMask = 2147483647;
			files = (
				3F0958FD29DEE6C500E87848 /* JavaScriptCore.framework in Frameworks */,
				739CB903307AA67413BB68E0 /* Pods_Johannes.framework in Frameworks */,
			);
			runOnlyForDeploymentPostprocessing = 0;
		};
		3F94043229E567DF009743BD /* Frameworks */ = {
			isa = PBXFrameworksBuildPhase;
			buildActionMask = 2147483647;
			files = (
				3F94044929E56866009743BD /* Johannes.framework in Frameworks */,
			);
			runOnlyForDeploymentPostprocessing = 0;
		};
/* End PBXFrameworksBuildPhase section */

/* Begin PBXGroup section */
		3F09589B29DED95C00E87848 = {
			isa = PBXGroup;
			children = (
				3F0958A729DED95C00E87848 /* Johannes */,
				3F94043629E567DF009743BD /* JohannesDemo */,
				3F0958A629DED95C00E87848 /* Products */,
				7EC001EB1845564A8192B887 /* Pods */,
				57EB5B2A72F066811D82E4D5 /* Frameworks */,
			);
			sourceTree = "<group>";
		};
		3F0958A629DED95C00E87848 /* Products */ = {
			isa = PBXGroup;
			children = (
				3F0958A529DED95C00E87848 /* Johannes.framework */,
				3F94043529E567DF009743BD /* JohannesDemo.app */,
			);
			name = Products;
			sourceTree = "<group>";
		};
		3F0958A729DED95C00E87848 /* Johannes */ = {
			isa = PBXGroup;
			children = (
				3F94044E29E56A4D009743BD /* Resources */,
				3F94042E29E4FD61009743BD /* FallbackJavascriptInjection.swift */,
				3F0958B029DED9F300E87848 /* Gutenberg.swift */,
				3F0958B629DED9F400E87848 /* GutenbergBridgeDataSource.swift */,
				3F0958B229DED9F300E87848 /* GutenbergBridgeDelegate.swift */,
				3F94042D29E4FD61009743BD /* GutenbergWebSingleBlockViewController.swift */,
				3F0958A829DED95C00E87848 /* Johannes.h */,
				3F0958B329DED9F300E87848 /* RNReactNativeGutenbergBridge.m */,
				3F0958B429DED9F400E87848 /* RNReactNativeGutenbergBridge.swift */,
				3F0958B129DED9F300E87848 /* SourceFile.swift */,
			);
			path = Johannes;
			sourceTree = "<group>";
		};
		3F94043629E567DF009743BD /* JohannesDemo */ = {
			isa = PBXGroup;
			children = (
				3F94043729E567DF009743BD /* AppDelegate.swift */,
				3F94044029E567E1009743BD /* Assets.xcassets */,
				3F94046729E5704B009743BD /* CustomImageLoader.swift */,
				3F94046329E56FFC009743BD /* DocumentMediaSource.swift */,
				3F94044529E567E1009743BD /* Info.plist */,
				3F94044229E567E1009743BD /* LaunchScreen.storyboard */,
				3F94046929E570E5009743BD /* MediaPickCoordinator.swift */,
				3F94046529E57022009743BD /* MediaUploadCoordinator.swift */,
				3F94043929E567DF009743BD /* SceneDelegate.swift */,
				3F94043B29E567DF009743BD /* ViewController.swift */,
				3F94046D29E571AE009743BD /* ExampleAttachmentDelegate.swift */,
				3F94046B29E57167009743BD /* WebViewController.swift */,
			);
			path = JohannesDemo;
			sourceTree = "<group>";
		};
		3F94044E29E56A4D009743BD /* Resources */ = {
			isa = PBXGroup;
			children = (
				3F94045429E56A81009743BD /* content-functions.js */,
				3F94044F29E56A81009743BD /* editor-behavior-overrides.js */,
				3F94045729E56A82009743BD /* editor-style-overrides.css */,
				3F94045629E56A81009743BD /* gutenberg-observer.js */,
				3F94045129E56A81009743BD /* inject-css.js */,
				3F94045529E56A81009743BD /* insert-block.js */,
				3F94045329E56A81009743BD /* local-storage-overrides.json */,
				3F94045229E56A81009743BD /* prevent-autosaves.js */,
				3F94046129E56B20009743BD /* supported-blocks.json */,
				3F94045029E56A81009743BD /* wp-bar-override.css */,
			);
			path = Resources;
			sourceTree = "<group>";
		};
		57EB5B2A72F066811D82E4D5 /* Frameworks */ = {
			isa = PBXGroup;
			children = (
				3F0958FC29DEE6C500E87848 /* JavaScriptCore.framework */,
				F75E3D913A5DBF561933870E /* Pods_Johannes.framework */,
			);
			name = Frameworks;
			sourceTree = "<group>";
		};
		7EC001EB1845564A8192B887 /* Pods */ = {
			isa = PBXGroup;
			children = (
				A0A31F4D4AECD76B40109739 /* Pods-Johannes.debug.xcconfig */,
				7382E5D609BACB9ADA411FF8 /* Pods-Johannes.release.xcconfig */,
			);
			path = Pods;
			sourceTree = "<group>";
		};
/* End PBXGroup section */

/* Begin PBXHeadersBuildPhase section */
		3F0958A029DED95C00E87848 /* Headers */ = {
			isa = PBXHeadersBuildPhase;
			buildActionMask = 2147483647;
			files = (
				3F0958A929DED95C00E87848 /* Johannes.h in Headers */,
			);
			runOnlyForDeploymentPostprocessing = 0;
		};
/* End PBXHeadersBuildPhase section */

/* Begin PBXNativeTarget section */
		3F0958A429DED95C00E87848 /* Johannes */ = {
			isa = PBXNativeTarget;
			buildConfigurationList = 3F0958AC29DED95C00E87848 /* Build configuration list for PBXNativeTarget "Johannes" */;
			buildPhases = (
				984E4AA80E2C7E9E1E4D993D /* [CP] Check Pods Manifest.lock */,
				3F0958A029DED95C00E87848 /* Headers */,
				3F0958A129DED95C00E87848 /* Sources */,
				3F0958A229DED95C00E87848 /* Frameworks */,
				3F0958A329DED95C00E87848 /* Resources */,
				2BE4A716BE790AFE20F98CE5 /* [CP] Copy Pods Resources */,
			);
			buildRules = (
			);
			dependencies = (
			);
			name = Johannes;
			productName = Johannes;
			productReference = 3F0958A529DED95C00E87848 /* Johannes.framework */;
			productType = "com.apple.product-type.framework";
		};
		3F94043429E567DF009743BD /* JohannesDemo */ = {
			isa = PBXNativeTarget;
			buildConfigurationList = 3F94044629E567E1009743BD /* Build configuration list for PBXNativeTarget "JohannesDemo" */;
			buildPhases = (
				3F94043129E567DF009743BD /* Sources */,
				3F94043229E567DF009743BD /* Frameworks */,
				3F94043329E567DF009743BD /* Resources */,
				3F94044D29E56866009743BD /* Embed Frameworks */,
			);
			buildRules = (
			);
			dependencies = (
				3F94044C29E56866009743BD /* PBXTargetDependency */,
			);
			name = JohannesDemo;
			productName = JohannesDemo;
			productReference = 3F94043529E567DF009743BD /* JohannesDemo.app */;
			productType = "com.apple.product-type.application";
		};
/* End PBXNativeTarget section */

/* Begin PBXProject section */
		3F09589C29DED95C00E87848 /* Project object */ = {
			isa = PBXProject;
			attributes = {
				BuildIndependentTargetsInParallel = 1;
				LastSwiftUpdateCheck = 1430;
				LastUpgradeCheck = 1430;
				TargetAttributes = {
					3F0958A429DED95C00E87848 = {
						CreatedOnToolsVersion = 14.3;
						LastSwiftMigration = 1430;
					};
					3F94043429E567DF009743BD = {
						CreatedOnToolsVersion = 14.3;
					};
				};
			};
			buildConfigurationList = 3F09589F29DED95C00E87848 /* Build configuration list for PBXProject "Johannes" */;
			compatibilityVersion = "Xcode 14.0";
			developmentRegion = en;
			hasScannedForEncodings = 0;
			knownRegions = (
				en,
				Base,
			);
			mainGroup = 3F09589B29DED95C00E87848;
			productRefGroup = 3F0958A629DED95C00E87848 /* Products */;
			projectDirPath = "";
			projectRoot = "";
			targets = (
				3F0958A429DED95C00E87848 /* Johannes */,
				3F94043429E567DF009743BD /* JohannesDemo */,
			);
		};
/* End PBXProject section */

/* Begin PBXResourcesBuildPhase section */
		3F0958A329DED95C00E87848 /* Resources */ = {
			isa = PBXResourcesBuildPhase;
			buildActionMask = 2147483647;
			files = (
				3F94045F29E56A82009743BD /* gutenberg-observer.js in Resources */,
				3F94045A29E56A82009743BD /* inject-css.js in Resources */,
				3F94046029E56A82009743BD /* editor-style-overrides.css in Resources */,
				3F94045C29E56A82009743BD /* local-storage-overrides.json in Resources */,
				3F94045D29E56A82009743BD /* content-functions.js in Resources */,
				3F94045929E56A82009743BD /* wp-bar-override.css in Resources */,
				3F94046229E56B20009743BD /* supported-blocks.json in Resources */,
				3F94045E29E56A82009743BD /* insert-block.js in Resources */,
				3F94045829E56A82009743BD /* editor-behavior-overrides.js in Resources */,
				3F94045B29E56A82009743BD /* prevent-autosaves.js in Resources */,
			);
			runOnlyForDeploymentPostprocessing = 0;
		};
		3F94043329E567DF009743BD /* Resources */ = {
			isa = PBXResourcesBuildPhase;
			buildActionMask = 2147483647;
			files = (
				3F94044429E567E1009743BD /* LaunchScreen.storyboard in Resources */,
				3F94044129E567E1009743BD /* Assets.xcassets in Resources */,
			);
			runOnlyForDeploymentPostprocessing = 0;
		};
/* End PBXResourcesBuildPhase section */

/* Begin PBXShellScriptBuildPhase section */
		2BE4A716BE790AFE20F98CE5 /* [CP] Copy Pods Resources */ = {
			isa = PBXShellScriptBuildPhase;
			buildActionMask = 2147483647;
			files = (
			);
			inputFileListPaths = (
				"${PODS_ROOT}/Target Support Files/Pods-Johannes/Pods-Johannes-resources-${CONFIGURATION}-input-files.xcfilelist",
			);
			name = "[CP] Copy Pods Resources";
			outputFileListPaths = (
				"${PODS_ROOT}/Target Support Files/Pods-Johannes/Pods-Johannes-resources-${CONFIGURATION}-output-files.xcfilelist",
			);
			runOnlyForDeploymentPostprocessing = 0;
			shellPath = /bin/sh;
			shellScript = "\"${PODS_ROOT}/Target Support Files/Pods-Johannes/Pods-Johannes-resources.sh\"\n";
			showEnvVarsInLog = 0;
		};
		984E4AA80E2C7E9E1E4D993D /* [CP] Check Pods Manifest.lock */ = {
			isa = PBXShellScriptBuildPhase;
			buildActionMask = 2147483647;
			files = (
			);
			inputFileListPaths = (
			);
			inputPaths = (
				"${PODS_PODFILE_DIR_PATH}/Podfile.lock",
				"${PODS_ROOT}/Manifest.lock",
			);
			name = "[CP] Check Pods Manifest.lock";
			outputFileListPaths = (
			);
			outputPaths = (
				"$(DERIVED_FILE_DIR)/Pods-Johannes-checkManifestLockResult.txt",
			);
			runOnlyForDeploymentPostprocessing = 0;
			shellPath = /bin/sh;
			shellScript = "diff \"${PODS_PODFILE_DIR_PATH}/Podfile.lock\" \"${PODS_ROOT}/Manifest.lock\" > /dev/null\nif [ $? != 0 ] ; then\n    # print error to STDERR\n    echo \"error: The sandbox is not in sync with the Podfile.lock. Run 'pod install' or update your CocoaPods installation.\" >&2\n    exit 1\nfi\n# This output is used by Xcode 'outputs' to avoid re-running this script phase.\necho \"SUCCESS\" > \"${SCRIPT_OUTPUT_FILE_0}\"\n";
			showEnvVarsInLog = 0;
		};
/* End PBXShellScriptBuildPhase section */

/* Begin PBXSourcesBuildPhase section */
		3F0958A129DED95C00E87848 /* Sources */ = {
			isa = PBXSourcesBuildPhase;
			buildActionMask = 2147483647;
			files = (
				3F94042F29E4FD61009743BD /* GutenbergWebSingleBlockViewController.swift in Sources */,
				3F0958B929DED9F400E87848 /* SourceFile.swift in Sources */,
				3F94043029E4FD61009743BD /* FallbackJavascriptInjection.swift in Sources */,
				3F0958BE29DED9F400E87848 /* GutenbergBridgeDataSource.swift in Sources */,
				3F0958B829DED9F400E87848 /* Gutenberg.swift in Sources */,
				3F0958BA29DED9F400E87848 /* GutenbergBridgeDelegate.swift in Sources */,
				3F0958BB29DED9F400E87848 /* RNReactNativeGutenbergBridge.m in Sources */,
				3F0958BC29DED9F400E87848 /* RNReactNativeGutenbergBridge.swift in Sources */,
			);
			runOnlyForDeploymentPostprocessing = 0;
		};
		3F94043129E567DF009743BD /* Sources */ = {
			isa = PBXSourcesBuildPhase;
			buildActionMask = 2147483647;
			files = (
				3F94046E29E571AE009743BD /* ExampleAttachmentDelegate.swift in Sources */,
				3F94046429E56FFC009743BD /* DocumentMediaSource.swift in Sources */,
				3F94046829E5704B009743BD /* CustomImageLoader.swift in Sources */,
				3F94043C29E567DF009743BD /* ViewController.swift in Sources */,
				3F94043829E567DF009743BD /* AppDelegate.swift in Sources */,
				3F94046629E57022009743BD /* MediaUploadCoordinator.swift in Sources */,
				3F94043A29E567DF009743BD /* SceneDelegate.swift in Sources */,
				3F94046A29E570E5009743BD /* MediaPickCoordinator.swift in Sources */,
				3F94046C29E57167009743BD /* WebViewController.swift in Sources */,
			);
			runOnlyForDeploymentPostprocessing = 0;
		};
/* End PBXSourcesBuildPhase section */

/* Begin PBXTargetDependency section */
		3F94044C29E56866009743BD /* PBXTargetDependency */ = {
			isa = PBXTargetDependency;
			target = 3F0958A429DED95C00E87848 /* Johannes */;
			targetProxy = 3F94044B29E56866009743BD /* PBXContainerItemProxy */;
		};
/* End PBXTargetDependency section */

/* Begin PBXVariantGroup section */
		3F94044229E567E1009743BD /* LaunchScreen.storyboard */ = {
			isa = PBXVariantGroup;
			children = (
				3F94044329E567E1009743BD /* Base */,
			);
			name = LaunchScreen.storyboard;
			sourceTree = "<group>";
		};
/* End PBXVariantGroup section */

/* Begin XCBuildConfiguration section */
		3F0958AA29DED95C00E87848 /* Debug */ = {
			isa = XCBuildConfiguration;
			buildSettings = {
				ALWAYS_SEARCH_USER_PATHS = NO;
				CLANG_ANALYZER_NONNULL = YES;
				CLANG_ANALYZER_NUMBER_OBJECT_CONVERSION = YES_AGGRESSIVE;
				CLANG_CXX_LANGUAGE_STANDARD = "gnu++20";
				CLANG_ENABLE_MODULES = YES;
				CLANG_ENABLE_OBJC_ARC = YES;
				CLANG_ENABLE_OBJC_WEAK = YES;
				CLANG_WARN_BLOCK_CAPTURE_AUTORELEASING = YES;
				CLANG_WARN_BOOL_CONVERSION = YES;
				CLANG_WARN_COMMA = YES;
				CLANG_WARN_CONSTANT_CONVERSION = YES;
				CLANG_WARN_DEPRECATED_OBJC_IMPLEMENTATIONS = YES;
				CLANG_WARN_DIRECT_OBJC_ISA_USAGE = YES_ERROR;
				CLANG_WARN_DOCUMENTATION_COMMENTS = YES;
				CLANG_WARN_EMPTY_BODY = YES;
				CLANG_WARN_ENUM_CONVERSION = YES;
				CLANG_WARN_INFINITE_RECURSION = YES;
				CLANG_WARN_INT_CONVERSION = YES;
				CLANG_WARN_NON_LITERAL_NULL_CONVERSION = YES;
				CLANG_WARN_OBJC_IMPLICIT_RETAIN_SELF = YES;
				CLANG_WARN_OBJC_LITERAL_CONVERSION = YES;
				CLANG_WARN_OBJC_ROOT_CLASS = YES_ERROR;
				CLANG_WARN_QUOTED_INCLUDE_IN_FRAMEWORK_HEADER = YES;
				CLANG_WARN_RANGE_LOOP_ANALYSIS = YES;
				CLANG_WARN_STRICT_PROTOTYPES = YES;
				CLANG_WARN_SUSPICIOUS_MOVE = YES;
				CLANG_WARN_UNGUARDED_AVAILABILITY = YES_AGGRESSIVE;
				CLANG_WARN_UNREACHABLE_CODE = YES;
				CLANG_WARN__DUPLICATE_METHOD_MATCH = YES;
				COPY_PHASE_STRIP = NO;
				CURRENT_PROJECT_VERSION = 1;
				DEBUG_INFORMATION_FORMAT = dwarf;
				ENABLE_STRICT_OBJC_MSGSEND = YES;
				ENABLE_TESTABILITY = YES;
				"EXCLUDED_ARCHS[sdk=iphonesimulator*]" = "";
				GCC_C_LANGUAGE_STANDARD = gnu11;
				GCC_DYNAMIC_NO_PIC = NO;
				GCC_NO_COMMON_BLOCKS = YES;
				GCC_OPTIMIZATION_LEVEL = 0;
				GCC_PREPROCESSOR_DEFINITIONS = (
					"DEBUG=1",
					"$(inherited)",
				);
				GCC_WARN_64_TO_32_BIT_CONVERSION = YES;
				GCC_WARN_ABOUT_RETURN_TYPE = YES_ERROR;
				GCC_WARN_UNDECLARED_SELECTOR = YES;
				GCC_WARN_UNINITIALIZED_AUTOS = YES_AGGRESSIVE;
				GCC_WARN_UNUSED_FUNCTION = YES;
				GCC_WARN_UNUSED_VARIABLE = YES;
				IPHONEOS_DEPLOYMENT_TARGET = 16.4;
				MTL_ENABLE_DEBUG_INFO = INCLUDE_SOURCE;
				MTL_FAST_MATH = YES;
				ONLY_ACTIVE_ARCH = YES;
				REACT_NATIVE_PATH = "${PODS_ROOT}/../../gutenberg/node_modules/react-native";
				SDKROOT = iphoneos;
				SWIFT_ACTIVE_COMPILATION_CONDITIONS = DEBUG;
				SWIFT_OPTIMIZATION_LEVEL = "-Onone";
				VERSIONING_SYSTEM = "apple-generic";
				VERSION_INFO_PREFIX = "";
			};
			name = Debug;
		};
		3F0958AB29DED95C00E87848 /* Release */ = {
			isa = XCBuildConfiguration;
			buildSettings = {
				ALWAYS_SEARCH_USER_PATHS = NO;
				CLANG_ANALYZER_NONNULL = YES;
				CLANG_ANALYZER_NUMBER_OBJECT_CONVERSION = YES_AGGRESSIVE;
				CLANG_CXX_LANGUAGE_STANDARD = "gnu++20";
				CLANG_ENABLE_MODULES = YES;
				CLANG_ENABLE_OBJC_ARC = YES;
				CLANG_ENABLE_OBJC_WEAK = YES;
				CLANG_WARN_BLOCK_CAPTURE_AUTORELEASING = YES;
				CLANG_WARN_BOOL_CONVERSION = YES;
				CLANG_WARN_COMMA = YES;
				CLANG_WARN_CONSTANT_CONVERSION = YES;
				CLANG_WARN_DEPRECATED_OBJC_IMPLEMENTATIONS = YES;
				CLANG_WARN_DIRECT_OBJC_ISA_USAGE = YES_ERROR;
				CLANG_WARN_DOCUMENTATION_COMMENTS = YES;
				CLANG_WARN_EMPTY_BODY = YES;
				CLANG_WARN_ENUM_CONVERSION = YES;
				CLANG_WARN_INFINITE_RECURSION = YES;
				CLANG_WARN_INT_CONVERSION = YES;
				CLANG_WARN_NON_LITERAL_NULL_CONVERSION = YES;
				CLANG_WARN_OBJC_IMPLICIT_RETAIN_SELF = YES;
				CLANG_WARN_OBJC_LITERAL_CONVERSION = YES;
				CLANG_WARN_OBJC_ROOT_CLASS = YES_ERROR;
				CLANG_WARN_QUOTED_INCLUDE_IN_FRAMEWORK_HEADER = YES;
				CLANG_WARN_RANGE_LOOP_ANALYSIS = YES;
				CLANG_WARN_STRICT_PROTOTYPES = YES;
				CLANG_WARN_SUSPICIOUS_MOVE = YES;
				CLANG_WARN_UNGUARDED_AVAILABILITY = YES_AGGRESSIVE;
				CLANG_WARN_UNREACHABLE_CODE = YES;
				CLANG_WARN__DUPLICATE_METHOD_MATCH = YES;
				COPY_PHASE_STRIP = NO;
				CURRENT_PROJECT_VERSION = 1;
				DEBUG_INFORMATION_FORMAT = "dwarf-with-dsym";
				ENABLE_NS_ASSERTIONS = NO;
				ENABLE_STRICT_OBJC_MSGSEND = YES;
				"EXCLUDED_ARCHS[sdk=iphonesimulator*]" = "";
				GCC_C_LANGUAGE_STANDARD = gnu11;
				GCC_NO_COMMON_BLOCKS = YES;
				GCC_WARN_64_TO_32_BIT_CONVERSION = YES;
				GCC_WARN_ABOUT_RETURN_TYPE = YES_ERROR;
				GCC_WARN_UNDECLARED_SELECTOR = YES;
				GCC_WARN_UNINITIALIZED_AUTOS = YES_AGGRESSIVE;
				GCC_WARN_UNUSED_FUNCTION = YES;
				GCC_WARN_UNUSED_VARIABLE = YES;
				IPHONEOS_DEPLOYMENT_TARGET = 16.4;
				MTL_ENABLE_DEBUG_INFO = NO;
				MTL_FAST_MATH = YES;
				REACT_NATIVE_PATH = "${PODS_ROOT}/../../gutenberg/node_modules/react-native";
				SDKROOT = iphoneos;
				SWIFT_COMPILATION_MODE = wholemodule;
				SWIFT_OPTIMIZATION_LEVEL = "-O";
				VALIDATE_PRODUCT = YES;
				VERSIONING_SYSTEM = "apple-generic";
				VERSION_INFO_PREFIX = "";
			};
			name = Release;
		};
		3F0958AD29DED95C00E87848 /* Debug */ = {
			isa = XCBuildConfiguration;
			baseConfigurationReference = A0A31F4D4AECD76B40109739 /* Pods-Johannes.debug.xcconfig */;
			buildSettings = {
				CLANG_ENABLE_MODULES = YES;
				CODE_SIGN_STYLE = Automatic;
				CURRENT_PROJECT_VERSION = 1;
				DEFINES_MODULE = YES;
				DYLIB_COMPATIBILITY_VERSION = 1;
				DYLIB_CURRENT_VERSION = 1;
				DYLIB_INSTALL_NAME_BASE = "@rpath";
				ENABLE_MODULE_VERIFIER = NO;
				GENERATE_INFOPLIST_FILE = YES;
				INFOPLIST_KEY_NSHumanReadableCopyright = "";
				INSTALL_PATH = "$(LOCAL_LIBRARY_DIR)/Frameworks";
				LD_RUNPATH_SEARCH_PATHS = (
					"$(inherited)",
					"@executable_path/Frameworks",
					"@loader_path/Frameworks",
				);
				MARKETING_VERSION = 1.0;
				MODULE_VERIFIER_SUPPORTED_LANGUAGES = "objective-c objective-c++";
				MODULE_VERIFIER_SUPPORTED_LANGUAGE_STANDARDS = "gnu11 gnu++20";
				PRODUCT_BUNDLE_IDENTIFIER = org.wordpress.Johannes;
				PRODUCT_NAME = "$(TARGET_NAME:c99extidentifier)";
				SKIP_INSTALL = YES;
				SWIFT_EMIT_LOC_STRINGS = YES;
				SWIFT_OPTIMIZATION_LEVEL = "-Onone";
				SWIFT_VERSION = 5.0;
				TARGETED_DEVICE_FAMILY = "1,2";
			};
			name = Debug;
		};
		3F0958AE29DED95C00E87848 /* Release */ = {
			isa = XCBuildConfiguration;
			baseConfigurationReference = 7382E5D609BACB9ADA411FF8 /* Pods-Johannes.release.xcconfig */;
			buildSettings = {
				CLANG_ENABLE_MODULES = YES;
				CODE_SIGN_STYLE = Automatic;
				CURRENT_PROJECT_VERSION = 1;
				DEFINES_MODULE = YES;
				DYLIB_COMPATIBILITY_VERSION = 1;
				DYLIB_CURRENT_VERSION = 1;
				DYLIB_INSTALL_NAME_BASE = "@rpath";
				ENABLE_MODULE_VERIFIER = NO;
				GENERATE_INFOPLIST_FILE = YES;
				INFOPLIST_KEY_NSHumanReadableCopyright = "";
				INSTALL_PATH = "$(LOCAL_LIBRARY_DIR)/Frameworks";
				LD_RUNPATH_SEARCH_PATHS = (
					"$(inherited)",
					"@executable_path/Frameworks",
					"@loader_path/Frameworks",
				);
				MARKETING_VERSION = 1.0;
				MODULE_VERIFIER_SUPPORTED_LANGUAGES = "objective-c objective-c++";
				MODULE_VERIFIER_SUPPORTED_LANGUAGE_STANDARDS = "gnu11 gnu++20";
				PRODUCT_BUNDLE_IDENTIFIER = org.wordpress.Johannes;
				PRODUCT_NAME = "$(TARGET_NAME:c99extidentifier)";
				SKIP_INSTALL = YES;
				SWIFT_EMIT_LOC_STRINGS = YES;
				SWIFT_VERSION = 5.0;
				TARGETED_DEVICE_FAMILY = "1,2";
			};
			name = Release;
		};
		3F94044729E567E1009743BD /* Debug */ = {
			isa = XCBuildConfiguration;
			buildSettings = {
				ASSETCATALOG_COMPILER_APPICON_NAME = AppIcon;
				ASSETCATALOG_COMPILER_GLOBAL_ACCENT_COLOR_NAME = AccentColor;
				CODE_SIGN_STYLE = Automatic;
				CURRENT_PROJECT_VERSION = 1;
				GENERATE_INFOPLIST_FILE = YES;
				INFOPLIST_FILE = JohannesDemo/Info.plist;
				INFOPLIST_KEY_UIApplicationSupportsIndirectInputEvents = YES;
				INFOPLIST_KEY_UILaunchStoryboardName = LaunchScreen;
				INFOPLIST_KEY_UISupportedInterfaceOrientations_iPad = "UIInterfaceOrientationPortrait UIInterfaceOrientationPortraitUpsideDown UIInterfaceOrientationLandscapeLeft UIInterfaceOrientationLandscapeRight";
				INFOPLIST_KEY_UISupportedInterfaceOrientations_iPhone = "UIInterfaceOrientationPortrait UIInterfaceOrientationLandscapeLeft UIInterfaceOrientationLandscapeRight";
				LD_RUNPATH_SEARCH_PATHS = (
					"$(inherited)",
					"@executable_path/Frameworks",
				);
				MARKETING_VERSION = 1.0;
				PRODUCT_BUNDLE_IDENTIFIER = org.wordpress.JohannesDemo;
				PRODUCT_NAME = "$(TARGET_NAME)";
				SWIFT_EMIT_LOC_STRINGS = YES;
				SWIFT_VERSION = 5.0;
				TARGETED_DEVICE_FAMILY = "1,2";
			};
			name = Debug;
		};
		3F94044829E567E1009743BD /* Release */ = {
			isa = XCBuildConfiguration;
			buildSettings = {
				ASSETCATALOG_COMPILER_APPICON_NAME = AppIcon;
				ASSETCATALOG_COMPILER_GLOBAL_ACCENT_COLOR_NAME = AccentColor;
				CODE_SIGN_STYLE = Automatic;
				CURRENT_PROJECT_VERSION = 1;
				GENERATE_INFOPLIST_FILE = YES;
				INFOPLIST_FILE = JohannesDemo/Info.plist;
				INFOPLIST_KEY_UIApplicationSupportsIndirectInputEvents = YES;
				INFOPLIST_KEY_UILaunchStoryboardName = LaunchScreen;
				INFOPLIST_KEY_UISupportedInterfaceOrientations_iPad = "UIInterfaceOrientationPortrait UIInterfaceOrientationPortraitUpsideDown UIInterfaceOrientationLandscapeLeft UIInterfaceOrientationLandscapeRight";
				INFOPLIST_KEY_UISupportedInterfaceOrientations_iPhone = "UIInterfaceOrientationPortrait UIInterfaceOrientationLandscapeLeft UIInterfaceOrientationLandscapeRight";
				LD_RUNPATH_SEARCH_PATHS = (
					"$(inherited)",
					"@executable_path/Frameworks",
				);
				MARKETING_VERSION = 1.0;
				PRODUCT_BUNDLE_IDENTIFIER = org.wordpress.JohannesDemo;
				PRODUCT_NAME = "$(TARGET_NAME)";
				SWIFT_EMIT_LOC_STRINGS = YES;
				SWIFT_VERSION = 5.0;
				TARGETED_DEVICE_FAMILY = "1,2";
			};
			name = Release;
		};
/* End XCBuildConfiguration section */

/* Begin XCConfigurationList section */
		3F09589F29DED95C00E87848 /* Build configuration list for PBXProject "Johannes" */ = {
			isa = XCConfigurationList;
			buildConfigurations = (
				3F0958AA29DED95C00E87848 /* Debug */,
				3F0958AB29DED95C00E87848 /* Release */,
			);
			defaultConfigurationIsVisible = 0;
			defaultConfigurationName = Release;
		};
		3F0958AC29DED95C00E87848 /* Build configuration list for PBXNativeTarget "Johannes" */ = {
			isa = XCConfigurationList;
			buildConfigurations = (
				3F0958AD29DED95C00E87848 /* Debug */,
				3F0958AE29DED95C00E87848 /* Release */,
			);
			defaultConfigurationIsVisible = 0;
			defaultConfigurationName = Release;
		};
		3F94044629E567E1009743BD /* Build configuration list for PBXNativeTarget "JohannesDemo" */ = {
			isa = XCConfigurationList;
			buildConfigurations = (
				3F94044729E567E1009743BD /* Debug */,
				3F94044829E567E1009743BD /* Release */,
			);
			defaultConfigurationIsVisible = 0;
			defaultConfigurationName = Release;
		};
/* End XCConfigurationList section */
	};
	rootObject = 3F09589C29DED95C00E87848 /* Project object */;
}
