PODS:
  - boost (1.76.0)
  - BVLinearGradient (2.7.3):
    - React-Core
  - DoubleConversion (1.1.6)
  - FBLazyVector (0.71.15)
  - FBReactNativeSpec (0.71.15):
    - RCT-Folly (= 2021.07.22.00)
    - RCTRequired (= 0.71.15)
    - RCTTypeSafety (= 0.71.15)
    - React-Core (= 0.71.15)
    - React-jsi (= 0.71.15)
    - ReactCommon/turbomodule/core (= 0.71.15)
  - fmt (6.2.1)
  - glog (0.3.5)
  - hermes-engine (0.71.15):
    - hermes-engine/Pre-built (= 0.71.15)
  - hermes-engine/Pre-built (0.71.15)
  - libevent (2.1.12)
  - libwebp (1.3.2):
    - libwebp/demux (= 1.3.2)
    - libwebp/mux (= 1.3.2)
    - libwebp/sharpyuv (= 1.3.2)
    - libwebp/webp (= 1.3.2)
  - libwebp/demux (1.3.2):
    - libwebp/webp
  - libwebp/mux (1.3.2):
    - libwebp/demux
  - libwebp/sharpyuv (1.3.2)
  - libwebp/webp (1.3.2):
    - libwebp/sharpyuv
  - RCT-Folly (2021.07.22.00):
    - boost
    - DoubleConversion
    - fmt (~> 6.2.1)
    - glog
    - RCT-Folly/Default (= 2021.07.22.00)
  - RCT-Folly/Default (2021.07.22.00):
    - boost
    - DoubleConversion
    - fmt (~> 6.2.1)
    - glog
  - RCT-Folly/Futures (2021.07.22.00):
    - boost
    - DoubleConversion
    - fmt (~> 6.2.1)
    - glog
    - libevent
  - RCTRequired (0.71.15)
  - RCTTypeSafety (0.71.15):
    - FBLazyVector (= 0.71.15)
    - RCTRequired (= 0.71.15)
    - React-Core (= 0.71.15)
  - React (0.71.15):
    - React-Core (= 0.71.15)
    - React-Core/DevSupport (= 0.71.15)
    - React-Core/RCTWebSocket (= 0.71.15)
    - React-RCTActionSheet (= 0.71.15)
    - React-RCTAnimation (= 0.71.15)
    - React-RCTBlob (= 0.71.15)
    - React-RCTImage (= 0.71.15)
    - React-RCTLinking (= 0.71.15)
    - React-RCTNetwork (= 0.71.15)
    - React-RCTSettings (= 0.71.15)
    - React-RCTText (= 0.71.15)
    - React-RCTVibration (= 0.71.15)
  - React-callinvoker (0.71.15)
  - React-Codegen (0.71.15):
    - FBReactNativeSpec
    - hermes-engine
    - RCT-Folly
    - RCTRequired
    - RCTTypeSafety
    - React-Core
    - React-jsi
    - React-jsiexecutor
    - ReactCommon/turbomodule/bridging
    - ReactCommon/turbomodule/core
  - React-Core (0.71.15):
    - glog
    - hermes-engine
    - RCT-Folly (= 2021.07.22.00)
    - React-Core/Default (= 0.71.15)
    - React-cxxreact (= 0.71.15)
    - React-hermes
    - React-jsi (= 0.71.15)
    - React-jsiexecutor (= 0.71.15)
    - React-perflogger (= 0.71.15)
    - Yoga
  - React-Core/CoreModulesHeaders (0.71.15):
    - glog
    - hermes-engine
    - RCT-Folly (= 2021.07.22.00)
    - React-Core/Default
    - React-cxxreact (= 0.71.15)
    - React-hermes
    - React-jsi (= 0.71.15)
    - React-jsiexecutor (= 0.71.15)
    - React-perflogger (= 0.71.15)
    - Yoga
  - React-Core/Default (0.71.15):
    - glog
    - hermes-engine
    - RCT-Folly (= 2021.07.22.00)
    - React-cxxreact (= 0.71.15)
    - React-hermes
    - React-jsi (= 0.71.15)
    - React-jsiexecutor (= 0.71.15)
    - React-perflogger (= 0.71.15)
    - Yoga
  - React-Core/DevSupport (0.71.15):
    - glog
    - hermes-engine
    - RCT-Folly (= 2021.07.22.00)
    - React-Core/Default (= 0.71.15)
    - React-Core/RCTWebSocket (= 0.71.15)
    - React-cxxreact (= 0.71.15)
    - React-hermes
    - React-jsi (= 0.71.15)
    - React-jsiexecutor (= 0.71.15)
    - React-jsinspector (= 0.71.15)
    - React-perflogger (= 0.71.15)
    - Yoga
  - React-Core/RCTActionSheetHeaders (0.71.15):
    - glog
    - hermes-engine
    - RCT-Folly (= 2021.07.22.00)
    - React-Core/Default
    - React-cxxreact (= 0.71.15)
    - React-hermes
    - React-jsi (= 0.71.15)
    - React-jsiexecutor (= 0.71.15)
    - React-perflogger (= 0.71.15)
    - Yoga
  - React-Core/RCTAnimationHeaders (0.71.15):
    - glog
    - hermes-engine
    - RCT-Folly (= 2021.07.22.00)
    - React-Core/Default
    - React-cxxreact (= 0.71.15)
    - React-hermes
    - React-jsi (= 0.71.15)
    - React-jsiexecutor (= 0.71.15)
    - React-perflogger (= 0.71.15)
    - Yoga
  - React-Core/RCTBlobHeaders (0.71.15):
    - glog
    - hermes-engine
    - RCT-Folly (= 2021.07.22.00)
    - React-Core/Default
    - React-cxxreact (= 0.71.15)
    - React-hermes
    - React-jsi (= 0.71.15)
    - React-jsiexecutor (= 0.71.15)
    - React-perflogger (= 0.71.15)
    - Yoga
  - React-Core/RCTImageHeaders (0.71.15):
    - glog
    - hermes-engine
    - RCT-Folly (= 2021.07.22.00)
    - React-Core/Default
    - React-cxxreact (= 0.71.15)
    - React-hermes
    - React-jsi (= 0.71.15)
    - React-jsiexecutor (= 0.71.15)
    - React-perflogger (= 0.71.15)
    - Yoga
  - React-Core/RCTLinkingHeaders (0.71.15):
    - glog
    - hermes-engine
    - RCT-Folly (= 2021.07.22.00)
    - React-Core/Default
    - React-cxxreact (= 0.71.15)
    - React-hermes
    - React-jsi (= 0.71.15)
    - React-jsiexecutor (= 0.71.15)
    - React-perflogger (= 0.71.15)
    - Yoga
  - React-Core/RCTNetworkHeaders (0.71.15):
    - glog
    - hermes-engine
    - RCT-Folly (= 2021.07.22.00)
    - React-Core/Default
    - React-cxxreact (= 0.71.15)
    - React-hermes
    - React-jsi (= 0.71.15)
    - React-jsiexecutor (= 0.71.15)
    - React-perflogger (= 0.71.15)
    - Yoga
  - React-Core/RCTSettingsHeaders (0.71.15):
    - glog
    - hermes-engine
    - RCT-Folly (= 2021.07.22.00)
    - React-Core/Default
    - React-cxxreact (= 0.71.15)
    - React-hermes
    - React-jsi (= 0.71.15)
    - React-jsiexecutor (= 0.71.15)
    - React-perflogger (= 0.71.15)
    - Yoga
  - React-Core/RCTTextHeaders (0.71.15):
    - glog
    - hermes-engine
    - RCT-Folly (= 2021.07.22.00)
    - React-Core/Default
    - React-cxxreact (= 0.71.15)
    - React-hermes
    - React-jsi (= 0.71.15)
    - React-jsiexecutor (= 0.71.15)
    - React-perflogger (= 0.71.15)
    - Yoga
  - React-Core/RCTVibrationHeaders (0.71.15):
    - glog
    - hermes-engine
    - RCT-Folly (= 2021.07.22.00)
    - React-Core/Default
    - React-cxxreact (= 0.71.15)
    - React-hermes
    - React-jsi (= 0.71.15)
    - React-jsiexecutor (= 0.71.15)
    - React-perflogger (= 0.71.15)
    - Yoga
  - React-Core/RCTWebSocket (0.71.15):
    - glog
    - hermes-engine
    - RCT-Folly (= 2021.07.22.00)
    - React-Core/Default (= 0.71.15)
    - React-cxxreact (= 0.71.15)
    - React-hermes
    - React-jsi (= 0.71.15)
    - React-jsiexecutor (= 0.71.15)
    - React-perflogger (= 0.71.15)
    - Yoga
  - React-CoreModules (0.71.15):
    - RCT-Folly (= 2021.07.22.00)
    - RCTTypeSafety (= 0.71.15)
    - React-Codegen (= 0.71.15)
    - React-Core/CoreModulesHeaders (= 0.71.15)
    - React-jsi (= 0.71.15)
    - React-RCTBlob
    - React-RCTImage (= 0.71.15)
    - ReactCommon/turbomodule/core (= 0.71.15)
  - React-cxxreact (0.71.15):
    - boost (= 1.76.0)
    - DoubleConversion
    - glog
    - hermes-engine
    - RCT-Folly (= 2021.07.22.00)
    - React-callinvoker (= 0.71.15)
    - React-jsi (= 0.71.15)
    - React-jsinspector (= 0.71.15)
    - React-logger (= 0.71.15)
    - React-perflogger (= 0.71.15)
    - React-runtimeexecutor (= 0.71.15)
  - React-hermes (0.71.15):
    - DoubleConversion
    - glog
    - hermes-engine
    - RCT-Folly (= 2021.07.22.00)
    - RCT-Folly/Futures (= 2021.07.22.00)
    - React-cxxreact (= 0.71.15)
    - React-jsi
    - React-jsiexecutor (= 0.71.15)
    - React-jsinspector (= 0.71.15)
    - React-perflogger (= 0.71.15)
  - React-jsi (0.71.15):
    - boost (= 1.76.0)
    - DoubleConversion
    - glog
    - hermes-engine
    - RCT-Folly (= 2021.07.22.00)
  - React-jsiexecutor (0.71.15):
    - DoubleConversion
    - glog
    - hermes-engine
    - RCT-Folly (= 2021.07.22.00)
    - React-cxxreact (= 0.71.15)
    - React-jsi (= 0.71.15)
    - React-perflogger (= 0.71.15)
  - React-jsinspector (0.71.15)
  - React-logger (0.71.15):
    - glog
  - react-native-blur (3.6.1):
    - React-Core
  - react-native-get-random-values (1.4.0):
    - React-Core
  - react-native-safe-area (0.5.1):
    - React-Core
  - react-native-safe-area-context (4.6.3):
    - RCT-Folly
    - RCTRequired
    - RCTTypeSafety
    - React-Core
    - ReactCommon/turbomodule/core
  - react-native-slider (3.0.2-wp-4):
    - React-Core
  - react-native-video (5.2.0-wp-6):
    - React-Core
    - react-native-video/Video (= 5.2.0-wp-6)
  - react-native-video/Video (5.2.0-wp-6):
    - React-Core
  - react-native-webview (11.26.1):
    - React-Core
  - React-perflogger (0.71.15)
  - React-RCTActionSheet (0.71.15):
    - React-Core/RCTActionSheetHeaders (= 0.71.15)
  - React-RCTAnimation (0.71.15):
    - RCT-Folly (= 2021.07.22.00)
    - RCTTypeSafety (= 0.71.15)
    - React-Codegen (= 0.71.15)
    - React-Core/RCTAnimationHeaders (= 0.71.15)
    - React-jsi (= 0.71.15)
    - ReactCommon/turbomodule/core (= 0.71.15)
  - React-RCTAppDelegate (0.71.15):
    - RCT-Folly
    - RCTRequired
    - RCTTypeSafety
    - React-Core
    - ReactCommon/turbomodule/core
  - React-RCTBlob (0.71.15):
    - hermes-engine
    - RCT-Folly (= 2021.07.22.00)
    - React-Codegen (= 0.71.15)
    - React-Core/RCTBlobHeaders (= 0.71.15)
    - React-Core/RCTWebSocket (= 0.71.15)
    - React-jsi (= 0.71.15)
    - React-RCTNetwork (= 0.71.15)
    - ReactCommon/turbomodule/core (= 0.71.15)
  - React-RCTImage (0.71.15):
    - RCT-Folly (= 2021.07.22.00)
    - RCTTypeSafety (= 0.71.15)
    - React-Codegen (= 0.71.15)
    - React-Core/RCTImageHeaders (= 0.71.15)
    - React-jsi (= 0.71.15)
    - React-RCTNetwork (= 0.71.15)
    - ReactCommon/turbomodule/core (= 0.71.15)
  - React-RCTLinking (0.71.15):
    - React-Codegen (= 0.71.15)
    - React-Core/RCTLinkingHeaders (= 0.71.15)
    - React-jsi (= 0.71.15)
    - ReactCommon/turbomodule/core (= 0.71.15)
  - React-RCTNetwork (0.71.15):
    - RCT-Folly (= 2021.07.22.00)
    - RCTTypeSafety (= 0.71.15)
    - React-Codegen (= 0.71.15)
    - React-Core/RCTNetworkHeaders (= 0.71.15)
    - React-jsi (= 0.71.15)
    - ReactCommon/turbomodule/core (= 0.71.15)
  - React-RCTSettings (0.71.15):
    - RCT-Folly (= 2021.07.22.00)
    - RCTTypeSafety (= 0.71.15)
    - React-Codegen (= 0.71.15)
    - React-Core/RCTSettingsHeaders (= 0.71.15)
    - React-jsi (= 0.71.15)
    - ReactCommon/turbomodule/core (= 0.71.15)
  - React-RCTText (0.71.15):
    - React-Core/RCTTextHeaders (= 0.71.15)
  - React-RCTVibration (0.71.15):
    - RCT-Folly (= 2021.07.22.00)
    - React-Codegen (= 0.71.15)
    - React-Core/RCTVibrationHeaders (= 0.71.15)
    - React-jsi (= 0.71.15)
    - ReactCommon/turbomodule/core (= 0.71.15)
  - React-runtimeexecutor (0.71.15):
    - React-jsi (= 0.71.15)
  - ReactCommon/turbomodule/bridging (0.71.15):
    - DoubleConversion
    - glog
    - hermes-engine
    - RCT-Folly (= 2021.07.22.00)
    - React-callinvoker (= 0.71.15)
    - React-Core (= 0.71.15)
    - React-cxxreact (= 0.71.15)
    - React-jsi (= 0.71.15)
    - React-logger (= 0.71.15)
    - React-perflogger (= 0.71.15)
  - ReactCommon/turbomodule/core (0.71.15):
    - DoubleConversion
    - glog
    - hermes-engine
    - RCT-Folly (= 2021.07.22.00)
    - React-callinvoker (= 0.71.15)
    - React-Core (= 0.71.15)
    - React-cxxreact (= 0.71.15)
    - React-jsi (= 0.71.15)
    - React-logger (= 0.71.15)
    - React-perflogger (= 0.71.15)
  - RNCClipboard (1.11.2):
    - React-Core
  - RNCMaskedView (0.2.9):
    - React-Core
  - RNFastImage (8.5.11):
    - React-Core
    - SDWebImage (~> 5.11.1)
    - SDWebImageWebPCoder (~> 0.8.4)
  - RNGestureHandler (2.10.2):
    - React-Core
  - RNReanimated (2.17.0):
    - DoubleConversion
    - FBLazyVector
    - FBReactNativeSpec
    - glog
    - RCT-Folly
    - RCTRequired
    - RCTTypeSafety
    - React-callinvoker
    - React-Core
    - React-Core/DevSupport
    - React-Core/RCTWebSocket
    - React-CoreModules
    - React-cxxreact
    - React-jsi
    - React-jsiexecutor
    - React-jsinspector
    - React-RCTActionSheet
    - React-RCTAnimation
    - React-RCTBlob
    - React-RCTImage
    - React-RCTLinking
    - React-RCTNetwork
    - React-RCTSettings
    - React-RCTText
    - ReactCommon/turbomodule/core
    - Yoga
  - RNScreens (3.22.0):
    - React-Core
    - React-RCTImage
  - RNSVG (13.9.0):
    - React-Core
  - RNTAztecView (1.113.0):
    - React-Core
    - WordPress-Aztec-iOS (= 1.19.9)
  - SDWebImage (5.11.1):
    - SDWebImage/Core (= 5.11.1)
  - SDWebImage/Core (5.11.1)
  - SDWebImageWebPCoder (0.8.5):
    - libwebp (~> 1.0)
    - SDWebImage/Core (~> 5.10)
  - WordPress-Aztec-iOS (1.19.9)
  - Yoga (1.14.0)

DEPENDENCIES:
  - boost (from `../gutenberg/node_modules/react-native/third-party-podspecs/boost.podspec`)
  - BVLinearGradient (from `../third-party-podspecs/BVLinearGradient.podspec.json`)
  - DoubleConversion (from `../gutenberg/node_modules/react-native/third-party-podspecs/DoubleConversion.podspec`)
  - FBLazyVector (from `../gutenberg/node_modules/react-native/Libraries/FBLazyVector`)
  - FBReactNativeSpec (from `../gutenberg/node_modules/react-native/React/FBReactNativeSpec`)
  - glog (from `../gutenberg/node_modules/react-native/third-party-podspecs/glog.podspec`)
  - hermes-engine (from `../gutenberg/node_modules/react-native/sdks/hermes-engine/hermes-engine.podspec`)
  - libevent (~> 2.1.12)
  - RCT-Folly (from `../gutenberg/node_modules/react-native/third-party-podspecs/RCT-Folly.podspec`)
  - RCTRequired (from `../gutenberg/node_modules/react-native/Libraries/RCTRequired`)
  - RCTTypeSafety (from `../gutenberg/node_modules/react-native/Libraries/TypeSafety`)
  - React (from `../gutenberg/node_modules/react-native/`)
  - React-callinvoker (from `../gutenberg/node_modules/react-native/ReactCommon/callinvoker`)
  - React-Codegen (from `build/generated/ios`)
  - React-Core (from `../gutenberg/node_modules/react-native/`)
  - React-Core/RCTWebSocket (from `../gutenberg/node_modules/react-native/`)
  - React-CoreModules (from `../gutenberg/node_modules/react-native/React/CoreModules`)
  - React-cxxreact (from `../gutenberg/node_modules/react-native/ReactCommon/cxxreact`)
  - React-hermes (from `../gutenberg/node_modules/react-native/ReactCommon/hermes`)
  - React-jsi (from `../gutenberg/node_modules/react-native/ReactCommon/jsi`)
  - React-jsiexecutor (from `../gutenberg/node_modules/react-native/ReactCommon/jsiexecutor`)
  - React-jsinspector (from `../gutenberg/node_modules/react-native/ReactCommon/jsinspector`)
  - React-logger (from `../gutenberg/node_modules/react-native/ReactCommon/logger`)
  - react-native-blur (from `../third-party-podspecs/react-native-blur.podspec.json`)
  - react-native-get-random-values (from `../third-party-podspecs/react-native-get-random-values.podspec.json`)
  - react-native-safe-area (from `../third-party-podspecs/react-native-safe-area.podspec.json`)
  - react-native-safe-area-context (from `../third-party-podspecs/react-native-safe-area-context.podspec.json`)
  - react-native-slider (from `../third-party-podspecs/react-native-slider.podspec.json`)
  - react-native-video (from `../third-party-podspecs/react-native-video.podspec.json`)
  - react-native-webview (from `../third-party-podspecs/react-native-webview.podspec.json`)
  - React-perflogger (from `../gutenberg/node_modules/react-native/ReactCommon/reactperflogger`)
  - React-RCTActionSheet (from `../gutenberg/node_modules/react-native/Libraries/ActionSheetIOS`)
  - React-RCTAnimation (from `../gutenberg/node_modules/react-native/Libraries/NativeAnimation`)
  - React-RCTAppDelegate (from `../gutenberg/node_modules/react-native/Libraries/AppDelegate`)
  - React-RCTBlob (from `../gutenberg/node_modules/react-native/Libraries/Blob`)
  - React-RCTImage (from `../gutenberg/node_modules/react-native/Libraries/Image`)
  - React-RCTLinking (from `../gutenberg/node_modules/react-native/Libraries/LinkingIOS`)
  - React-RCTNetwork (from `../gutenberg/node_modules/react-native/Libraries/Network`)
  - React-RCTSettings (from `../gutenberg/node_modules/react-native/Libraries/Settings`)
  - React-RCTText (from `../gutenberg/node_modules/react-native/Libraries/Text`)
  - React-RCTVibration (from `../gutenberg/node_modules/react-native/Libraries/Vibration`)
  - React-runtimeexecutor (from `../gutenberg/node_modules/react-native/ReactCommon/runtimeexecutor`)
  - ReactCommon/turbomodule/core (from `../gutenberg/node_modules/react-native/ReactCommon`)
  - RNCClipboard (from `../third-party-podspecs/RNCClipboard.podspec.json`)
  - RNCMaskedView (from `../third-party-podspecs/RNCMaskedView.podspec.json`)
  - RNFastImage (from `../third-party-podspecs/RNFastImage.podspec.json`)
  - RNGestureHandler (from `../third-party-podspecs/RNGestureHandler.podspec.json`)
  - RNReanimated (from `https://github.com/wordpress-mobile/react-native-reanimated`, branch `wp-fork-2.17.0`)
  - RNScreens (from `../third-party-podspecs/RNScreens.podspec.json`)
  - RNSVG (from `../third-party-podspecs/RNSVG.podspec.json`)
  - RNTAztecView (from `../gutenberg/packages/react-native-aztec`)
  - Yoga (from `../gutenberg/node_modules/react-native/ReactCommon/yoga`)

SPEC REPOS:
  trunk:
    - fmt
    - libevent
    - libwebp
    - SDWebImage
    - SDWebImageWebPCoder
    - WordPress-Aztec-iOS

EXTERNAL SOURCES:
  boost:
    :podspec: "../gutenberg/node_modules/react-native/third-party-podspecs/boost.podspec"
  BVLinearGradient:
    :podspec: "../third-party-podspecs/BVLinearGradient.podspec.json"
  DoubleConversion:
    :podspec: "../gutenberg/node_modules/react-native/third-party-podspecs/DoubleConversion.podspec"
  FBLazyVector:
    :path: "../gutenberg/node_modules/react-native/Libraries/FBLazyVector"
  FBReactNativeSpec:
    :path: "../gutenberg/node_modules/react-native/React/FBReactNativeSpec"
  glog:
    :podspec: "../gutenberg/node_modules/react-native/third-party-podspecs/glog.podspec"
  hermes-engine:
    :podspec: "../gutenberg/node_modules/react-native/sdks/hermes-engine/hermes-engine.podspec"
  RCT-Folly:
    :podspec: "../gutenberg/node_modules/react-native/third-party-podspecs/RCT-Folly.podspec"
  RCTRequired:
    :path: "../gutenberg/node_modules/react-native/Libraries/RCTRequired"
  RCTTypeSafety:
    :path: "../gutenberg/node_modules/react-native/Libraries/TypeSafety"
  React:
    :path: "../gutenberg/node_modules/react-native/"
  React-callinvoker:
    :path: "../gutenberg/node_modules/react-native/ReactCommon/callinvoker"
  React-Codegen:
    :path: build/generated/ios
  React-Core:
    :path: "../gutenberg/node_modules/react-native/"
  React-CoreModules:
    :path: "../gutenberg/node_modules/react-native/React/CoreModules"
  React-cxxreact:
    :path: "../gutenberg/node_modules/react-native/ReactCommon/cxxreact"
  React-hermes:
    :path: "../gutenberg/node_modules/react-native/ReactCommon/hermes"
  React-jsi:
    :path: "../gutenberg/node_modules/react-native/ReactCommon/jsi"
  React-jsiexecutor:
    :path: "../gutenberg/node_modules/react-native/ReactCommon/jsiexecutor"
  React-jsinspector:
    :path: "../gutenberg/node_modules/react-native/ReactCommon/jsinspector"
  React-logger:
    :path: "../gutenberg/node_modules/react-native/ReactCommon/logger"
  react-native-blur:
    :podspec: "../third-party-podspecs/react-native-blur.podspec.json"
  react-native-get-random-values:
    :podspec: "../third-party-podspecs/react-native-get-random-values.podspec.json"
  react-native-safe-area:
    :podspec: "../third-party-podspecs/react-native-safe-area.podspec.json"
  react-native-safe-area-context:
    :podspec: "../third-party-podspecs/react-native-safe-area-context.podspec.json"
  react-native-slider:
    :podspec: "../third-party-podspecs/react-native-slider.podspec.json"
  react-native-video:
    :podspec: "../third-party-podspecs/react-native-video.podspec.json"
  react-native-webview:
    :podspec: "../third-party-podspecs/react-native-webview.podspec.json"
  React-perflogger:
    :path: "../gutenberg/node_modules/react-native/ReactCommon/reactperflogger"
  React-RCTActionSheet:
    :path: "../gutenberg/node_modules/react-native/Libraries/ActionSheetIOS"
  React-RCTAnimation:
    :path: "../gutenberg/node_modules/react-native/Libraries/NativeAnimation"
  React-RCTAppDelegate:
    :path: "../gutenberg/node_modules/react-native/Libraries/AppDelegate"
  React-RCTBlob:
    :path: "../gutenberg/node_modules/react-native/Libraries/Blob"
  React-RCTImage:
    :path: "../gutenberg/node_modules/react-native/Libraries/Image"
  React-RCTLinking:
    :path: "../gutenberg/node_modules/react-native/Libraries/LinkingIOS"
  React-RCTNetwork:
    :path: "../gutenberg/node_modules/react-native/Libraries/Network"
  React-RCTSettings:
    :path: "../gutenberg/node_modules/react-native/Libraries/Settings"
  React-RCTText:
    :path: "../gutenberg/node_modules/react-native/Libraries/Text"
  React-RCTVibration:
    :path: "../gutenberg/node_modules/react-native/Libraries/Vibration"
  React-runtimeexecutor:
    :path: "../gutenberg/node_modules/react-native/ReactCommon/runtimeexecutor"
  ReactCommon:
    :path: "../gutenberg/node_modules/react-native/ReactCommon"
  RNCClipboard:
    :podspec: "../third-party-podspecs/RNCClipboard.podspec.json"
  RNCMaskedView:
    :podspec: "../third-party-podspecs/RNCMaskedView.podspec.json"
  RNFastImage:
    :podspec: "../third-party-podspecs/RNFastImage.podspec.json"
  RNGestureHandler:
    :podspec: "../third-party-podspecs/RNGestureHandler.podspec.json"
  RNReanimated:
    :branch: wp-fork-2.17.0
    :git: https://github.com/wordpress-mobile/react-native-reanimated
  RNScreens:
    :podspec: "../third-party-podspecs/RNScreens.podspec.json"
  RNSVG:
    :podspec: "../third-party-podspecs/RNSVG.podspec.json"
  RNTAztecView:
    :path: "../gutenberg/packages/react-native-aztec"
  Yoga:
    :path: "../gutenberg/node_modules/react-native/ReactCommon/yoga"

CHECKOUT OPTIONS:
  RNReanimated:
    :commit: 9172a88e9e8be931582b58b0b91c363122781713
    :git: https://github.com/wordpress-mobile/react-native-reanimated

SPEC CHECKSUMS:
  boost: 7dcd2de282d72e344012f7d6564d024930a6a440
  BVLinearGradient: 1f859bad5f9ead6a57ac43dc42bfc4c587192618
  DoubleConversion: 5189b271737e1565bdce30deb4a08d647e3f5f54
  FBLazyVector: d06bbe89e3a89ee90c4deab1c84bf306ffa5ed37
  FBReactNativeSpec: f4d210fbbae3494993fa38f4d5045de19ad172c7
  fmt: ff9d55029c625d3757ed641535fd4a75fedc7ce9
  glog: 04b94705f318337d7ead9e6d17c019bd9b1f6b1b
  hermes-engine: 04437e4291ede4af0c76c25e7efd0eacb8fd25e5
  libevent: 4049cae6c81cdb3654a443be001fb9bdceff7913
  libwebp: 1786c9f4ff8a279e4dac1e8f385004d5fc253009
  RCT-Folly: 424b8c9a7a0b9ab2886ffe9c3b041ef628fd4fb1
  RCTRequired: 4ce9da4fa2f8a134f62c70e4ab9d971b9d640f41
  RCTTypeSafety: decfec2884f0c523f799600d2b6105cdc15e13db
  React: ca22a0b3f199b6acac95416ef7eb96cc84a55103
  React-callinvoker: 366d4449bc2901e89da3f30c6d203c491d060350
  React-Codegen: f85e26699043bc9015552c21bbf0da24d9e8c6ad
  React-Core: 169395096d2c22872e22cd74e3694a4b041cce76
  React-CoreModules: 8c2a970d9fd778e6016b9297f2c2dddbe78b04ec
  React-cxxreact: e61b3e92887bb8fc241326b83d667953ff732923
  React-hermes: 476b93736605b457d1bc390336656c94460205b7
  React-jsi: 9fe8766963aa3aea90bbd477ea63255eb847d404
  React-jsiexecutor: e0cde8d57cee18097b3d2b1bf6404ad25dd8d33b
  React-jsinspector: 4ade58a6a355d97a53f847543b14f4cb5033cb70
  React-logger: 56699550750c013096a11dce3bc996e7dd583835
  react-native-blur: 14c75aa19da8734c1656d5b6ca5adb859b2c26aa
  react-native-get-random-values: 2869478c635a6e33080b917ce33f2803cb69262c
  react-native-safe-area: e3de9e959c7baaae8db9bcb015d99ed1da25c9d5
  react-native-safe-area-context: 7b65bd7ec67d637f53ae874eedb72111d6e0aecb
  react-native-slider: fe24b59d1cdf9ce3adc7dc53f87cfdde8da9498a
  react-native-video: acfe36130a7476cf82eb543c7ee2b9e96794ff9e
  react-native-webview: 07834cb4097a1c1785ac8ac13126fa03b24ae81c
  React-perflogger: 0cc42978a483a47f3696171dac2e7033936fc82d
  React-RCTActionSheet: ea922b476d24f6d40b8e02ac3228412bd3637468
  React-RCTAnimation: 7be2c148398eaa5beac950b2b5ec7102389ec3ad
  React-RCTAppDelegate: c7bf369749348d9358035c2dcebd9aa4f3f55031
  React-RCTBlob: c1e1e53b334f36b3311c3206036c99f4e5406cdf
  React-RCTImage: 4a2cd71dd8c1954cfab50e244b269d47bdcc76da
  React-RCTLinking: c8ff9fe7f5741afc05894c7da4a0d2bd1458f247
  React-RCTNetwork: 93c329744baa8c04057a5a29b790618e0c2a6a68
  React-RCTSettings: bcd09cd3ee26967bdfbc8af174404b8ffabfbc3c
  React-RCTText: c525eb78cfe9489f130fa69004ff081a5ae33e06
  React-RCTVibration: a97783e3645ddf852e34da2e015656e309f3a083
  React-runtimeexecutor: 8f2ddd9db7874ec7de84f5c55d73aeaaf82908e2
  ReactCommon: a32922c53c10b15a65726536f747837855a52901
  RNCClipboard: 6069fd5957cf3750fa03145f8a5d095ec96052fd
  RNCMaskedView: 94f0f1558fae47042743b31916d5fff39266644b
  RNFastImage: 9407b5abc43452149a2f628107c64a7d11aa2948
  RNGestureHandler: 40fd57eb7f1affcfbc6bd2039bb6946412de360b
  RNReanimated: 21e1e71d7f1ac9f2fa11df37c06a8ec52ed06232
  RNScreens: e3ffdd78ff5afe8ec82c2566ee2410857ed5ce75
  RNSVG: 29dd0ac32d83774d4b0953ae92a5cd8205a782d7
  RNTAztecView: e8a998a6928769cc4f9d903c5f6696bcd4265f58
  SDWebImage: a7f831e1a65eb5e285e3fb046a23fcfbf08e696d
  SDWebImageWebPCoder: 908b83b6adda48effe7667cd2b7f78c897e5111d
  WordPress-Aztec-iOS: fbebd569c61baa252b3f5058c0a2a9a6ada686bb
  Yoga: 68c9c592c3e80ec37ff28db20eedb13d84aae5df

PODFILE CHECKSUM: 3c30d8d721f680baf94c52d2abbced90f0ad105d

COCOAPODS: 1.13.0
