PODS:
  - boost (1.83.0)
  - BVLinearGradient (2.7.3):
    - React-Core
  - DoubleConversion (1.1.6)
  - FBLazyVector (0.73.3)
  - FBReactNativeSpec (0.73.3):
    - RCT-Folly (= 2022.05.16.00)
    - RCTRequired (= 0.73.3)
    - RCTTypeSafety (= 0.73.3)
    - React-Core (= 0.73.3)
    - React-jsi (= 0.73.3)
    - ReactCommon/turbomodule/core (= 0.73.3)
  - fmt (6.2.1)
  - glog (0.3.5)
  - hermes-engine (0.73.3):
    - hermes-engine/Pre-built (= 0.73.3)
  - hermes-engine/Pre-built (0.73.3)
  - libevent (2.1.12)
  - libwebp (1.3.2):
    - libwebp/demux (= 1.3.2)
    - libwebp/mux (= 1.3.2)
    - libwebp/sharpyuv (= 1.3.2)
    - libwebp/webp (= 1.3.2)
  - libwebp/demux (1.3.2):
    - libwebp/webp
  - libwebp/mux (1.3.2):
    - libwebp/demux
  - libwebp/sharpyuv (1.3.2)
  - libwebp/webp (1.3.2):
    - libwebp/sharpyuv
  - RCT-Folly (2022.05.16.00):
    - boost
    - DoubleConversion
    - fmt (~> 6.2.1)
    - glog
    - RCT-Folly/Default (= 2022.05.16.00)
  - RCT-Folly/Default (2022.05.16.00):
    - boost
    - DoubleConversion
    - fmt (~> 6.2.1)
    - glog
  - RCT-Folly/Fabric (2022.05.16.00):
    - boost
    - DoubleConversion
    - fmt (~> 6.2.1)
    - glog
  - RCT-Folly/Futures (2022.05.16.00):
    - boost
    - DoubleConversion
    - fmt (~> 6.2.1)
    - glog
    - libevent
  - RCTRequired (0.73.3)
  - RCTTypeSafety (0.73.3):
    - FBLazyVector (= 0.73.3)
    - RCTRequired (= 0.73.3)
    - React-Core (= 0.73.3)
  - React (0.73.3):
    - React-Core (= 0.73.3)
    - React-Core/DevSupport (= 0.73.3)
    - React-Core/RCTWebSocket (= 0.73.3)
    - React-RCTActionSheet (= 0.73.3)
    - React-RCTAnimation (= 0.73.3)
    - React-RCTBlob (= 0.73.3)
    - React-RCTImage (= 0.73.3)
    - React-RCTLinking (= 0.73.3)
    - React-RCTNetwork (= 0.73.3)
    - React-RCTSettings (= 0.73.3)
    - React-RCTText (= 0.73.3)
    - React-RCTVibration (= 0.73.3)
  - React-callinvoker (0.73.3)
  - React-Codegen (0.73.3):
    - DoubleConversion
    - FBReactNativeSpec
    - glog
    - hermes-engine
    - RCT-Folly
    - RCTRequired
    - RCTTypeSafety
    - React-Core
    - React-jsi
    - React-jsiexecutor
    - React-NativeModulesApple
    - React-rncore
    - ReactCommon/turbomodule/bridging
    - ReactCommon/turbomodule/core
  - React-Core (0.73.3):
    - glog
    - hermes-engine
    - RCT-Folly (= 2022.05.16.00)
    - React-Core/Default (= 0.73.3)
    - React-cxxreact
    - React-hermes
    - React-jsi
    - React-jsiexecutor
    - React-perflogger
    - React-runtimescheduler
    - React-utils
    - SocketRocket (= 0.6.1)
    - Yoga
  - React-Core/CoreModulesHeaders (0.73.3):
    - glog
    - hermes-engine
    - RCT-Folly (= 2022.05.16.00)
    - React-Core/Default
    - React-cxxreact
    - React-hermes
    - React-jsi
    - React-jsiexecutor
    - React-perflogger
    - React-runtimescheduler
    - React-utils
    - SocketRocket (= 0.6.1)
    - Yoga
  - React-Core/Default (0.73.3):
    - glog
    - hermes-engine
    - RCT-Folly (= 2022.05.16.00)
    - React-cxxreact
    - React-hermes
    - React-jsi
    - React-jsiexecutor
    - React-perflogger
    - React-runtimescheduler
    - React-utils
    - SocketRocket (= 0.6.1)
    - Yoga
  - React-Core/DevSupport (0.73.3):
    - glog
    - hermes-engine
    - RCT-Folly (= 2022.05.16.00)
    - React-Core/Default (= 0.73.3)
    - React-Core/RCTWebSocket (= 0.73.3)
    - React-cxxreact
    - React-hermes
    - React-jsi
    - React-jsiexecutor
    - React-jsinspector (= 0.73.3)
    - React-perflogger
    - React-runtimescheduler
    - React-utils
    - SocketRocket (= 0.6.1)
    - Yoga
  - React-Core/RCTActionSheetHeaders (0.73.3):
    - glog
    - hermes-engine
    - RCT-Folly (= 2022.05.16.00)
    - React-Core/Default
    - React-cxxreact
    - React-hermes
    - React-jsi
    - React-jsiexecutor
    - React-perflogger
    - React-runtimescheduler
    - React-utils
    - SocketRocket (= 0.6.1)
    - Yoga
  - React-Core/RCTAnimationHeaders (0.73.3):
    - glog
    - hermes-engine
    - RCT-Folly (= 2022.05.16.00)
    - React-Core/Default
    - React-cxxreact
    - React-hermes
    - React-jsi
    - React-jsiexecutor
    - React-perflogger
    - React-runtimescheduler
    - React-utils
    - SocketRocket (= 0.6.1)
    - Yoga
  - React-Core/RCTBlobHeaders (0.73.3):
    - glog
    - hermes-engine
    - RCT-Folly (= 2022.05.16.00)
    - React-Core/Default
    - React-cxxreact
    - React-hermes
    - React-jsi
    - React-jsiexecutor
    - React-perflogger
    - React-runtimescheduler
    - React-utils
    - SocketRocket (= 0.6.1)
    - Yoga
  - React-Core/RCTImageHeaders (0.73.3):
    - glog
    - hermes-engine
    - RCT-Folly (= 2022.05.16.00)
    - React-Core/Default
    - React-cxxreact
    - React-hermes
    - React-jsi
    - React-jsiexecutor
    - React-perflogger
    - React-runtimescheduler
    - React-utils
    - SocketRocket (= 0.6.1)
    - Yoga
  - React-Core/RCTLinkingHeaders (0.73.3):
    - glog
    - hermes-engine
    - RCT-Folly (= 2022.05.16.00)
    - React-Core/Default
    - React-cxxreact
    - React-hermes
    - React-jsi
    - React-jsiexecutor
    - React-perflogger
    - React-runtimescheduler
    - React-utils
    - SocketRocket (= 0.6.1)
    - Yoga
  - React-Core/RCTNetworkHeaders (0.73.3):
    - glog
    - hermes-engine
    - RCT-Folly (= 2022.05.16.00)
    - React-Core/Default
    - React-cxxreact
    - React-hermes
    - React-jsi
    - React-jsiexecutor
    - React-perflogger
    - React-runtimescheduler
    - React-utils
    - SocketRocket (= 0.6.1)
    - Yoga
  - React-Core/RCTSettingsHeaders (0.73.3):
    - glog
    - hermes-engine
    - RCT-Folly (= 2022.05.16.00)
    - React-Core/Default
    - React-cxxreact
    - React-hermes
    - React-jsi
    - React-jsiexecutor
    - React-perflogger
    - React-runtimescheduler
    - React-utils
    - SocketRocket (= 0.6.1)
    - Yoga
  - React-Core/RCTTextHeaders (0.73.3):
    - glog
    - hermes-engine
    - RCT-Folly (= 2022.05.16.00)
    - React-Core/Default
    - React-cxxreact
    - React-hermes
    - React-jsi
    - React-jsiexecutor
    - React-perflogger
    - React-runtimescheduler
    - React-utils
    - SocketRocket (= 0.6.1)
    - Yoga
  - React-Core/RCTVibrationHeaders (0.73.3):
    - glog
    - hermes-engine
    - RCT-Folly (= 2022.05.16.00)
    - React-Core/Default
    - React-cxxreact
    - React-hermes
    - React-jsi
    - React-jsiexecutor
    - React-perflogger
    - React-runtimescheduler
    - React-utils
    - SocketRocket (= 0.6.1)
    - Yoga
  - React-Core/RCTWebSocket (0.73.3):
    - glog
    - hermes-engine
    - RCT-Folly (= 2022.05.16.00)
    - React-Core/Default (= 0.73.3)
    - React-cxxreact
    - React-hermes
    - React-jsi
    - React-jsiexecutor
    - React-perflogger
    - React-runtimescheduler
    - React-utils
    - SocketRocket (= 0.6.1)
    - Yoga
  - React-CoreModules (0.73.3):
    - RCT-Folly (= 2022.05.16.00)
    - RCTTypeSafety (= 0.73.3)
    - React-Codegen
    - React-Core/CoreModulesHeaders (= 0.73.3)
    - React-jsi (= 0.73.3)
    - React-NativeModulesApple
    - React-RCTBlob
    - React-RCTImage (= 0.73.3)
    - ReactCommon
    - SocketRocket (= 0.6.1)
  - React-cxxreact (0.73.3):
    - boost (= 1.83.0)
    - DoubleConversion
    - fmt (~> 6.2.1)
    - glog
    - hermes-engine
    - RCT-Folly (= 2022.05.16.00)
    - React-callinvoker (= 0.73.3)
    - React-debug (= 0.73.3)
    - React-jsi (= 0.73.3)
    - React-jsinspector (= 0.73.3)
    - React-logger (= 0.73.3)
    - React-perflogger (= 0.73.3)
    - React-runtimeexecutor (= 0.73.3)
  - React-debug (0.73.3)
  - React-Fabric (0.73.3):
    - DoubleConversion
    - fmt (~> 6.2.1)
    - glog
    - hermes-engine
    - RCT-Folly/Fabric (= 2022.05.16.00)
    - RCTRequired
    - RCTTypeSafety
    - React-Core
    - React-cxxreact
    - React-debug
    - React-Fabric/animations (= 0.73.3)
    - React-Fabric/attributedstring (= 0.73.3)
    - React-Fabric/componentregistry (= 0.73.3)
    - React-Fabric/componentregistrynative (= 0.73.3)
    - React-Fabric/components (= 0.73.3)
    - React-Fabric/core (= 0.73.3)
    - React-Fabric/imagemanager (= 0.73.3)
    - React-Fabric/leakchecker (= 0.73.3)
    - React-Fabric/mounting (= 0.73.3)
    - React-Fabric/scheduler (= 0.73.3)
    - React-Fabric/telemetry (= 0.73.3)
    - React-Fabric/templateprocessor (= 0.73.3)
    - React-Fabric/textlayoutmanager (= 0.73.3)
    - React-Fabric/uimanager (= 0.73.3)
    - React-graphics
    - React-jsi
    - React-jsiexecutor
    - React-logger
    - React-rendererdebug
    - React-runtimescheduler
    - React-utils
    - ReactCommon/turbomodule/core
  - React-Fabric/animations (0.73.3):
    - DoubleConversion
    - fmt (~> 6.2.1)
    - glog
    - hermes-engine
    - RCT-Folly/Fabric (= 2022.05.16.00)
    - RCTRequired
    - RCTTypeSafety
    - React-Core
    - React-cxxreact
    - React-debug
    - React-graphics
    - React-jsi
    - React-jsiexecutor
    - React-logger
    - React-rendererdebug
    - React-runtimescheduler
    - React-utils
    - ReactCommon/turbomodule/core
  - React-Fabric/attributedstring (0.73.3):
    - DoubleConversion
    - fmt (~> 6.2.1)
    - glog
    - hermes-engine
    - RCT-Folly/Fabric (= 2022.05.16.00)
    - RCTRequired
    - RCTTypeSafety
    - React-Core
    - React-cxxreact
    - React-debug
    - React-graphics
    - React-jsi
    - React-jsiexecutor
    - React-logger
    - React-rendererdebug
    - React-runtimescheduler
    - React-utils
    - ReactCommon/turbomodule/core
  - React-Fabric/componentregistry (0.73.3):
    - DoubleConversion
    - fmt (~> 6.2.1)
    - glog
    - hermes-engine
    - RCT-Folly/Fabric (= 2022.05.16.00)
    - RCTRequired
    - RCTTypeSafety
    - React-Core
    - React-cxxreact
    - React-debug
    - React-graphics
    - React-jsi
    - React-jsiexecutor
    - React-logger
    - React-rendererdebug
    - React-runtimescheduler
    - React-utils
    - ReactCommon/turbomodule/core
  - React-Fabric/componentregistrynative (0.73.3):
    - DoubleConversion
    - fmt (~> 6.2.1)
    - glog
    - hermes-engine
    - RCT-Folly/Fabric (= 2022.05.16.00)
    - RCTRequired
    - RCTTypeSafety
    - React-Core
    - React-cxxreact
    - React-debug
    - React-graphics
    - React-jsi
    - React-jsiexecutor
    - React-logger
    - React-rendererdebug
    - React-runtimescheduler
    - React-utils
    - ReactCommon/turbomodule/core
  - React-Fabric/components (0.73.3):
    - DoubleConversion
    - fmt (~> 6.2.1)
    - glog
    - hermes-engine
    - RCT-Folly/Fabric (= 2022.05.16.00)
    - RCTRequired
    - RCTTypeSafety
    - React-Core
    - React-cxxreact
    - React-debug
    - React-Fabric/components/inputaccessory (= 0.73.3)
    - React-Fabric/components/legacyviewmanagerinterop (= 0.73.3)
    - React-Fabric/components/modal (= 0.73.3)
    - React-Fabric/components/rncore (= 0.73.3)
    - React-Fabric/components/root (= 0.73.3)
    - React-Fabric/components/safeareaview (= 0.73.3)
    - React-Fabric/components/scrollview (= 0.73.3)
    - React-Fabric/components/text (= 0.73.3)
    - React-Fabric/components/textinput (= 0.73.3)
    - React-Fabric/components/unimplementedview (= 0.73.3)
    - React-Fabric/components/view (= 0.73.3)
    - React-graphics
    - React-jsi
    - React-jsiexecutor
    - React-logger
    - React-rendererdebug
    - React-runtimescheduler
    - React-utils
    - ReactCommon/turbomodule/core
  - React-Fabric/components/inputaccessory (0.73.3):
    - DoubleConversion
    - fmt (~> 6.2.1)
    - glog
    - hermes-engine
    - RCT-Folly/Fabric (= 2022.05.16.00)
    - RCTRequired
    - RCTTypeSafety
    - React-Core
    - React-cxxreact
    - React-debug
    - React-graphics
    - React-jsi
    - React-jsiexecutor
    - React-logger
    - React-rendererdebug
    - React-runtimescheduler
    - React-utils
    - ReactCommon/turbomodule/core
  - React-Fabric/components/legacyviewmanagerinterop (0.73.3):
    - DoubleConversion
    - fmt (~> 6.2.1)
    - glog
    - hermes-engine
    - RCT-Folly/Fabric (= 2022.05.16.00)
    - RCTRequired
    - RCTTypeSafety
    - React-Core
    - React-cxxreact
    - React-debug
    - React-graphics
    - React-jsi
    - React-jsiexecutor
    - React-logger
    - React-rendererdebug
    - React-runtimescheduler
    - React-utils
    - ReactCommon/turbomodule/core
  - React-Fabric/components/modal (0.73.3):
    - DoubleConversion
    - fmt (~> 6.2.1)
    - glog
    - hermes-engine
    - RCT-Folly/Fabric (= 2022.05.16.00)
    - RCTRequired
    - RCTTypeSafety
    - React-Core
    - React-cxxreact
    - React-debug
    - React-graphics
    - React-jsi
    - React-jsiexecutor
    - React-logger
    - React-rendererdebug
    - React-runtimescheduler
    - React-utils
    - ReactCommon/turbomodule/core
  - React-Fabric/components/rncore (0.73.3):
    - DoubleConversion
    - fmt (~> 6.2.1)
    - glog
    - hermes-engine
    - RCT-Folly/Fabric (= 2022.05.16.00)
    - RCTRequired
    - RCTTypeSafety
    - React-Core
    - React-cxxreact
    - React-debug
    - React-graphics
    - React-jsi
    - React-jsiexecutor
    - React-logger
    - React-rendererdebug
    - React-runtimescheduler
    - React-utils
    - ReactCommon/turbomodule/core
  - React-Fabric/components/root (0.73.3):
    - DoubleConversion
    - fmt (~> 6.2.1)
    - glog
    - hermes-engine
    - RCT-Folly/Fabric (= 2022.05.16.00)
    - RCTRequired
    - RCTTypeSafety
    - React-Core
    - React-cxxreact
    - React-debug
    - React-graphics
    - React-jsi
    - React-jsiexecutor
    - React-logger
    - React-rendererdebug
    - React-runtimescheduler
    - React-utils
    - ReactCommon/turbomodule/core
  - React-Fabric/components/safeareaview (0.73.3):
    - DoubleConversion
    - fmt (~> 6.2.1)
    - glog
    - hermes-engine
    - RCT-Folly/Fabric (= 2022.05.16.00)
    - RCTRequired
    - RCTTypeSafety
    - React-Core
    - React-cxxreact
    - React-debug
    - React-graphics
    - React-jsi
    - React-jsiexecutor
    - React-logger
    - React-rendererdebug
    - React-runtimescheduler
    - React-utils
    - ReactCommon/turbomodule/core
  - React-Fabric/components/scrollview (0.73.3):
    - DoubleConversion
    - fmt (~> 6.2.1)
    - glog
    - hermes-engine
    - RCT-Folly/Fabric (= 2022.05.16.00)
    - RCTRequired
    - RCTTypeSafety
    - React-Core
    - React-cxxreact
    - React-debug
    - React-graphics
    - React-jsi
    - React-jsiexecutor
    - React-logger
    - React-rendererdebug
    - React-runtimescheduler
    - React-utils
    - ReactCommon/turbomodule/core
  - React-Fabric/components/text (0.73.3):
    - DoubleConversion
    - fmt (~> 6.2.1)
    - glog
    - hermes-engine
    - RCT-Folly/Fabric (= 2022.05.16.00)
    - RCTRequired
    - RCTTypeSafety
    - React-Core
    - React-cxxreact
    - React-debug
    - React-graphics
    - React-jsi
    - React-jsiexecutor
    - React-logger
    - React-rendererdebug
    - React-runtimescheduler
    - React-utils
    - ReactCommon/turbomodule/core
  - React-Fabric/components/textinput (0.73.3):
    - DoubleConversion
    - fmt (~> 6.2.1)
    - glog
    - hermes-engine
    - RCT-Folly/Fabric (= 2022.05.16.00)
    - RCTRequired
    - RCTTypeSafety
    - React-Core
    - React-cxxreact
    - React-debug
    - React-graphics
    - React-jsi
    - React-jsiexecutor
    - React-logger
    - React-rendererdebug
    - React-runtimescheduler
    - React-utils
    - ReactCommon/turbomodule/core
  - React-Fabric/components/unimplementedview (0.73.3):
    - DoubleConversion
    - fmt (~> 6.2.1)
    - glog
    - hermes-engine
    - RCT-Folly/Fabric (= 2022.05.16.00)
    - RCTRequired
    - RCTTypeSafety
    - React-Core
    - React-cxxreact
    - React-debug
    - React-graphics
    - React-jsi
    - React-jsiexecutor
    - React-logger
    - React-rendererdebug
    - React-runtimescheduler
    - React-utils
    - ReactCommon/turbomodule/core
  - React-Fabric/components/view (0.73.3):
    - DoubleConversion
    - fmt (~> 6.2.1)
    - glog
    - hermes-engine
    - RCT-Folly/Fabric (= 2022.05.16.00)
    - RCTRequired
    - RCTTypeSafety
    - React-Core
    - React-cxxreact
    - React-debug
    - React-graphics
    - React-jsi
    - React-jsiexecutor
    - React-logger
    - React-rendererdebug
    - React-runtimescheduler
    - React-utils
    - ReactCommon/turbomodule/core
    - Yoga
  - React-Fabric/core (0.73.3):
    - DoubleConversion
    - fmt (~> 6.2.1)
    - glog
    - hermes-engine
    - RCT-Folly/Fabric (= 2022.05.16.00)
    - RCTRequired
    - RCTTypeSafety
    - React-Core
    - React-cxxreact
    - React-debug
    - React-graphics
    - React-jsi
    - React-jsiexecutor
    - React-logger
    - React-rendererdebug
    - React-runtimescheduler
    - React-utils
    - ReactCommon/turbomodule/core
  - React-Fabric/imagemanager (0.73.3):
    - DoubleConversion
    - fmt (~> 6.2.1)
    - glog
    - hermes-engine
    - RCT-Folly/Fabric (= 2022.05.16.00)
    - RCTRequired
    - RCTTypeSafety
    - React-Core
    - React-cxxreact
    - React-debug
    - React-graphics
    - React-jsi
    - React-jsiexecutor
    - React-logger
    - React-rendererdebug
    - React-runtimescheduler
    - React-utils
    - ReactCommon/turbomodule/core
  - React-Fabric/leakchecker (0.73.3):
    - DoubleConversion
    - fmt (~> 6.2.1)
    - glog
    - hermes-engine
    - RCT-Folly/Fabric (= 2022.05.16.00)
    - RCTRequired
    - RCTTypeSafety
    - React-Core
    - React-cxxreact
    - React-debug
    - React-graphics
    - React-jsi
    - React-jsiexecutor
    - React-logger
    - React-rendererdebug
    - React-runtimescheduler
    - React-utils
    - ReactCommon/turbomodule/core
  - React-Fabric/mounting (0.73.3):
    - DoubleConversion
    - fmt (~> 6.2.1)
    - glog
    - hermes-engine
    - RCT-Folly/Fabric (= 2022.05.16.00)
    - RCTRequired
    - RCTTypeSafety
    - React-Core
    - React-cxxreact
    - React-debug
    - React-graphics
    - React-jsi
    - React-jsiexecutor
    - React-logger
    - React-rendererdebug
    - React-runtimescheduler
    - React-utils
    - ReactCommon/turbomodule/core
  - React-Fabric/scheduler (0.73.3):
    - DoubleConversion
    - fmt (~> 6.2.1)
    - glog
    - hermes-engine
    - RCT-Folly/Fabric (= 2022.05.16.00)
    - RCTRequired
    - RCTTypeSafety
    - React-Core
    - React-cxxreact
    - React-debug
    - React-graphics
    - React-jsi
    - React-jsiexecutor
    - React-logger
    - React-rendererdebug
    - React-runtimescheduler
    - React-utils
    - ReactCommon/turbomodule/core
  - React-Fabric/telemetry (0.73.3):
    - DoubleConversion
    - fmt (~> 6.2.1)
    - glog
    - hermes-engine
    - RCT-Folly/Fabric (= 2022.05.16.00)
    - RCTRequired
    - RCTTypeSafety
    - React-Core
    - React-cxxreact
    - React-debug
    - React-graphics
    - React-jsi
    - React-jsiexecutor
    - React-logger
    - React-rendererdebug
    - React-runtimescheduler
    - React-utils
    - ReactCommon/turbomodule/core
  - React-Fabric/templateprocessor (0.73.3):
    - DoubleConversion
    - fmt (~> 6.2.1)
    - glog
    - hermes-engine
    - RCT-Folly/Fabric (= 2022.05.16.00)
    - RCTRequired
    - RCTTypeSafety
    - React-Core
    - React-cxxreact
    - React-debug
    - React-graphics
    - React-jsi
    - React-jsiexecutor
    - React-logger
    - React-rendererdebug
    - React-runtimescheduler
    - React-utils
    - ReactCommon/turbomodule/core
  - React-Fabric/textlayoutmanager (0.73.3):
    - DoubleConversion
    - fmt (~> 6.2.1)
    - glog
    - hermes-engine
    - RCT-Folly/Fabric (= 2022.05.16.00)
    - RCTRequired
    - RCTTypeSafety
    - React-Core
    - React-cxxreact
    - React-debug
    - React-Fabric/uimanager
    - React-graphics
    - React-jsi
    - React-jsiexecutor
    - React-logger
    - React-rendererdebug
    - React-runtimescheduler
    - React-utils
    - ReactCommon/turbomodule/core
  - React-Fabric/uimanager (0.73.3):
    - DoubleConversion
    - fmt (~> 6.2.1)
    - glog
    - hermes-engine
    - RCT-Folly/Fabric (= 2022.05.16.00)
    - RCTRequired
    - RCTTypeSafety
    - React-Core
    - React-cxxreact
    - React-debug
    - React-graphics
    - React-jsi
    - React-jsiexecutor
    - React-logger
    - React-rendererdebug
    - React-runtimescheduler
    - React-utils
    - ReactCommon/turbomodule/core
  - React-FabricImage (0.73.3):
    - DoubleConversion
    - fmt (~> 6.2.1)
    - glog
    - hermes-engine
    - RCT-Folly/Fabric (= 2022.05.16.00)
    - RCTRequired (= 0.73.3)
    - RCTTypeSafety (= 0.73.3)
    - React-Fabric
    - React-graphics
    - React-ImageManager
    - React-jsi
    - React-jsiexecutor (= 0.73.3)
    - React-logger
    - React-rendererdebug
    - React-utils
    - ReactCommon
    - Yoga
  - React-graphics (0.73.3):
    - glog
    - RCT-Folly/Fabric (= 2022.05.16.00)
    - React-Core/Default (= 0.73.3)
    - React-utils
  - React-hermes (0.73.3):
    - DoubleConversion
    - fmt (~> 6.2.1)
    - glog
    - hermes-engine
    - RCT-Folly (= 2022.05.16.00)
    - RCT-Folly/Futures (= 2022.05.16.00)
    - React-cxxreact (= 0.73.3)
    - React-jsi
    - React-jsiexecutor (= 0.73.3)
    - React-jsinspector (= 0.73.3)
    - React-perflogger (= 0.73.3)
  - React-ImageManager (0.73.3):
    - glog
    - RCT-Folly/Fabric
    - React-Core/Default
    - React-debug
    - React-Fabric
    - React-graphics
    - React-rendererdebug
    - React-utils
  - React-jserrorhandler (0.73.3):
    - RCT-Folly/Fabric (= 2022.05.16.00)
    - React-debug
    - React-jsi
    - React-Mapbuffer
  - React-jsi (0.73.3):
    - boost (= 1.83.0)
    - DoubleConversion
    - fmt (~> 6.2.1)
    - glog
    - hermes-engine
    - RCT-Folly (= 2022.05.16.00)
  - React-jsiexecutor (0.73.3):
    - DoubleConversion
    - fmt (~> 6.2.1)
    - glog
    - hermes-engine
    - RCT-Folly (= 2022.05.16.00)
    - React-cxxreact (= 0.73.3)
    - React-jsi (= 0.73.3)
    - React-perflogger (= 0.73.3)
  - React-jsinspector (0.73.3)
  - React-logger (0.73.3):
    - glog
  - React-Mapbuffer (0.73.3):
    - glog
    - React-debug
  - react-native-blur (3.6.1):
    - React-Core
  - react-native-get-random-values (1.4.0):
    - React-Core
  - react-native-safe-area (0.5.1):
    - React-Core
  - react-native-safe-area-context (4.8.2):
    - React-Core
  - react-native-slider (3.0.2-wp-4):
    - React-Core
  - react-native-video (5.2.0-wp-6):
    - React-Core
    - react-native-video/Video (= 5.2.0-wp-6)
  - react-native-video/Video (5.2.0-wp-6):
    - React-Core
  - react-native-webview (13.6.1):
    - React-Core
  - React-nativeconfig (0.73.3)
  - React-NativeModulesApple (0.73.3):
    - glog
    - hermes-engine
    - React-callinvoker
    - React-Core
    - React-cxxreact
    - React-jsi
    - React-runtimeexecutor
    - ReactCommon/turbomodule/bridging
    - ReactCommon/turbomodule/core
  - React-perflogger (0.73.3)
  - React-RCTActionSheet (0.73.3):
    - React-Core/RCTActionSheetHeaders (= 0.73.3)
  - React-RCTAnimation (0.73.3):
    - RCT-Folly (= 2022.05.16.00)
    - RCTTypeSafety
    - React-Codegen
    - React-Core/RCTAnimationHeaders
    - React-jsi
    - React-NativeModulesApple
    - ReactCommon
  - React-RCTAppDelegate (0.73.3):
    - RCT-Folly
    - RCTRequired
    - RCTTypeSafety
    - React-Core
    - React-CoreModules
    - React-hermes
    - React-nativeconfig
    - React-NativeModulesApple
    - React-RCTFabric
    - React-RCTImage
    - React-RCTNetwork
    - React-runtimescheduler
    - ReactCommon
  - React-RCTBlob (0.73.3):
    - hermes-engine
    - RCT-Folly (= 2022.05.16.00)
    - React-Codegen
    - React-Core/RCTBlobHeaders
    - React-Core/RCTWebSocket
    - React-jsi
    - React-NativeModulesApple
    - React-RCTNetwork
    - ReactCommon
  - React-RCTFabric (0.73.3):
    - glog
    - hermes-engine
    - RCT-Folly/Fabric (= 2022.05.16.00)
    - React-Core
    - React-debug
    - React-Fabric
    - React-FabricImage
    - React-graphics
    - React-ImageManager
    - React-jsi
    - React-nativeconfig
    - React-RCTImage
    - React-RCTText
    - React-rendererdebug
    - React-runtimescheduler
    - React-utils
    - Yoga
  - React-RCTImage (0.73.3):
    - RCT-Folly (= 2022.05.16.00)
    - RCTTypeSafety
    - React-Codegen
    - React-Core/RCTImageHeaders
    - React-jsi
    - React-NativeModulesApple
    - React-RCTNetwork
    - ReactCommon
  - React-RCTLinking (0.73.3):
    - React-Codegen
    - React-Core/RCTLinkingHeaders (= 0.73.3)
    - React-jsi (= 0.73.3)
    - React-NativeModulesApple
    - ReactCommon
    - ReactCommon/turbomodule/core (= 0.73.3)
  - React-RCTNetwork (0.73.3):
    - RCT-Folly (= 2022.05.16.00)
    - RCTTypeSafety
    - React-Codegen
    - React-Core/RCTNetworkHeaders
    - React-jsi
    - React-NativeModulesApple
    - ReactCommon
  - React-RCTSettings (0.73.3):
    - RCT-Folly (= 2022.05.16.00)
    - RCTTypeSafety
    - React-Codegen
    - React-Core/RCTSettingsHeaders
    - React-jsi
    - React-NativeModulesApple
    - ReactCommon
  - React-RCTText (0.73.3):
    - React-Core/RCTTextHeaders (= 0.73.3)
    - Yoga
  - React-RCTVibration (0.73.3):
    - RCT-Folly (= 2022.05.16.00)
    - React-Codegen
    - React-Core/RCTVibrationHeaders
    - React-jsi
    - React-NativeModulesApple
    - ReactCommon
  - React-rendererdebug (0.73.3):
    - DoubleConversion
    - fmt (~> 6.2.1)
    - RCT-Folly (= 2022.05.16.00)
    - React-debug
  - React-rncore (0.73.3)
  - React-runtimeexecutor (0.73.3):
    - React-jsi (= 0.73.3)
  - React-runtimescheduler (0.73.3):
    - glog
    - hermes-engine
    - RCT-Folly (= 2022.05.16.00)
    - React-callinvoker
    - React-cxxreact
    - React-debug
    - React-jsi
    - React-rendererdebug
    - React-runtimeexecutor
    - React-utils
  - React-utils (0.73.3):
    - glog
    - RCT-Folly (= 2022.05.16.00)
    - React-debug
  - ReactCommon (0.73.3):
    - React-logger (= 0.73.3)
    - ReactCommon/turbomodule (= 0.73.3)
  - ReactCommon/turbomodule (0.73.3):
    - DoubleConversion
    - fmt (~> 6.2.1)
    - glog
    - hermes-engine
    - RCT-Folly (= 2022.05.16.00)
    - React-callinvoker (= 0.73.3)
    - React-cxxreact (= 0.73.3)
    - React-jsi (= 0.73.3)
    - React-logger (= 0.73.3)
    - React-perflogger (= 0.73.3)
    - ReactCommon/turbomodule/bridging (= 0.73.3)
    - ReactCommon/turbomodule/core (= 0.73.3)
  - ReactCommon/turbomodule/bridging (0.73.3):
    - DoubleConversion
    - fmt (~> 6.2.1)
    - glog
    - hermes-engine
    - RCT-Folly (= 2022.05.16.00)
    - React-callinvoker (= 0.73.3)
    - React-cxxreact (= 0.73.3)
    - React-jsi (= 0.73.3)
    - React-logger (= 0.73.3)
    - React-perflogger (= 0.73.3)
  - ReactCommon/turbomodule/core (0.73.3):
    - DoubleConversion
    - fmt (~> 6.2.1)
    - glog
    - hermes-engine
    - RCT-Folly (= 2022.05.16.00)
    - React-callinvoker (= 0.73.3)
    - React-cxxreact (= 0.73.3)
    - React-jsi (= 0.73.3)
    - React-logger (= 0.73.3)
    - React-perflogger (= 0.73.3)
  - RNCClipboard (1.11.2):
    - React-Core
  - RNCMaskedView (0.3.0):
    - React-Core
  - RNFastImage (8.5.11):
    - React-Core
    - SDWebImage (~> 5.11.1)
    - SDWebImageWebPCoder (~> 0.8.4)
  - RNGestureHandler (2.14.1):
    - React-Core
  - RNReanimated (3.6.2):
    - glog
    - RCT-Folly (= 2022.05.16.00)
    - React-Core
    - ReactCommon/turbomodule/core
  - RNScreens (3.29.0):
    - React-Core
    - React-RCTImage
  - RNSVG (14.0.0):
    - React-Core
  - RNTAztecView (1.115.0):
    - React-Core
    - WordPress-Aztec-iOS (= 1.19.9)
  - SDWebImage (5.11.1):
    - SDWebImage/Core (= 5.11.1)
  - SDWebImage/Core (5.11.1)
  - SDWebImageWebPCoder (0.8.5):
    - libwebp (~> 1.0)
    - SDWebImage/Core (~> 5.10)
  - SocketRocket (0.6.1)
  - WordPress-Aztec-iOS (1.19.9)
  - Yoga (1.14.0)

DEPENDENCIES:
  - boost (from `../gutenberg/node_modules/react-native/third-party-podspecs/boost.podspec`)
  - BVLinearGradient (from `../third-party-podspecs/BVLinearGradient.podspec.json`)
  - DoubleConversion (from `../gutenberg/node_modules/react-native/third-party-podspecs/DoubleConversion.podspec`)
  - FBLazyVector (from `../gutenberg/node_modules/react-native/Libraries/FBLazyVector`)
  - FBReactNativeSpec (from `../gutenberg/node_modules/react-native/React/FBReactNativeSpec`)
  - glog (from `../gutenberg/node_modules/react-native/third-party-podspecs/glog.podspec`)
  - hermes-engine (from `../gutenberg/node_modules/react-native/sdks/hermes-engine/hermes-engine.podspec`)
  - libevent (~> 2.1.12)
  - RCT-Folly (from `../gutenberg/node_modules/react-native/third-party-podspecs/RCT-Folly.podspec`)
  - RCT-Folly/Fabric (from `../gutenberg/node_modules/react-native/third-party-podspecs/RCT-Folly.podspec`)
  - RCTRequired (from `../gutenberg/node_modules/react-native/Libraries/RCTRequired`)
  - RCTTypeSafety (from `../gutenberg/node_modules/react-native/Libraries/TypeSafety`)
  - React (from `../gutenberg/node_modules/react-native/`)
  - React-callinvoker (from `../gutenberg/node_modules/react-native/ReactCommon/callinvoker`)
  - React-Codegen (from `build/generated/ios`)
  - React-Core (from `../gutenberg/node_modules/react-native/`)
  - React-Core/RCTWebSocket (from `../gutenberg/node_modules/react-native/`)
  - React-CoreModules (from `../gutenberg/node_modules/react-native/React/CoreModules`)
  - React-cxxreact (from `../gutenberg/node_modules/react-native/ReactCommon/cxxreact`)
  - React-debug (from `../gutenberg/node_modules/react-native/ReactCommon/react/debug`)
  - React-Fabric (from `../gutenberg/node_modules/react-native/ReactCommon`)
  - React-FabricImage (from `../gutenberg/node_modules/react-native/ReactCommon`)
  - React-graphics (from `../gutenberg/node_modules/react-native/ReactCommon/react/renderer/graphics`)
  - React-hermes (from `../gutenberg/node_modules/react-native/ReactCommon/hermes`)
  - React-ImageManager (from `../gutenberg/node_modules/react-native/ReactCommon/react/renderer/imagemanager/platform/ios`)
  - React-jserrorhandler (from `../gutenberg/node_modules/react-native/ReactCommon/jserrorhandler`)
  - React-jsi (from `../gutenberg/node_modules/react-native/ReactCommon/jsi`)
  - React-jsiexecutor (from `../gutenberg/node_modules/react-native/ReactCommon/jsiexecutor`)
  - React-jsinspector (from `../gutenberg/node_modules/react-native/ReactCommon/jsinspector-modern`)
  - React-logger (from `../gutenberg/node_modules/react-native/ReactCommon/logger`)
  - React-Mapbuffer (from `../gutenberg/node_modules/react-native/ReactCommon`)
  - react-native-blur (from `../third-party-podspecs/react-native-blur.podspec.json`)
  - react-native-get-random-values (from `../third-party-podspecs/react-native-get-random-values.podspec.json`)
  - react-native-safe-area (from `../third-party-podspecs/react-native-safe-area.podspec.json`)
  - react-native-safe-area-context (from `../third-party-podspecs/react-native-safe-area-context.podspec.json`)
  - react-native-slider (from `../third-party-podspecs/react-native-slider.podspec.json`)
  - react-native-video (from `../third-party-podspecs/react-native-video.podspec.json`)
  - react-native-webview (from `../third-party-podspecs/react-native-webview.podspec.json`)
  - React-nativeconfig (from `../gutenberg/node_modules/react-native/ReactCommon`)
  - React-NativeModulesApple (from `../gutenberg/node_modules/react-native/ReactCommon/react/nativemodule/core/platform/ios`)
  - React-perflogger (from `../gutenberg/node_modules/react-native/ReactCommon/reactperflogger`)
  - React-RCTActionSheet (from `../gutenberg/node_modules/react-native/Libraries/ActionSheetIOS`)
  - React-RCTAnimation (from `../gutenberg/node_modules/react-native/Libraries/NativeAnimation`)
  - React-RCTAppDelegate (from `../gutenberg/node_modules/react-native/Libraries/AppDelegate`)
  - React-RCTBlob (from `../gutenberg/node_modules/react-native/Libraries/Blob`)
  - React-RCTFabric (from `../gutenberg/node_modules/react-native/React`)
  - React-RCTImage (from `../gutenberg/node_modules/react-native/Libraries/Image`)
  - React-RCTLinking (from `../gutenberg/node_modules/react-native/Libraries/LinkingIOS`)
  - React-RCTNetwork (from `../gutenberg/node_modules/react-native/Libraries/Network`)
  - React-RCTSettings (from `../gutenberg/node_modules/react-native/Libraries/Settings`)
  - React-RCTText (from `../gutenberg/node_modules/react-native/Libraries/Text`)
  - React-RCTVibration (from `../gutenberg/node_modules/react-native/Libraries/Vibration`)
  - React-rendererdebug (from `../gutenberg/node_modules/react-native/ReactCommon/react/renderer/debug`)
  - React-rncore (from `../gutenberg/node_modules/react-native/ReactCommon`)
  - React-runtimeexecutor (from `../gutenberg/node_modules/react-native/ReactCommon/runtimeexecutor`)
  - React-runtimescheduler (from `../gutenberg/node_modules/react-native/ReactCommon/react/renderer/runtimescheduler`)
  - React-utils (from `../gutenberg/node_modules/react-native/ReactCommon/react/utils`)
  - ReactCommon/turbomodule/core (from `../gutenberg/node_modules/react-native/ReactCommon`)
  - RNCClipboard (from `../third-party-podspecs/RNCClipboard.podspec.json`)
  - RNCMaskedView (from `../third-party-podspecs/RNCMaskedView.podspec.json`)
  - RNFastImage (from `../third-party-podspecs/RNFastImage.podspec.json`)
  - RNGestureHandler (from `../third-party-podspecs/RNGestureHandler.podspec.json`)
  - RNReanimated (from `https://github.com/wordpress-mobile/react-native-reanimated`, branch `wp-fork-3.6.2`)
  - RNScreens (from `../third-party-podspecs/RNScreens.podspec.json`)
  - RNSVG (from `../third-party-podspecs/RNSVG.podspec.json`)
  - RNTAztecView (from `../gutenberg/packages/react-native-aztec`)
  - WordPress-Aztec-iOS (from `https://github.com/wordpress-mobile/WordPress-Aztec-iOS.git`, commit `a41d881f6a831fecef9e6400e69a64aafe80d9ac`)
  - Yoga (from `../gutenberg/node_modules/react-native/ReactCommon/yoga`)

SPEC REPOS:
  trunk:
    - fmt
    - libevent
    - libwebp
    - SDWebImage
    - SDWebImageWebPCoder
    - SocketRocket

EXTERNAL SOURCES:
  boost:
    :podspec: "../gutenberg/node_modules/react-native/third-party-podspecs/boost.podspec"
  BVLinearGradient:
    :podspec: "../third-party-podspecs/BVLinearGradient.podspec.json"
  DoubleConversion:
    :podspec: "../gutenberg/node_modules/react-native/third-party-podspecs/DoubleConversion.podspec"
  FBLazyVector:
    :path: "../gutenberg/node_modules/react-native/Libraries/FBLazyVector"
  FBReactNativeSpec:
    :path: "../gutenberg/node_modules/react-native/React/FBReactNativeSpec"
  glog:
    :podspec: "../gutenberg/node_modules/react-native/third-party-podspecs/glog.podspec"
  hermes-engine:
    :podspec: "../gutenberg/node_modules/react-native/sdks/hermes-engine/hermes-engine.podspec"
    :tag: hermes-2023-11-17-RNv0.73.0-21043a3fc062be445e56a2c10ecd8be028dd9cc5
  RCT-Folly:
    :podspec: "../gutenberg/node_modules/react-native/third-party-podspecs/RCT-Folly.podspec"
  RCTRequired:
    :path: "../gutenberg/node_modules/react-native/Libraries/RCTRequired"
  RCTTypeSafety:
    :path: "../gutenberg/node_modules/react-native/Libraries/TypeSafety"
  React:
    :path: "../gutenberg/node_modules/react-native/"
  React-callinvoker:
    :path: "../gutenberg/node_modules/react-native/ReactCommon/callinvoker"
  React-Codegen:
    :path: build/generated/ios
  React-Core:
    :path: "../gutenberg/node_modules/react-native/"
  React-CoreModules:
    :path: "../gutenberg/node_modules/react-native/React/CoreModules"
  React-cxxreact:
    :path: "../gutenberg/node_modules/react-native/ReactCommon/cxxreact"
  React-debug:
    :path: "../gutenberg/node_modules/react-native/ReactCommon/react/debug"
  React-Fabric:
    :path: "../gutenberg/node_modules/react-native/ReactCommon"
  React-FabricImage:
    :path: "../gutenberg/node_modules/react-native/ReactCommon"
  React-graphics:
    :path: "../gutenberg/node_modules/react-native/ReactCommon/react/renderer/graphics"
  React-hermes:
    :path: "../gutenberg/node_modules/react-native/ReactCommon/hermes"
  React-ImageManager:
    :path: "../gutenberg/node_modules/react-native/ReactCommon/react/renderer/imagemanager/platform/ios"
  React-jserrorhandler:
    :path: "../gutenberg/node_modules/react-native/ReactCommon/jserrorhandler"
  React-jsi:
    :path: "../gutenberg/node_modules/react-native/ReactCommon/jsi"
  React-jsiexecutor:
    :path: "../gutenberg/node_modules/react-native/ReactCommon/jsiexecutor"
  React-jsinspector:
    :path: "../gutenberg/node_modules/react-native/ReactCommon/jsinspector-modern"
  React-logger:
    :path: "../gutenberg/node_modules/react-native/ReactCommon/logger"
  React-Mapbuffer:
    :path: "../gutenberg/node_modules/react-native/ReactCommon"
  react-native-blur:
    :podspec: "../third-party-podspecs/react-native-blur.podspec.json"
  react-native-get-random-values:
    :podspec: "../third-party-podspecs/react-native-get-random-values.podspec.json"
  react-native-safe-area:
    :podspec: "../third-party-podspecs/react-native-safe-area.podspec.json"
  react-native-safe-area-context:
    :podspec: "../third-party-podspecs/react-native-safe-area-context.podspec.json"
  react-native-slider:
    :podspec: "../third-party-podspecs/react-native-slider.podspec.json"
  react-native-video:
    :podspec: "../third-party-podspecs/react-native-video.podspec.json"
  react-native-webview:
    :podspec: "../third-party-podspecs/react-native-webview.podspec.json"
  React-nativeconfig:
    :path: "../gutenberg/node_modules/react-native/ReactCommon"
  React-NativeModulesApple:
    :path: "../gutenberg/node_modules/react-native/ReactCommon/react/nativemodule/core/platform/ios"
  React-perflogger:
    :path: "../gutenberg/node_modules/react-native/ReactCommon/reactperflogger"
  React-RCTActionSheet:
    :path: "../gutenberg/node_modules/react-native/Libraries/ActionSheetIOS"
  React-RCTAnimation:
    :path: "../gutenberg/node_modules/react-native/Libraries/NativeAnimation"
  React-RCTAppDelegate:
    :path: "../gutenberg/node_modules/react-native/Libraries/AppDelegate"
  React-RCTBlob:
    :path: "../gutenberg/node_modules/react-native/Libraries/Blob"
  React-RCTFabric:
    :path: "../gutenberg/node_modules/react-native/React"
  React-RCTImage:
    :path: "../gutenberg/node_modules/react-native/Libraries/Image"
  React-RCTLinking:
    :path: "../gutenberg/node_modules/react-native/Libraries/LinkingIOS"
  React-RCTNetwork:
    :path: "../gutenberg/node_modules/react-native/Libraries/Network"
  React-RCTSettings:
    :path: "../gutenberg/node_modules/react-native/Libraries/Settings"
  React-RCTText:
    :path: "../gutenberg/node_modules/react-native/Libraries/Text"
  React-RCTVibration:
    :path: "../gutenberg/node_modules/react-native/Libraries/Vibration"
  React-rendererdebug:
    :path: "../gutenberg/node_modules/react-native/ReactCommon/react/renderer/debug"
  React-rncore:
    :path: "../gutenberg/node_modules/react-native/ReactCommon"
  React-runtimeexecutor:
    :path: "../gutenberg/node_modules/react-native/ReactCommon/runtimeexecutor"
  React-runtimescheduler:
    :path: "../gutenberg/node_modules/react-native/ReactCommon/react/renderer/runtimescheduler"
  React-utils:
    :path: "../gutenberg/node_modules/react-native/ReactCommon/react/utils"
  ReactCommon:
    :path: "../gutenberg/node_modules/react-native/ReactCommon"
  RNCClipboard:
    :podspec: "../third-party-podspecs/RNCClipboard.podspec.json"
  RNCMaskedView:
    :podspec: "../third-party-podspecs/RNCMaskedView.podspec.json"
  RNFastImage:
    :podspec: "../third-party-podspecs/RNFastImage.podspec.json"
  RNGestureHandler:
    :podspec: "../third-party-podspecs/RNGestureHandler.podspec.json"
  RNReanimated:
    :branch: wp-fork-3.6.2
    :git: https://github.com/wordpress-mobile/react-native-reanimated
  RNScreens:
    :podspec: "../third-party-podspecs/RNScreens.podspec.json"
  RNSVG:
    :podspec: "../third-party-podspecs/RNSVG.podspec.json"
  RNTAztecView:
    :path: "../gutenberg/packages/react-native-aztec"
  WordPress-Aztec-iOS:
    :commit: a41d881f6a831fecef9e6400e69a64aafe80d9ac
    :git: https://github.com/wordpress-mobile/WordPress-Aztec-iOS.git
  Yoga:
    :path: "../gutenberg/node_modules/react-native/ReactCommon/yoga"

CHECKOUT OPTIONS:
  RNReanimated:
    :commit: 370beae83df674476e6917fe8ac4cea6b0179ad3
    :git: https://github.com/wordpress-mobile/react-native-reanimated
  WordPress-Aztec-iOS:
    :commit: a41d881f6a831fecef9e6400e69a64aafe80d9ac
    :git: https://github.com/wordpress-mobile/WordPress-Aztec-iOS.git

SPEC CHECKSUMS:
  boost: d3f49c53809116a5d38da093a8aa78bf551aed09
  BVLinearGradient: 1f859bad5f9ead6a57ac43dc42bfc4c587192618
  DoubleConversion: fea03f2699887d960129cc54bba7e52542b6f953
  FBLazyVector: 70590b4f9e8ae9b0ce076efacea3abd7bc585ace
  FBReactNativeSpec: 844b7a79cd56dd9c461f2b246305d3607c25bb0d
  fmt: ff9d55029c625d3757ed641535fd4a75fedc7ce9
  glog: c5d68082e772fa1c511173d6b30a9de2c05a69a2
  hermes-engine: 5420539d016f368cd27e008f65f777abd6098c56
  libevent: 4049cae6c81cdb3654a443be001fb9bdceff7913
  libwebp: 1786c9f4ff8a279e4dac1e8f385004d5fc253009
  RCT-Folly: 7169b2b1c44399c76a47b5deaaba715eeeb476c0
  RCTRequired: 9b898847f76977a6dfed2a08f4c5ed37add75ec0
  RCTTypeSafety: 0debdc4ba38c8138016d8d8ada4bdf9ec1b8aa82
  React: f8afb04431634ac7e9b876dc96d30af9871f5946
  React-callinvoker: 5ea86c3f93326867aa5114989d229db54d4759d0
  React-Codegen: 0bf0f6934bc76ee750931467d2e3c5687e972560
  React-Core: bbac074eba495788a01d1e5455b132872bf86843
  React-CoreModules: 92fee6d8f4095e151b9678e44fcf0dc8eabeae37
  React-cxxreact: e856e0370bf52aea71acce10007ad9ba6a63b66c
  React-debug: c72219d497f675d547ce34cdc733e7e8fe2a5da3
  React-Fabric: 59afb9db1a31cb7864196fa46bea99ab0033e0b1
  React-FabricImage: 0ee33904487bbf1b96be2391195a059bbd416ead
  React-graphics: 72181d50d637d5b982b6b8b8443390c84ca5147f
  React-hermes: ac421eebea18bab58a57b70c590b7c11edaac00b
  React-ImageManager: c9486ee6349a68aaa0d946ba65149590593bbd15
  React-jserrorhandler: cbc83431c5f91521e4b75efb0b687168080781ee
  React-jsi: 57498df51dfb8a37a996f470a457d8797e931eaa
  React-jsiexecutor: d83a7d7aea2ffc60dbda0f3d523578a76820f0e1
  React-jsinspector: 6fad0fe14882fb6b1c32e5cc8a4bd3d33a8b6790
  React-logger: cb0dd15ac67b00e7b771ef15203edcb29d4a3f8e
  React-Mapbuffer: ac7eff7bcdb1716d18eb7b305ee8c43a9a1ed7c8
  react-native-blur: 14c75aa19da8734c1656d5b6ca5adb859b2c26aa
  react-native-get-random-values: 2869478c635a6e33080b917ce33f2803cb69262c
  react-native-safe-area: e3de9e959c7baaae8db9bcb015d99ed1da25c9d5
  react-native-safe-area-context: 74cdde2772fed2eb95465b2227c20f18322b2b80
  react-native-slider: fe24b59d1cdf9ce3adc7dc53f87cfdde8da9498a
  react-native-video: acfe36130a7476cf82eb543c7ee2b9e96794ff9e
  react-native-webview: a25d3dfb812447696508da67094e1eba3fe7bc35
  React-nativeconfig: 4662ac75a0a77789c9ed896ed77baa1a25cdf006
  React-NativeModulesApple: 92bc296f2ae166d10cb4d6a05498c80bf4ef9fa2
  React-perflogger: 27ccacf853ba725524ef2b4e444f14e34d0837b0
  React-RCTActionSheet: 77dd6a2a5cfab9e85b7f1add0f7e2e9cd697d936
  React-RCTAnimation: 977a25a4e8007ecc90e556abcceb1b25602eea7c
  React-RCTAppDelegate: 252a478047dbc9d0ac0dcda7440b4d3fbb6184a4
  React-RCTBlob: 1e18ab09f57cf3bd2b9681cbeedfca866d971f50
  React-RCTFabric: e52f9be153856408a06475bc90e97be0ba5a00b5
  React-RCTImage: b1eac9526111cf7e37c304f94e81b76a5ae6a984
  React-RCTLinking: d7f7dc665af6442ff38e18e34308da7865347bb1
  React-RCTNetwork: c2c1df3a3c838e9547259e3638f6b290aebb3b72
  React-RCTSettings: f3074b14047a57fa95499c28fb89028a894d3c18
  React-RCTText: 9d48b2bbce5e1ed9c4d9514414dc6d99731d1b0a
  React-RCTVibration: 394ea84082b08b5b3c211dc2bc9c0c4c163e7f23
  React-rendererdebug: 5fb3c0f487cf77a9c87e6f8c3db21b996b669571
  React-rncore: a498bf571ee1245f4409ec8ba8c0b6c4b56cec2e
  React-runtimeexecutor: 7e71a40def8262ef7d82a1145d873ea61b1a27b5
  React-runtimescheduler: 06b3f2e3b3b6e9deb1fc63b543c7fd34177dbb07
  React-utils: 2d25ca0a6e635c095bc5e67ac1202c7939ec4af3
  ReactCommon: 8564d71cf76b1715740cb8bdc5b382d1ddd12dd1
  RNCClipboard: 6069fd5957cf3750fa03145f8a5d095ec96052fd
  RNCMaskedView: 10a896caef9e17c874b8487de0b6e62d671e96d7
  RNFastImage: 9407b5abc43452149a2f628107c64a7d11aa2948
  RNGestureHandler: 03b88ed7f641e8a6012ae52f2ae851e53f9cf1bd
  RNReanimated: f705119af7f77c961122a09adbfdf3dd38ce6a60
  RNScreens: d07e03170921286b65f07e7b2a3aa8300f61f2ec
  RNSVG: eb0b170443191e4a1af53b9bd17d1f2fbd1ba152
  RNTAztecView: f9ac93cee7a4cd984d8453a9141058fa22cb9b1a
  SDWebImage: a7f831e1a65eb5e285e3fb046a23fcfbf08e696d
  SDWebImageWebPCoder: 908b83b6adda48effe7667cd2b7f78c897e5111d
  SocketRocket: f32cd54efbe0f095c4d7594881e52619cfe80b17
  WordPress-Aztec-iOS: fbebd569c61baa252b3f5058c0a2a9a6ada686bb
  Yoga: ff0382b894475dba0b4d2a5fda860bfee5a9afad

PODFILE CHECKSUM: 0cff0eada79f00d73d0add6b3d271a6784386090

COCOAPODS: 1.13.0
