PODS:
  - boost-for-react-native (1.63.0)
  - DoubleConversion (1.1.6)
  - FBLazyVector (0.62.0-rc.1)
  - FBReactNativeSpec (0.62.0-rc.1):
    - Folly (= 2018.10.22.00)
    - RCTRequired (= 0.62.0-rc.1)
    - RCTTypeSafety (= 0.62.0-rc.1)
    - React-Core (= 0.62.0-rc.1)
    - React-jsi (= 0.62.0-rc.1)
    - ReactCommon/turbomodule/core (= 0.62.0-rc.1)
  - Folly (2018.10.22.00):
    - boost-for-react-native
    - DoubleConversion
    - Folly/Default (= 2018.10.22.00)
    - glog
  - Folly/Default (2018.10.22.00):
    - boost-for-react-native
    - DoubleConversion
    - glog
  - glog (0.3.5)
  - Gutenberg (1.21.0):
    - React (= 0.62.0-rc.1)
    - React-CoreModules (= 0.62.0-rc.1)
    - React-RCTImage (= 0.62.0-rc.1)
    - RNTAztecView
  - RCTRequired (0.62.0-rc.1)
  - RCTTypeSafety (0.62.0-rc.1):
    - FBLazyVector (= 0.62.0-rc.1)
    - Folly (= 2018.10.22.00)
    - RCTRequired (= 0.62.0-rc.1)
    - React-Core (= 0.62.0-rc.1)
  - React (0.62.0-rc.1):
    - React-Core (= 0.62.0-rc.1)
    - React-Core/DevSupport (= 0.62.0-rc.1)
    - React-Core/RCTWebSocket (= 0.62.0-rc.1)
    - React-RCTActionSheet (= 0.62.0-rc.1)
    - React-RCTAnimation (= 0.62.0-rc.1)
    - React-RCTBlob (= 0.62.0-rc.1)
    - React-RCTImage (= 0.62.0-rc.1)
    - React-RCTLinking (= 0.62.0-rc.1)
    - React-RCTNetwork (= 0.62.0-rc.1)
    - React-RCTSettings (= 0.62.0-rc.1)
    - React-RCTText (= 0.62.0-rc.1)
    - React-RCTVibration (= 0.62.0-rc.1)
  - React-Core (0.62.0-rc.1):
    - Folly (= 2018.10.22.00)
    - glog
    - React-Core/Default (= 0.62.0-rc.1)
    - React-cxxreact (= 0.62.0-rc.1)
    - React-jsi (= 0.62.0-rc.1)
    - React-jsiexecutor (= 0.62.0-rc.1)
    - Yoga
  - React-Core/CoreModulesHeaders (0.62.0-rc.1):
    - Folly (= 2018.10.22.00)
    - glog
    - React-Core/Default
    - React-cxxreact (= 0.62.0-rc.1)
    - React-jsi (= 0.62.0-rc.1)
    - React-jsiexecutor (= 0.62.0-rc.1)
    - Yoga
  - React-Core/Default (0.62.0-rc.1):
    - Folly (= 2018.10.22.00)
    - glog
    - React-cxxreact (= 0.62.0-rc.1)
    - React-jsi (= 0.62.0-rc.1)
    - React-jsiexecutor (= 0.62.0-rc.1)
    - Yoga
  - React-Core/DevSupport (0.62.0-rc.1):
    - Folly (= 2018.10.22.00)
    - glog
    - React-Core/Default (= 0.62.0-rc.1)
    - React-Core/RCTWebSocket (= 0.62.0-rc.1)
    - React-cxxreact (= 0.62.0-rc.1)
    - React-jsi (= 0.62.0-rc.1)
    - React-jsiexecutor (= 0.62.0-rc.1)
    - React-jsinspector (= 0.62.0-rc.1)
    - Yoga
  - React-Core/RCTActionSheetHeaders (0.62.0-rc.1):
    - Folly (= 2018.10.22.00)
    - glog
    - React-Core/Default
    - React-cxxreact (= 0.62.0-rc.1)
    - React-jsi (= 0.62.0-rc.1)
    - React-jsiexecutor (= 0.62.0-rc.1)
    - Yoga
  - React-Core/RCTAnimationHeaders (0.62.0-rc.1):
    - Folly (= 2018.10.22.00)
    - glog
    - React-Core/Default
    - React-cxxreact (= 0.62.0-rc.1)
    - React-jsi (= 0.62.0-rc.1)
    - React-jsiexecutor (= 0.62.0-rc.1)
    - Yoga
  - React-Core/RCTBlobHeaders (0.62.0-rc.1):
    - Folly (= 2018.10.22.00)
    - glog
    - React-Core/Default
    - React-cxxreact (= 0.62.0-rc.1)
    - React-jsi (= 0.62.0-rc.1)
    - React-jsiexecutor (= 0.62.0-rc.1)
    - Yoga
  - React-Core/RCTImageHeaders (0.62.0-rc.1):
    - Folly (= 2018.10.22.00)
    - glog
    - React-Core/Default
    - React-cxxreact (= 0.62.0-rc.1)
    - React-jsi (= 0.62.0-rc.1)
    - React-jsiexecutor (= 0.62.0-rc.1)
    - Yoga
  - React-Core/RCTLinkingHeaders (0.62.0-rc.1):
    - Folly (= 2018.10.22.00)
    - glog
    - React-Core/Default
    - React-cxxreact (= 0.62.0-rc.1)
    - React-jsi (= 0.62.0-rc.1)
    - React-jsiexecutor (= 0.62.0-rc.1)
    - Yoga
  - React-Core/RCTNetworkHeaders (0.62.0-rc.1):
    - Folly (= 2018.10.22.00)
    - glog
    - React-Core/Default
    - React-cxxreact (= 0.62.0-rc.1)
    - React-jsi (= 0.62.0-rc.1)
    - React-jsiexecutor (= 0.62.0-rc.1)
    - Yoga
  - React-Core/RCTSettingsHeaders (0.62.0-rc.1):
    - Folly (= 2018.10.22.00)
    - glog
    - React-Core/Default
    - React-cxxreact (= 0.62.0-rc.1)
    - React-jsi (= 0.62.0-rc.1)
    - React-jsiexecutor (= 0.62.0-rc.1)
    - Yoga
  - React-Core/RCTTextHeaders (0.62.0-rc.1):
    - Folly (= 2018.10.22.00)
    - glog
    - React-Core/Default
    - React-cxxreact (= 0.62.0-rc.1)
    - React-jsi (= 0.62.0-rc.1)
    - React-jsiexecutor (= 0.62.0-rc.1)
    - Yoga
  - React-Core/RCTVibrationHeaders (0.62.0-rc.1):
    - Folly (= 2018.10.22.00)
    - glog
    - React-Core/Default
    - React-cxxreact (= 0.62.0-rc.1)
    - React-jsi (= 0.62.0-rc.1)
    - React-jsiexecutor (= 0.62.0-rc.1)
    - Yoga
  - React-Core/RCTWebSocket (0.62.0-rc.1):
    - Folly (= 2018.10.22.00)
    - glog
    - React-Core/Default (= 0.62.0-rc.1)
    - React-cxxreact (= 0.62.0-rc.1)
    - React-jsi (= 0.62.0-rc.1)
    - React-jsiexecutor (= 0.62.0-rc.1)
    - Yoga
  - React-CoreModules (0.62.0-rc.1):
    - FBReactNativeSpec (= 0.62.0-rc.1)
    - Folly (= 2018.10.22.00)
    - RCTTypeSafety (= 0.62.0-rc.1)
    - React-Core/CoreModulesHeaders (= 0.62.0-rc.1)
    - React-RCTImage (= 0.62.0-rc.1)
    - ReactCommon/turbomodule/core (= 0.62.0-rc.1)
  - React-cxxreact (0.62.0-rc.1):
    - boost-for-react-native (= 1.63.0)
    - DoubleConversion
    - Folly (= 2018.10.22.00)
    - glog
    - React-jsinspector (= 0.62.0-rc.1)
  - React-jsi (0.62.0-rc.1):
    - boost-for-react-native (= 1.63.0)
    - DoubleConversion
    - Folly (= 2018.10.22.00)
    - glog
    - React-jsi/Default (= 0.62.0-rc.1)
  - React-jsi/Default (0.62.0-rc.1):
    - boost-for-react-native (= 1.63.0)
    - DoubleConversion
    - Folly (= 2018.10.22.00)
    - glog
  - React-jsiexecutor (0.62.0-rc.1):
    - DoubleConversion
    - Folly (= 2018.10.22.00)
    - glog
    - React-cxxreact (= 0.62.0-rc.1)
    - React-jsi (= 0.62.0-rc.1)
  - React-jsinspector (0.62.0-rc.1)
  - react-native-keyboard-aware-scroll-view (0.8.7):
    - React
  - react-native-safe-area (0.5.1):
    - React
  - react-native-slider (2.0.7):
    - React
  - react-native-video (5.0.1):
    - React
    - react-native-video/Video (= 5.0.1)
  - react-native-video/Video (5.0.1):
    - React
  - React-RCTActionSheet (0.62.0-rc.1):
    - React-Core/RCTActionSheetHeaders (= 0.62.0-rc.1)
  - React-RCTAnimation (0.62.0-rc.1):
    - FBReactNativeSpec (= 0.62.0-rc.1)
    - Folly (= 2018.10.22.00)
    - RCTTypeSafety (= 0.62.0-rc.1)
    - React-Core/RCTAnimationHeaders (= 0.62.0-rc.1)
    - ReactCommon/turbomodule/core (= 0.62.0-rc.1)
  - React-RCTBlob (0.62.0-rc.1):
    - FBReactNativeSpec (= 0.62.0-rc.1)
    - Folly (= 2018.10.22.00)
    - React-Core/RCTBlobHeaders (= 0.62.0-rc.1)
    - React-Core/RCTWebSocket (= 0.62.0-rc.1)
    - React-jsi (= 0.62.0-rc.1)
    - React-RCTNetwork (= 0.62.0-rc.1)
    - ReactCommon/turbomodule/core (= 0.62.0-rc.1)
  - React-RCTImage (0.62.0-rc.1):
    - FBReactNativeSpec (= 0.62.0-rc.1)
    - Folly (= 2018.10.22.00)
    - RCTTypeSafety (= 0.62.0-rc.1)
    - React-Core/RCTImageHeaders (= 0.62.0-rc.1)
    - React-RCTNetwork (= 0.62.0-rc.1)
    - ReactCommon/turbomodule/core (= 0.62.0-rc.1)
  - React-RCTLinking (0.62.0-rc.1):
    - FBReactNativeSpec (= 0.62.0-rc.1)
    - React-Core/RCTLinkingHeaders (= 0.62.0-rc.1)
    - ReactCommon/turbomodule/core (= 0.62.0-rc.1)
  - React-RCTNetwork (0.62.0-rc.1):
    - FBReactNativeSpec (= 0.62.0-rc.1)
    - Folly (= 2018.10.22.00)
    - RCTTypeSafety (= 0.62.0-rc.1)
    - React-Core/RCTNetworkHeaders (= 0.62.0-rc.1)
    - ReactCommon/turbomodule/core (= 0.62.0-rc.1)
  - React-RCTSettings (0.62.0-rc.1):
    - FBReactNativeSpec (= 0.62.0-rc.1)
    - Folly (= 2018.10.22.00)
    - RCTTypeSafety (= 0.62.0-rc.1)
    - React-Core/RCTSettingsHeaders (= 0.62.0-rc.1)
    - ReactCommon/turbomodule/core (= 0.62.0-rc.1)
  - React-RCTText (0.62.0-rc.1):
    - React-Core/RCTTextHeaders (= 0.62.0-rc.1)
  - React-RCTVibration (0.62.0-rc.1):
    - FBReactNativeSpec (= 0.62.0-rc.1)
    - Folly (= 2018.10.22.00)
    - React-Core/RCTVibrationHeaders (= 0.62.0-rc.1)
    - ReactCommon/turbomodule/core (= 0.62.0-rc.1)
  - ReactCommon/callinvoker (0.62.0-rc.1):
    - DoubleConversion
    - Folly (= 2018.10.22.00)
    - glog
    - React-cxxreact (= 0.62.0-rc.1)
  - ReactCommon/turbomodule/core (0.62.0-rc.1):
    - DoubleConversion
    - Folly (= 2018.10.22.00)
    - glog
    - React-Core (= 0.62.0-rc.1)
    - React-cxxreact (= 0.62.0-rc.1)
    - React-jsi (= 0.62.0-rc.1)
    - ReactCommon/callinvoker (= 0.62.0-rc.1)
  - ReactNativeDarkMode (0.0.10):
    - React
  - RNSVG (9.13.6-gb):
    - React
  - RNTAztecView (1.21.0):
    - React-Core
    - WordPress-Aztec-iOS (= 1.15.0)
  - WordPress-Aztec-iOS (1.15.0)
  - Yoga (1.14.0)

DEPENDENCIES:
  - DoubleConversion (from `../node_modules/react-native/third-party-podspecs/DoubleConversion.podspec`)
  - FBLazyVector (from `../node_modules/react-native/Libraries/FBLazyVector`)
  - FBReactNativeSpec (from `../node_modules/react-native/Libraries/FBReactNativeSpec`)
  - Folly (from `../node_modules/react-native/third-party-podspecs/Folly.podspec`)
  - glog (from `../node_modules/react-native/third-party-podspecs/glog.podspec`)
  - Gutenberg (from `../Gutenberg.podspec`)
  - RCTRequired (from `../node_modules/react-native/Libraries/RCTRequired`)
  - RCTTypeSafety (from `../node_modules/react-native/Libraries/TypeSafety`)
  - React (from `../node_modules/react-native/`)
  - React-Core (from `../node_modules/react-native/`)
  - React-Core/DevSupport (from `../node_modules/react-native/`)
  - React-Core/RCTWebSocket (from `../node_modules/react-native/`)
  - React-CoreModules (from `../node_modules/react-native/React/CoreModules`)
  - React-cxxreact (from `../node_modules/react-native/ReactCommon/cxxreact`)
  - React-jsi (from `../node_modules/react-native/ReactCommon/jsi`)
  - React-jsiexecutor (from `../node_modules/react-native/ReactCommon/jsiexecutor`)
  - React-jsinspector (from `../node_modules/react-native/ReactCommon/jsinspector`)
  - react-native-keyboard-aware-scroll-view (from `../node_modules/react-native-keyboard-aware-scroll-view`)
  - react-native-safe-area (from `../node_modules/react-native-safe-area`)
  - "react-native-slider (from `../node_modules/@react-native-community/slider`)"
  - react-native-video (from `../node_modules/react-native-video`)
  - React-RCTActionSheet (from `../node_modules/react-native/Libraries/ActionSheetIOS`)
  - React-RCTAnimation (from `../node_modules/react-native/Libraries/NativeAnimation`)
  - React-RCTBlob (from `../node_modules/react-native/Libraries/Blob`)
  - React-RCTImage (from `../node_modules/react-native/Libraries/Image`)
  - React-RCTLinking (from `../node_modules/react-native/Libraries/LinkingIOS`)
  - React-RCTNetwork (from `../node_modules/react-native/Libraries/Network`)
  - React-RCTSettings (from `../node_modules/react-native/Libraries/Settings`)
  - React-RCTText (from `../node_modules/react-native/Libraries/Text`)
  - React-RCTVibration (from `../node_modules/react-native/Libraries/Vibration`)
  - ReactCommon/callinvoker (from `../node_modules/react-native/ReactCommon`)
  - ReactCommon/turbomodule/core (from `../node_modules/react-native/ReactCommon`)
  - ReactNativeDarkMode (from `../node_modules/react-native-dark-mode`)
  - RNSVG (from `../node_modules/react-native-svg`)
  - RNTAztecView (from `../RNTAztecView.podspec`)
  - Yoga (from `../node_modules/react-native/ReactCommon/yoga`)

SPEC REPOS:
  trunk:
    - boost-for-react-native
    - WordPress-Aztec-iOS

EXTERNAL SOURCES:
  DoubleConversion:
    :podspec: "../node_modules/react-native/third-party-podspecs/DoubleConversion.podspec"
  FBLazyVector:
    :path: "../node_modules/react-native/Libraries/FBLazyVector"
  FBReactNativeSpec:
    :path: "../node_modules/react-native/Libraries/FBReactNativeSpec"
  Folly:
    :podspec: "../node_modules/react-native/third-party-podspecs/Folly.podspec"
  glog:
    :podspec: "../node_modules/react-native/third-party-podspecs/glog.podspec"
  Gutenberg:
    :path: "../Gutenberg.podspec"
  RCTRequired:
    :path: "../node_modules/react-native/Libraries/RCTRequired"
  RCTTypeSafety:
    :path: "../node_modules/react-native/Libraries/TypeSafety"
  React:
    :path: "../node_modules/react-native/"
  React-Core:
    :path: "../node_modules/react-native/"
  React-CoreModules:
    :path: "../node_modules/react-native/React/CoreModules"
  React-cxxreact:
    :path: "../node_modules/react-native/ReactCommon/cxxreact"
  React-jsi:
    :path: "../node_modules/react-native/ReactCommon/jsi"
  React-jsiexecutor:
    :path: "../node_modules/react-native/ReactCommon/jsiexecutor"
  React-jsinspector:
    :path: "../node_modules/react-native/ReactCommon/jsinspector"
  react-native-keyboard-aware-scroll-view:
    :path: "../node_modules/react-native-keyboard-aware-scroll-view"
  react-native-safe-area:
    :path: "../node_modules/react-native-safe-area"
  react-native-slider:
    :path: "../node_modules/@react-native-community/slider"
  react-native-video:
    :path: "../node_modules/react-native-video"
  React-RCTActionSheet:
    :path: "../node_modules/react-native/Libraries/ActionSheetIOS"
  React-RCTAnimation:
    :path: "../node_modules/react-native/Libraries/NativeAnimation"
  React-RCTBlob:
    :path: "../node_modules/react-native/Libraries/Blob"
  React-RCTImage:
    :path: "../node_modules/react-native/Libraries/Image"
  React-RCTLinking:
    :path: "../node_modules/react-native/Libraries/LinkingIOS"
  React-RCTNetwork:
    :path: "../node_modules/react-native/Libraries/Network"
  React-RCTSettings:
    :path: "../node_modules/react-native/Libraries/Settings"
  React-RCTText:
    :path: "../node_modules/react-native/Libraries/Text"
  React-RCTVibration:
    :path: "../node_modules/react-native/Libraries/Vibration"
  ReactCommon:
    :path: "../node_modules/react-native/ReactCommon"
  ReactNativeDarkMode:
    :path: "../node_modules/react-native-dark-mode"
  RNSVG:
    :path: "../node_modules/react-native-svg"
  RNTAztecView:
    :path: "../RNTAztecView.podspec"
  Yoga:
    :path: "../node_modules/react-native/ReactCommon/yoga"

SPEC CHECKSUMS:
  boost-for-react-native: 39c7adb57c4e60d6c5479dd8623128eb5b3f0f2c
  DoubleConversion: 5805e889d232975c086db112ece9ed034df7a0b2
  FBLazyVector: 9349d70d60793fce157f7c3837f51c60bc81a91b
  FBReactNativeSpec: 36215b34017aa3bb62f1ed494b50fbaa242649fb
  Folly: 30e7936e1c45c08d884aa59369ed951a8e68cf51
  glog: 1f3da668190260b06b429bb211bfbee5cd790c28
  Gutenberg: 8f0e5036c8ae53386864cb459e0c2f5b5f61946b
  RCTRequired: 418abaf045a635a391e68ee0573035553c1c4d7b
  RCTTypeSafety: ea8dd81f61436a394b943dac4435a304c59906ff
  React: f591e8a044a8ee4a4b20ab632b2906461a241370
  React-Core: 0bb33e607db817c4f60c967448c16f7d31bb973b
  React-CoreModules: 15064232a166bf4408d0a723a739815c317635be
  React-cxxreact: dc7b272c44c80616385c25242f54f8594951b57f
  React-jsi: e3f33d91999ba00d787ceceb6783aa314ecf175d
  React-jsiexecutor: ccf2361cd90f691e04ff73585f099aa179ae8b52
  React-jsinspector: fabb3a8cad7bce396f2d4c29cbf83e87022b07ec
  react-native-keyboard-aware-scroll-view: 01c4b2303c4ef1c49c4d239c9c5856f0393104df
  react-native-safe-area: e8230b0017d76c00de6b01e2412dcf86b127c6a3
  react-native-slider: f81b89fa0c1f9a65742d33f889a194ca6653a985
  react-native-video: 331eaf96cb034fedcc27f4f6ada3ac3cf6c0a78a
  React-RCTActionSheet: a9a397cdf75149175eab539e536eeb42518f529c
  React-RCTAnimation: 3fddf9e5dc82ea620c1c44b4206149688b43e054
  React-RCTBlob: 245f8f0b4578bbecff5e99062f8e2db580218434
  React-RCTImage: 8205ce960be3d68fcb8dbab729761d828223cd39
  React-RCTLinking: 27d5e8256b0656d87a00b41af6e55155a70e349b
  React-RCTNetwork: c6a346f734121eecc855aaaed4572883f502978d
  React-RCTSettings: 9ae19dc86054cf5317086ab302e820e9616da193
  React-RCTText: f2f9976b77661b5a1d628cf7ebfe6c08b6168f8a
  React-RCTVibration: 2e7618e869b2ba4a15042d6def29dd32df734793
  ReactCommon: 13c3473a975e73db91b1999e0d6d89c62400785d
  ReactNativeDarkMode: f61376360c5d983907e5c316e8e1c853a8c2f348
  RNSVG: 68a534a5db06dcbdaebfd5079349191598caef7b
  RNTAztecView: ad6d93fe4a720b40c4818e1701b77d49a8d3c3f0
  WordPress-Aztec-iOS: 004a458e7c4a7b0e6ed1f40695f4ce3b35ba040f
  Yoga: b9a1f7189009fa4b6266ee0a63235547326295d2

PODFILE CHECKSUM: f5cce82a5a448fda041b99ef6e0705d32d0f949f

COCOAPODS: 1.8.4
