PODS:
  - boost-for-react-native (1.63.0)
  - BVLinearGradient (2.5.6):
    - React
  - DoubleConversion (1.1.6)
  - FBLazyVector (0.62.0-rc.2)
  - FBReactNativeSpec (0.62.0-rc.2):
    - Folly (= 2018.10.22.00)
    - RCTRequired (= 0.62.0-rc.2)
    - RCTTypeSafety (= 0.62.0-rc.2)
    - React-Core (= 0.62.0-rc.2)
    - React-jsi (= 0.62.0-rc.2)
    - ReactCommon/turbomodule/core (= 0.62.0-rc.2)
  - Folly (2018.10.22.00):
    - boost-for-react-native
    - DoubleConversion
    - Folly/Default (= 2018.10.22.00)
    - glog
  - Folly/Default (2018.10.22.00):
    - boost-for-react-native
    - DoubleConversion
    - glog
  - glog (0.3.5)
  - Gutenberg (1.22.1):
    - React (= 0.62.0-rc.2)
    - React-CoreModules (= 0.62.0-rc.2)
    - React-RCTImage (= 0.62.0-rc.2)
    - RNTAztecView
  - RCTRequired (0.62.0-rc.2)
  - RCTTypeSafety (0.62.0-rc.2):
    - FBLazyVector (= 0.62.0-rc.2)
    - Folly (= 2018.10.22.00)
    - RCTRequired (= 0.62.0-rc.2)
    - React-Core (= 0.62.0-rc.2)
  - React (0.62.0-rc.2):
    - React-Core (= 0.62.0-rc.2)
    - React-Core/DevSupport (= 0.62.0-rc.2)
    - React-Core/RCTWebSocket (= 0.62.0-rc.2)
    - React-RCTActionSheet (= 0.62.0-rc.2)
    - React-RCTAnimation (= 0.62.0-rc.2)
    - React-RCTBlob (= 0.62.0-rc.2)
    - React-RCTImage (= 0.62.0-rc.2)
    - React-RCTLinking (= 0.62.0-rc.2)
    - React-RCTNetwork (= 0.62.0-rc.2)
    - React-RCTSettings (= 0.62.0-rc.2)
    - React-RCTText (= 0.62.0-rc.2)
    - React-RCTVibration (= 0.62.0-rc.2)
  - React-Core (0.62.0-rc.2):
    - Folly (= 2018.10.22.00)
    - glog
    - React-Core/Default (= 0.62.0-rc.2)
    - React-cxxreact (= 0.62.0-rc.2)
    - React-jsi (= 0.62.0-rc.2)
    - React-jsiexecutor (= 0.62.0-rc.2)
    - Yoga
  - React-Core/CoreModulesHeaders (0.62.0-rc.2):
    - Folly (= 2018.10.22.00)
    - glog
    - React-Core/Default
    - React-cxxreact (= 0.62.0-rc.2)
    - React-jsi (= 0.62.0-rc.2)
    - React-jsiexecutor (= 0.62.0-rc.2)
    - Yoga
  - React-Core/Default (0.62.0-rc.2):
    - Folly (= 2018.10.22.00)
    - glog
    - React-cxxreact (= 0.62.0-rc.2)
    - React-jsi (= 0.62.0-rc.2)
    - React-jsiexecutor (= 0.62.0-rc.2)
    - Yoga
  - React-Core/DevSupport (0.62.0-rc.2):
    - Folly (= 2018.10.22.00)
    - glog
    - React-Core/Default (= 0.62.0-rc.2)
    - React-Core/RCTWebSocket (= 0.62.0-rc.2)
    - React-cxxreact (= 0.62.0-rc.2)
    - React-jsi (= 0.62.0-rc.2)
    - React-jsiexecutor (= 0.62.0-rc.2)
    - React-jsinspector (= 0.62.0-rc.2)
    - Yoga
  - React-Core/RCTActionSheetHeaders (0.62.0-rc.2):
    - Folly (= 2018.10.22.00)
    - glog
    - React-Core/Default
    - React-cxxreact (= 0.62.0-rc.2)
    - React-jsi (= 0.62.0-rc.2)
    - React-jsiexecutor (= 0.62.0-rc.2)
    - Yoga
  - React-Core/RCTAnimationHeaders (0.62.0-rc.2):
    - Folly (= 2018.10.22.00)
    - glog
    - React-Core/Default
    - React-cxxreact (= 0.62.0-rc.2)
    - React-jsi (= 0.62.0-rc.2)
    - React-jsiexecutor (= 0.62.0-rc.2)
    - Yoga
  - React-Core/RCTBlobHeaders (0.62.0-rc.2):
    - Folly (= 2018.10.22.00)
    - glog
    - React-Core/Default
    - React-cxxreact (= 0.62.0-rc.2)
    - React-jsi (= 0.62.0-rc.2)
    - React-jsiexecutor (= 0.62.0-rc.2)
    - Yoga
  - React-Core/RCTImageHeaders (0.62.0-rc.2):
    - Folly (= 2018.10.22.00)
    - glog
    - React-Core/Default
    - React-cxxreact (= 0.62.0-rc.2)
    - React-jsi (= 0.62.0-rc.2)
    - React-jsiexecutor (= 0.62.0-rc.2)
    - Yoga
  - React-Core/RCTLinkingHeaders (0.62.0-rc.2):
    - Folly (= 2018.10.22.00)
    - glog
    - React-Core/Default
    - React-cxxreact (= 0.62.0-rc.2)
    - React-jsi (= 0.62.0-rc.2)
    - React-jsiexecutor (= 0.62.0-rc.2)
    - Yoga
  - React-Core/RCTNetworkHeaders (0.62.0-rc.2):
    - Folly (= 2018.10.22.00)
    - glog
    - React-Core/Default
    - React-cxxreact (= 0.62.0-rc.2)
    - React-jsi (= 0.62.0-rc.2)
    - React-jsiexecutor (= 0.62.0-rc.2)
    - Yoga
  - React-Core/RCTSettingsHeaders (0.62.0-rc.2):
    - Folly (= 2018.10.22.00)
    - glog
    - React-Core/Default
    - React-cxxreact (= 0.62.0-rc.2)
    - React-jsi (= 0.62.0-rc.2)
    - React-jsiexecutor (= 0.62.0-rc.2)
    - Yoga
  - React-Core/RCTTextHeaders (0.62.0-rc.2):
    - Folly (= 2018.10.22.00)
    - glog
    - React-Core/Default
    - React-cxxreact (= 0.62.0-rc.2)
    - React-jsi (= 0.62.0-rc.2)
    - React-jsiexecutor (= 0.62.0-rc.2)
    - Yoga
  - React-Core/RCTVibrationHeaders (0.62.0-rc.2):
    - Folly (= 2018.10.22.00)
    - glog
    - React-Core/Default
    - React-cxxreact (= 0.62.0-rc.2)
    - React-jsi (= 0.62.0-rc.2)
    - React-jsiexecutor (= 0.62.0-rc.2)
    - Yoga
  - React-Core/RCTWebSocket (0.62.0-rc.2):
    - Folly (= 2018.10.22.00)
    - glog
    - React-Core/Default (= 0.62.0-rc.2)
    - React-cxxreact (= 0.62.0-rc.2)
    - React-jsi (= 0.62.0-rc.2)
    - React-jsiexecutor (= 0.62.0-rc.2)
    - Yoga
  - React-CoreModules (0.62.0-rc.2):
    - FBReactNativeSpec (= 0.62.0-rc.2)
    - Folly (= 2018.10.22.00)
    - RCTTypeSafety (= 0.62.0-rc.2)
    - React-Core/CoreModulesHeaders (= 0.62.0-rc.2)
    - React-RCTImage (= 0.62.0-rc.2)
    - ReactCommon/turbomodule/core (= 0.62.0-rc.2)
  - React-cxxreact (0.62.0-rc.2):
    - boost-for-react-native (= 1.63.0)
    - DoubleConversion
    - Folly (= 2018.10.22.00)
    - glog
    - React-jsinspector (= 0.62.0-rc.2)
  - React-jsi (0.62.0-rc.2):
    - boost-for-react-native (= 1.63.0)
    - DoubleConversion
    - Folly (= 2018.10.22.00)
    - glog
    - React-jsi/Default (= 0.62.0-rc.2)
  - React-jsi/Default (0.62.0-rc.2):
    - boost-for-react-native (= 1.63.0)
    - DoubleConversion
    - Folly (= 2018.10.22.00)
    - glog
  - React-jsiexecutor (0.62.0-rc.2):
    - DoubleConversion
    - Folly (= 2018.10.22.00)
    - glog
    - React-cxxreact (= 0.62.0-rc.2)
    - React-jsi (= 0.62.0-rc.2)
  - React-jsinspector (0.62.0-rc.2)
  - react-native-keyboard-aware-scroll-view (0.8.7):
    - React
  - react-native-safe-area (0.5.1):
    - React
  - react-native-slider (2.0.7):
    - React
  - react-native-video (5.0.1):
    - React
    - react-native-video/Video (= 5.0.1)
  - react-native-video/Video (5.0.1):
    - React
  - React-RCTActionSheet (0.62.0-rc.2):
    - React-Core/RCTActionSheetHeaders (= 0.62.0-rc.2)
  - React-RCTAnimation (0.62.0-rc.2):
    - FBReactNativeSpec (= 0.62.0-rc.2)
    - Folly (= 2018.10.22.00)
    - RCTTypeSafety (= 0.62.0-rc.2)
    - React-Core/RCTAnimationHeaders (= 0.62.0-rc.2)
    - ReactCommon/turbomodule/core (= 0.62.0-rc.2)
  - React-RCTBlob (0.62.0-rc.2):
    - FBReactNativeSpec (= 0.62.0-rc.2)
    - Folly (= 2018.10.22.00)
    - React-Core/RCTBlobHeaders (= 0.62.0-rc.2)
    - React-Core/RCTWebSocket (= 0.62.0-rc.2)
    - React-jsi (= 0.62.0-rc.2)
    - React-RCTNetwork (= 0.62.0-rc.2)
    - ReactCommon/turbomodule/core (= 0.62.0-rc.2)
  - React-RCTImage (0.62.0-rc.2):
    - FBReactNativeSpec (= 0.62.0-rc.2)
    - Folly (= 2018.10.22.00)
    - RCTTypeSafety (= 0.62.0-rc.2)
    - React-Core/RCTImageHeaders (= 0.62.0-rc.2)
    - React-RCTNetwork (= 0.62.0-rc.2)
    - ReactCommon/turbomodule/core (= 0.62.0-rc.2)
  - React-RCTLinking (0.62.0-rc.2):
    - FBReactNativeSpec (= 0.62.0-rc.2)
    - React-Core/RCTLinkingHeaders (= 0.62.0-rc.2)
    - ReactCommon/turbomodule/core (= 0.62.0-rc.2)
  - React-RCTNetwork (0.62.0-rc.2):
    - FBReactNativeSpec (= 0.62.0-rc.2)
    - Folly (= 2018.10.22.00)
    - RCTTypeSafety (= 0.62.0-rc.2)
    - React-Core/RCTNetworkHeaders (= 0.62.0-rc.2)
    - ReactCommon/turbomodule/core (= 0.62.0-rc.2)
  - React-RCTSettings (0.62.0-rc.2):
    - FBReactNativeSpec (= 0.62.0-rc.2)
    - Folly (= 2018.10.22.00)
    - RCTTypeSafety (= 0.62.0-rc.2)
    - React-Core/RCTSettingsHeaders (= 0.62.0-rc.2)
    - ReactCommon/turbomodule/core (= 0.62.0-rc.2)
  - React-RCTText (0.62.0-rc.2):
    - React-Core/RCTTextHeaders (= 0.62.0-rc.2)
  - React-RCTVibration (0.62.0-rc.2):
    - FBReactNativeSpec (= 0.62.0-rc.2)
    - Folly (= 2018.10.22.00)
    - React-Core/RCTVibrationHeaders (= 0.62.0-rc.2)
    - ReactCommon/turbomodule/core (= 0.62.0-rc.2)
  - ReactCommon/callinvoker (0.62.0-rc.2):
    - DoubleConversion
    - Folly (= 2018.10.22.00)
    - glog
    - React-cxxreact (= 0.62.0-rc.2)
  - ReactCommon/turbomodule/core (0.62.0-rc.2):
    - DoubleConversion
    - Folly (= 2018.10.22.00)
    - glog
    - React-Core (= 0.62.0-rc.2)
    - React-cxxreact (= 0.62.0-rc.2)
    - React-jsi (= 0.62.0-rc.2)
    - ReactCommon/callinvoker (= 0.62.0-rc.2)
  - ReactNativeDarkMode (0.0.10):
    - React
  - RNSVG (9.13.6-gb):
    - React
  - RNTAztecView (1.22.1):
    - React-Core
    - WordPress-Aztec-iOS (= 1.16.0)
  - WordPress-Aztec-iOS (1.16.0)
  - Yoga (1.14.0)

DEPENDENCIES:
  - BVLinearGradient (from `../node_modules/react-native-linear-gradient`)
  - DoubleConversion (from `../node_modules/react-native/third-party-podspecs/DoubleConversion.podspec`)
  - FBLazyVector (from `../node_modules/react-native/Libraries/FBLazyVector`)
  - FBReactNativeSpec (from `../node_modules/react-native/Libraries/FBReactNativeSpec`)
  - Folly (from `../node_modules/react-native/third-party-podspecs/Folly.podspec`)
  - glog (from `../node_modules/react-native/third-party-podspecs/glog.podspec`)
  - Gutenberg (from `../Gutenberg.podspec`)
  - RCTRequired (from `../node_modules/react-native/Libraries/RCTRequired`)
  - RCTTypeSafety (from `../node_modules/react-native/Libraries/TypeSafety`)
  - React (from `../node_modules/react-native/`)
  - React-Core (from `../node_modules/react-native/`)
  - React-Core/DevSupport (from `../node_modules/react-native/`)
  - React-Core/RCTWebSocket (from `../node_modules/react-native/`)
  - React-CoreModules (from `../node_modules/react-native/React/CoreModules`)
  - React-cxxreact (from `../node_modules/react-native/ReactCommon/cxxreact`)
  - React-jsi (from `../node_modules/react-native/ReactCommon/jsi`)
  - React-jsiexecutor (from `../node_modules/react-native/ReactCommon/jsiexecutor`)
  - React-jsinspector (from `../node_modules/react-native/ReactCommon/jsinspector`)
  - react-native-keyboard-aware-scroll-view (from `../node_modules/react-native-keyboard-aware-scroll-view`)
  - react-native-safe-area (from `../node_modules/react-native-safe-area`)
  - "react-native-slider (from `../node_modules/@react-native-community/slider`)"
  - react-native-video (from `../node_modules/react-native-video`)
  - React-RCTActionSheet (from `../node_modules/react-native/Libraries/ActionSheetIOS`)
  - React-RCTAnimation (from `../node_modules/react-native/Libraries/NativeAnimation`)
  - React-RCTBlob (from `../node_modules/react-native/Libraries/Blob`)
  - React-RCTImage (from `../node_modules/react-native/Libraries/Image`)
  - React-RCTLinking (from `../node_modules/react-native/Libraries/LinkingIOS`)
  - React-RCTNetwork (from `../node_modules/react-native/Libraries/Network`)
  - React-RCTSettings (from `../node_modules/react-native/Libraries/Settings`)
  - React-RCTText (from `../node_modules/react-native/Libraries/Text`)
  - React-RCTVibration (from `../node_modules/react-native/Libraries/Vibration`)
  - ReactCommon/callinvoker (from `../node_modules/react-native/ReactCommon`)
  - ReactCommon/turbomodule/core (from `../node_modules/react-native/ReactCommon`)
  - ReactNativeDarkMode (from `../node_modules/react-native-dark-mode`)
  - RNSVG (from `../node_modules/react-native-svg`)
  - RNTAztecView (from `../RNTAztecView.podspec`)
  - Yoga (from `../node_modules/react-native/ReactCommon/yoga`)

SPEC REPOS:
  trunk:
    - boost-for-react-native
    - WordPress-Aztec-iOS

EXTERNAL SOURCES:
  BVLinearGradient:
    :path: "../node_modules/react-native-linear-gradient"
  DoubleConversion:
    :podspec: "../node_modules/react-native/third-party-podspecs/DoubleConversion.podspec"
  FBLazyVector:
    :path: "../node_modules/react-native/Libraries/FBLazyVector"
  FBReactNativeSpec:
    :path: "../node_modules/react-native/Libraries/FBReactNativeSpec"
  Folly:
    :podspec: "../node_modules/react-native/third-party-podspecs/Folly.podspec"
  glog:
    :podspec: "../node_modules/react-native/third-party-podspecs/glog.podspec"
  Gutenberg:
    :path: "../Gutenberg.podspec"
  RCTRequired:
    :path: "../node_modules/react-native/Libraries/RCTRequired"
  RCTTypeSafety:
    :path: "../node_modules/react-native/Libraries/TypeSafety"
  React:
    :path: "../node_modules/react-native/"
  React-Core:
    :path: "../node_modules/react-native/"
  React-CoreModules:
    :path: "../node_modules/react-native/React/CoreModules"
  React-cxxreact:
    :path: "../node_modules/react-native/ReactCommon/cxxreact"
  React-jsi:
    :path: "../node_modules/react-native/ReactCommon/jsi"
  React-jsiexecutor:
    :path: "../node_modules/react-native/ReactCommon/jsiexecutor"
  React-jsinspector:
    :path: "../node_modules/react-native/ReactCommon/jsinspector"
  react-native-keyboard-aware-scroll-view:
    :path: "../node_modules/react-native-keyboard-aware-scroll-view"
  react-native-safe-area:
    :path: "../node_modules/react-native-safe-area"
  react-native-slider:
    :path: "../node_modules/@react-native-community/slider"
  react-native-video:
    :path: "../node_modules/react-native-video"
  React-RCTActionSheet:
    :path: "../node_modules/react-native/Libraries/ActionSheetIOS"
  React-RCTAnimation:
    :path: "../node_modules/react-native/Libraries/NativeAnimation"
  React-RCTBlob:
    :path: "../node_modules/react-native/Libraries/Blob"
  React-RCTImage:
    :path: "../node_modules/react-native/Libraries/Image"
  React-RCTLinking:
    :path: "../node_modules/react-native/Libraries/LinkingIOS"
  React-RCTNetwork:
    :path: "../node_modules/react-native/Libraries/Network"
  React-RCTSettings:
    :path: "../node_modules/react-native/Libraries/Settings"
  React-RCTText:
    :path: "../node_modules/react-native/Libraries/Text"
  React-RCTVibration:
    :path: "../node_modules/react-native/Libraries/Vibration"
  ReactCommon:
    :path: "../node_modules/react-native/ReactCommon"
  ReactNativeDarkMode:
    :path: "../node_modules/react-native-dark-mode"
  RNSVG:
    :path: "../node_modules/react-native-svg"
  RNTAztecView:
    :path: "../RNTAztecView.podspec"
  Yoga:
    :path: "../node_modules/react-native/ReactCommon/yoga"

SPEC CHECKSUMS:
  boost-for-react-native: 39c7adb57c4e60d6c5479dd8623128eb5b3f0f2c
  BVLinearGradient: 60a475b2edfe7707deda00278cb8ce9bfe70e669
  DoubleConversion: 5805e889d232975c086db112ece9ed034df7a0b2
  FBLazyVector: 3a63296cdcb41c9559bdf0b89925e48356caf659
  FBReactNativeSpec: 9c43506f8ba7b66ff772cf5e3475fc9336a5fc16
  Folly: 30e7936e1c45c08d884aa59369ed951a8e68cf51
  glog: 1f3da668190260b06b429bb211bfbee5cd790c28
  Gutenberg: 133b0d85c25a1935941d7884327fd23096396d3c
  RCTRequired: c753798ad8bff8d5a7bc6f65aa9f6b6a0bb85a5b
  RCTTypeSafety: 5e3a8489f808928eec3ece76171de121d36252f7
  React: 93bbc94cdcba4d8a99db91490ff10f50ba6df7fd
  React-Core: edc93fa625e0c970285d60bdc851372fd4629535
  React-CoreModules: 802715e29ce537cb4656979a3bf244f2dc826d72
  React-cxxreact: 10bdd90d5ce669e4b23685f5079f7744d128629b
  React-jsi: 14903e49338d2876fb4d1c4b0fbc5f3fc78c4cb4
  React-jsiexecutor: 2c0b53fbf62c52d4870efa7eb2b405f8e21a3420
  React-jsinspector: c00f6457344d544a7eb38c8d3b2649950d755c50
  react-native-keyboard-aware-scroll-view: 01c4b2303c4ef1c49c4d239c9c5856f0393104df
  react-native-safe-area: e8230b0017d76c00de6b01e2412dcf86b127c6a3
  react-native-slider: f81b89fa0c1f9a65742d33f889a194ca6653a985
  react-native-video: 331eaf96cb034fedcc27f4f6ada3ac3cf6c0a78a
  React-RCTActionSheet: 9165a4330680a40ae79265b1cc9be7801545d080
  React-RCTAnimation: d9bb058df55a4ecebf758eb433de94f908b0a140
  React-RCTBlob: 080defa99253c82722ea6dd4992c0c004507be13
  React-RCTImage: 307a6f15cb8fade3127182a9d3c461d5527e1849
  React-RCTLinking: 9ff7e1d257b6511a3de57551c04726cbcd9e7c3c
  React-RCTNetwork: d52d690e0fcb459f71b217e5cbda1c5b56eac5ca
  React-RCTSettings: 0e353b16387e19a706c9a1e0ce67bbefb6e90be3
  React-RCTText: 4bbc0f9a4f86abc8848f6191d1c200c78a9adcd6
  React-RCTVibration: c342fbbea87ed2166aca549cfaeb7196aaf6a52c
  ReactCommon: 9cfce10f35223a8b6077f9f14767ca12a4b77b01
  ReactNativeDarkMode: f61376360c5d983907e5c316e8e1c853a8c2f348
  RNSVG: 68a534a5db06dcbdaebfd5079349191598caef7b
  RNTAztecView: 2286c0ad9d31070e74e38276a0ea335f91368b31
  WordPress-Aztec-iOS: 64a2989d25befb5ce086fac440315f696026ffd5
  Yoga: 6f3c4dceaf110e0f9dc028a1b445500b25a2bb37

PODFILE CHECKSUM: b1037cb7c898c40bd5457f4f1018a85f54e86e86

COCOAPODS: 1.8.4
