// !$*UTF8*$!
{
	archiveVersion = 1;
	classes = {
	};
	objectVersion = 50;
	objects = {

/* Begin PBXBuildFile section */
		4605F5B024213ED600FCED94 /* OverflowView.m in Sources */ = {isa = PBXBuildFile; fileRef = 4605F5AF24213ED600FCED94 /* OverflowView.m */; };
		4605F5B124213ED600FCED94 /* OverflowView.h in CopyFiles */ = {isa = PBXBuildFile; fileRef = 4605F5AE24213ED600FCED94 /* OverflowView.h */; };
		4605F5B924213F2300FCED94 /* RNTOverflowView.m in Sources */ = {isa = PBXBuildFile; fileRef = 4605F5B824213F2300FCED94 /* RNTOverflowView.m */; };
		4605F5BC24213F8300FCED94 /* RNTOverflowViewManager.m in Sources */ = {isa = PBXBuildFile; fileRef = 4605F5BB24213F8300FCED94 /* RNTOverflowViewManager.m */; };
/* End PBXBuildFile section */

/* Begin PBXCopyFilesBuildPhase section */
		4605F5A924213ED600FCED94 /* CopyFiles */ = {
			isa = PBXCopyFilesBuildPhase;
			buildActionMask = 2147483647;
			dstPath = "include/$(PRODUCT_NAME)";
			dstSubfolderSpec = 16;
			files = (
				4605F5B124213ED600FCED94 /* OverflowView.h in CopyFiles */,
			);
			runOnlyForDeploymentPostprocessing = 0;
		};
/* End PBXCopyFilesBuildPhase section */

/* Begin PBXFileReference section */
		4605F5AB24213ED600FCED94 /* libOverflowView.a */ = {isa = PBXFileReference; explicitFileType = archive.ar; includeInIndex = 0; path = libOverflowView.a; sourceTree = BUILT_PRODUCTS_DIR; };
		4605F5AE24213ED600FCED94 /* OverflowView.h */ = {isa = PBXFileReference; lastKnownFileType = sourcecode.c.h; path = OverflowView.h; sourceTree = "<group>"; };
		4605F5AF24213ED600FCED94 /* OverflowView.m */ = {isa = PBXFileReference; lastKnownFileType = sourcecode.c.objc; path = OverflowView.m; sourceTree = "<group>"; };
		4605F5B724213F2300FCED94 /* RNTOverflowView.h */ = {isa = PBXFileReference; lastKnownFileType = sourcecode.c.h; path = RNTOverflowView.h; sourceTree = "<group>"; };
		4605F5B824213F2300FCED94 /* RNTOverflowView.m */ = {isa = PBXFileReference; lastKnownFileType = sourcecode.c.objc; path = RNTOverflowView.m; sourceTree = "<group>"; };
		4605F5BA24213F8300FCED94 /* RNTOverflowViewManager.h */ = {isa = PBXFileReference; lastKnownFileType = sourcecode.c.h; path = RNTOverflowViewManager.h; sourceTree = "<group>"; };
		4605F5BB24213F8300FCED94 /* RNTOverflowViewManager.m */ = {isa = PBXFileReference; lastKnownFileType = sourcecode.c.objc; path = RNTOverflowViewManager.m; sourceTree = "<group>"; };
/* End PBXFileReference section */

/* Begin PBXFrameworksBuildPhase section */
		4605F5A824213ED600FCED94 /* Frameworks */ = {
			isa = PBXFrameworksBuildPhase;
			buildActionMask = 2147483647;
			files = (
			);
			runOnlyForDeploymentPostprocessing = 0;
		};
/* End PBXFrameworksBuildPhase section */

/* Begin PBXGroup section */
		4605F5A224213ED600FCED94 = {
			isa = PBXGroup;
			children = (
				4605F5AD24213ED600FCED94 /* OverflowView */,
				4605F5AC24213ED600FCED94 /* Products */,
			);
			sourceTree = "<group>";
		};
		4605F5AC24213ED600FCED94 /* Products */ = {
			isa = PBXGroup;
			children = (
				4605F5AB24213ED600FCED94 /* libOverflowView.a */,
			);
			name = Products;
			sourceTree = "<group>";
		};
		4605F5AD24213ED600FCED94 /* OverflowView */ = {
			isa = PBXGroup;
			children = (
				4605F5AE24213ED600FCED94 /* OverflowView.h */,
				4605F5AF24213ED600FCED94 /* OverflowView.m */,
				4605F5B724213F2300FCED94 /* RNTOverflowView.h */,
				4605F5B824213F2300FCED94 /* RNTOverflowView.m */,
				4605F5BA24213F8300FCED94 /* RNTOverflowViewManager.h */,
				4605F5BB24213F8300FCED94 /* RNTOverflowViewManager.m */,
			);
			path = OverflowView;
			sourceTree = "<group>";
		};
/* End PBXGroup section */

/* Begin PBXNativeTarget section */
		4605F5AA24213ED600FCED94 /* OverflowView */ = {
			isa = PBXNativeTarget;
			buildConfigurationList = 4605F5B424213ED600FCED94 /* Build configuration list for PBXNativeTarget "OverflowView" */;
			buildPhases = (
				4605F5A724213ED600FCED94 /* Sources */,
				4605F5A824213ED600FCED94 /* Frameworks */,
				4605F5A924213ED600FCED94 /* CopyFiles */,
			);
			buildRules = (
			);
			dependencies = (
			);
			name = OverflowView;
			productName = OverflowView;
			productReference = 4605F5AB24213ED600FCED94 /* libOverflowView.a */;
			productType = "com.apple.product-type.library.static";
		};
/* End PBXNativeTarget section */

/* Begin PBXProject section */
		4605F5A324213ED600FCED94 /* Project object */ = {
			isa = PBXProject;
			attributes = {
				LastUpgradeCheck = 1130;
				ORGANIZATIONNAME = Automattic;
				TargetAttributes = {
					4605F5AA24213ED600FCED94 = {
						CreatedOnToolsVersion = 11.3.1;
					};
				};
			};
			buildConfigurationList = 4605F5A624213ED600FCED94 /* Build configuration list for PBXProject "OverflowView" */;
			compatibilityVersion = "Xcode 9.3";
			developmentRegion = en;
			hasScannedForEncodings = 0;
			knownRegions = (
				en,
				Base,
			);
			mainGroup = 4605F5A224213ED600FCED94;
			productRefGroup = 4605F5AC24213ED600FCED94 /* Products */;
			projectDirPath = "";
			projectRoot = "";
			targets = (
				4605F5AA24213ED600FCED94 /* OverflowView */,
			);
		};
/* End PBXProject section */

/* Begin PBXSourcesBuildPhase section */
		4605F5A724213ED600FCED94 /* Sources */ = {
			isa = PBXSourcesBuildPhase;
			buildActionMask = 2147483647;
			files = (
				4605F5B024213ED600FCED94 /* OverflowView.m in Sources */,
				4605F5B924213F2300FCED94 /* RNTOverflowView.m in Sources */,
				4605F5BC24213F8300FCED94 /* RNTOverflowViewManager.m in Sources */,
			);
			runOnlyForDeploymentPostprocessing = 0;
		};
/* End PBXSourcesBuildPhase section */

/* Begin XCBuildConfiguration section */
		4605F5B224213ED600FCED94 /* Debug */ = {
			isa = XCBuildConfiguration;
			buildSettings = {
				ALWAYS_SEARCH_USER_PATHS = NO;
				CLANG_ANALYZER_NONNULL = YES;
				CLANG_ANALYZER_NUMBER_OBJECT_CONVERSION = YES_AGGRESSIVE;
				CLANG_CXX_LANGUAGE_STANDARD = "gnu++14";
				CLANG_CXX_LIBRARY = "libc++";
				CLANG_ENABLE_MODULES = YES;
				CLANG_ENABLE_OBJC_ARC = YES;
				CLANG_ENABLE_OBJC_WEAK = YES;
				CLANG_WARN_BLOCK_CAPTURE_AUTORELEASING = YES;
				CLANG_WARN_BOOL_CONVERSION = YES;
				CLANG_WARN_COMMA = YES;
				CLANG_WARN_CONSTANT_CONVERSION = YES;
				CLANG_WARN_DEPRECATED_OBJC_IMPLEMENTATIONS = YES;
				CLANG_WARN_DIRECT_OBJC_ISA_USAGE = YES_ERROR;
				CLANG_WARN_DOCUMENTATION_COMMENTS = YES;
				CLANG_WARN_EMPTY_BODY = YES;
				CLANG_WARN_ENUM_CONVERSION = YES;
				CLANG_WARN_INFINITE_RECURSION = YES;
				CLANG_WARN_INT_CONVERSION = YES;
				CLANG_WARN_NON_LITERAL_NULL_CONVERSION = YES;
				CLANG_WARN_OBJC_IMPLICIT_RETAIN_SELF = YES;
				CLANG_WARN_OBJC_LITERAL_CONVERSION = YES;
				CLANG_WARN_OBJC_ROOT_CLASS = YES_ERROR;
				CLANG_WARN_RANGE_LOOP_ANALYSIS = YES;
				CLANG_WARN_STRICT_PROTOTYPES = YES;
				CLANG_WARN_SUSPICIOUS_MOVE = YES;
				CLANG_WARN_UNGUARDED_AVAILABILITY = YES_AGGRESSIVE;
				CLANG_WARN_UNREACHABLE_CODE = YES;
				CLANG_WARN__DUPLICATE_METHOD_MATCH = YES;
				COPY_PHASE_STRIP = NO;
				DEBUG_INFORMATION_FORMAT = dwarf;
				ENABLE_STRICT_OBJC_MSGSEND = YES;
				ENABLE_TESTABILITY = YES;
				GCC_C_LANGUAGE_STANDARD = gnu11;
				GCC_DYNAMIC_NO_PIC = NO;
				GCC_NO_COMMON_BLOCKS = YES;
				GCC_OPTIMIZATION_LEVEL = 0;
				GCC_PREPROCESSOR_DEFINITIONS = (
					"DEBUG=1",
					"$(inherited)",
				);
				GCC_WARN_64_TO_32_BIT_CONVERSION = YES;
				GCC_WARN_ABOUT_RETURN_TYPE = YES_ERROR;
				GCC_WARN_UNDECLARED_SELECTOR = YES;
				GCC_WARN_UNINITIALIZED_AUTOS = YES_AGGRESSIVE;
				GCC_WARN_UNUSED_FUNCTION = YES;
				GCC_WARN_UNUSED_VARIABLE = YES;
				IPHONEOS_DEPLOYMENT_TARGET = 13.2;
				MTL_ENABLE_DEBUG_INFO = INCLUDE_SOURCE;
				MTL_FAST_MATH = YES;
				ONLY_ACTIVE_ARCH = YES;
				SDKROOT = iphoneos;
			};
			name = Debug;
		};
		4605F5B324213ED600FCED94 /* Release */ = {
			isa = XCBuildConfiguration;
			buildSettings = {
				ALWAYS_SEARCH_USER_PATHS = NO;
				CLANG_ANALYZER_NONNULL = YES;
				CLANG_ANALYZER_NUMBER_OBJECT_CONVERSION = YES_AGGRESSIVE;
				CLANG_CXX_LANGUAGE_STANDARD = "gnu++14";
				CLANG_CXX_LIBRARY = "libc++";
				CLANG_ENABLE_MODULES = YES;
				CLANG_ENABLE_OBJC_ARC = YES;
				CLANG_ENABLE_OBJC_WEAK = YES;
				CLANG_WARN_BLOCK_CAPTURE_AUTORELEASING = YES;
				CLANG_WARN_BOOL_CONVERSION = YES;
				CLANG_WARN_COMMA = YES;
				CLANG_WARN_CONSTANT_CONVERSION = YES;
				CLANG_WARN_DEPRECATED_OBJC_IMPLEMENTATIONS = YES;
				CLANG_WARN_DIRECT_OBJC_ISA_USAGE = YES_ERROR;
				CLANG_WARN_DOCUMENTATION_COMMENTS = YES;
				CLANG_WARN_EMPTY_BODY = YES;
				CLANG_WARN_ENUM_CONVERSION = YES;
				CLANG_WARN_INFINITE_RECURSION = YES;
				CLANG_WARN_INT_CONVERSION = YES;
				CLANG_WARN_NON_LITERAL_NULL_CONVERSION = YES;
				CLANG_WARN_OBJC_IMPLICIT_RETAIN_SELF = YES;
				CLANG_WARN_OBJC_LITERAL_CONVERSION = YES;
				CLANG_WARN_OBJC_ROOT_CLASS = YES_ERROR;
				CLANG_WARN_RANGE_LOOP_ANALYSIS = YES;
				CLANG_WARN_STRICT_PROTOTYPES = YES;
				CLANG_WARN_SUSPICIOUS_MOVE = YES;
				CLANG_WARN_UNGUARDED_AVAILABILITY = YES_AGGRESSIVE;
				CLANG_WARN_UNREACHABLE_CODE = YES;
				CLANG_WARN__DUPLICATE_METHOD_MATCH = YES;
				COPY_PHASE_STRIP = NO;
				DEBUG_INFORMATION_FORMAT = "dwarf-with-dsym";
				ENABLE_NS_ASSERTIONS = NO;
				ENABLE_STRICT_OBJC_MSGSEND = YES;
				GCC_C_LANGUAGE_STANDARD = gnu11;
				GCC_NO_COMMON_BLOCKS = YES;
				GCC_WARN_64_TO_32_BIT_CONVERSION = YES;
				GCC_WARN_ABOUT_RETURN_TYPE = YES_ERROR;
				GCC_WARN_UNDECLARED_SELECTOR = YES;
				GCC_WARN_UNINITIALIZED_AUTOS = YES_AGGRESSIVE;
				GCC_WARN_UNUSED_FUNCTION = YES;
				GCC_WARN_UNUSED_VARIABLE = YES;
				IPHONEOS_DEPLOYMENT_TARGET = 13.2;
				MTL_ENABLE_DEBUG_INFO = NO;
				MTL_FAST_MATH = YES;
				SDKROOT = iphoneos;
				VALIDATE_PRODUCT = YES;
			};
			name = Release;
		};
		4605F5B524213ED600FCED94 /* Debug */ = {
			isa = XCBuildConfiguration;
			buildSettings = {
				CODE_SIGN_STYLE = Automatic;
				DEVELOPMENT_TEAM = PZYM8XX95Q;
				OTHER_LDFLAGS = "-ObjC";
				PRODUCT_NAME = "$(TARGET_NAME)";
				SKIP_INSTALL = YES;
				TARGETED_DEVICE_FAMILY = "1,2";
			};
			name = Debug;
		};
		4605F5B624213ED600FCED94 /* Release */ = {
			isa = XCBuildConfiguration;
			buildSettings = {
				CODE_SIGN_STYLE = Automatic;
				DEVELOPMENT_TEAM = PZYM8XX95Q;
				OTHER_LDFLAGS = "-ObjC";
				PRODUCT_NAME = "$(TARGET_NAME)";
				SKIP_INSTALL = YES;
				TARGETED_DEVICE_FAMILY = "1,2";
			};
			name = Release;
		};
/* End XCBuildConfiguration section */

/* Begin XCConfigurationList section */
		4605F5A624213ED600FCED94 /* Build configuration list for PBXProject "OverflowView" */ = {
			isa = XCConfigurationList;
			buildConfigurations = (
				4605F5B224213ED600FCED94 /* Debug */,
				4605F5B324213ED600FCED94 /* Release */,
			);
			defaultConfigurationIsVisible = 0;
			defaultConfigurationName = Release;
		};
		4605F5B424213ED600FCED94 /* Build configuration list for PBXNativeTarget "OverflowView" */ = {
			isa = XCConfigurationList;
			buildConfigurations = (
				4605F5B524213ED600FCED94 /* Debug */,
				4605F5B624213ED600FCED94 /* Release */,
			);
			defaultConfigurationIsVisible = 0;
			defaultConfigurationName = Release;
		};
/* End XCConfigurationList section */
	};
	rootObject = 4605F5A324213ED600FCED94 /* Project object */;
}
