// !$*UTF8*$!
{
	archiveVersion = 1;
	classes = {
	};
	objectVersion = 56;
	objects = {

/* Begin PBXBuildFile section */
		37C35AC6E85098069B531D1A /* Pods_Gutenberg.framework in Frameworks */ = {isa = PBXBuildFile; fileRef = 67571AEF3E1EAAB8FFD85506 /* Pods_Gutenberg.framework */; };
		3FE06AC329F3F61300F752AD /* Gutenberg.h in Headers */ = {isa = PBXBuildFile; fileRef = 3FE06AC229F3F61300F752AD /* Gutenberg.h */; settings = {ATTRIBUTES = (Public, ); }; };
		3FE06ACE29F3F6DA00F752AD /* Gutenberg-Debug.xcconfig in Resources */ = {isa = PBXBuildFile; fileRef = 3FE06AC829F3F6DA00F752AD /* Gutenberg-Debug.xcconfig */; };
		3FE06ACF29F3F6DA00F752AD /* Gutenberg-Shared.xcconfig in Resources */ = {isa = PBXBuildFile; fileRef = 3FE06AC929F3F6DA00F752AD /* Gutenberg-Shared.xcconfig */; };
		3FE06AD029F3F6DA00F752AD /* Project-Release.xcconfig in Resources */ = {isa = PBXBuildFile; fileRef = 3FE06ACA29F3F6DA00F752AD /* Project-Release.xcconfig */; };
		3FE06AD129F3F6DA00F752AD /* Project-Shared.xcconfig in Resources */ = {isa = PBXBuildFile; fileRef = 3FE06ACB29F3F6DA00F752AD /* Project-Shared.xcconfig */; };
		3FE06AD229F3F6DA00F752AD /* Gutenberg-Release.xcconfig in Resources */ = {isa = PBXBuildFile; fileRef = 3FE06ACC29F3F6DA00F752AD /* Gutenberg-Release.xcconfig */; };
		3FE06AD329F3F6DA00F752AD /* Project-Debug.xcconfig in Resources */ = {isa = PBXBuildFile; fileRef = 3FE06ACD29F3F6DA00F752AD /* Project-Debug.xcconfig */; };
/* End PBXBuildFile section */

/* Begin PBXFileReference section */
		3FE06ABF29F3F61300F752AD /* Gutenberg.framework */ = {isa = PBXFileReference; explicitFileType = wrapper.framework; includeInIndex = 0; path = Gutenberg.framework; sourceTree = BUILT_PRODUCTS_DIR; };
		3FE06AC229F3F61300F752AD /* Gutenberg.h */ = {isa = PBXFileReference; lastKnownFileType = sourcecode.c.h; path = Gutenberg.h; sourceTree = "<group>"; };
		3FE06AC829F3F6DA00F752AD /* Gutenberg-Debug.xcconfig */ = {isa = PBXFileReference; fileEncoding = 4; lastKnownFileType = text.xcconfig; path = "Gutenberg-Debug.xcconfig"; sourceTree = "<group>"; };
		3FE06AC929F3F6DA00F752AD /* Gutenberg-Shared.xcconfig */ = {isa = PBXFileReference; fileEncoding = 4; lastKnownFileType = text.xcconfig; path = "Gutenberg-Shared.xcconfig"; sourceTree = "<group>"; };
		3FE06ACA29F3F6DA00F752AD /* Project-Release.xcconfig */ = {isa = PBXFileReference; fileEncoding = 4; lastKnownFileType = text.xcconfig; path = "Project-Release.xcconfig"; sourceTree = "<group>"; };
		3FE06ACB29F3F6DA00F752AD /* Project-Shared.xcconfig */ = {isa = PBXFileReference; fileEncoding = 4; lastKnownFileType = text.xcconfig; path = "Project-Shared.xcconfig"; sourceTree = "<group>"; };
		3FE06ACC29F3F6DA00F752AD /* Gutenberg-Release.xcconfig */ = {isa = PBXFileReference; fileEncoding = 4; lastKnownFileType = text.xcconfig; path = "Gutenberg-Release.xcconfig"; sourceTree = "<group>"; };
		3FE06ACD29F3F6DA00F752AD /* Project-Debug.xcconfig */ = {isa = PBXFileReference; fileEncoding = 4; lastKnownFileType = text.xcconfig; path = "Project-Debug.xcconfig"; sourceTree = "<group>"; };
		67571AEF3E1EAAB8FFD85506 /* Pods_Gutenberg.framework */ = {isa = PBXFileReference; explicitFileType = wrapper.framework; includeInIndex = 0; path = Pods_Gutenberg.framework; sourceTree = BUILT_PRODUCTS_DIR; };
		97298C7C1A69315DB3985157 /* Pods-Gutenberg.debug.xcconfig */ = {isa = PBXFileReference; includeInIndex = 1; lastKnownFileType = text.xcconfig; name = "Pods-Gutenberg.debug.xcconfig"; path = "Target Support Files/Pods-Gutenberg/Pods-Gutenberg.debug.xcconfig"; sourceTree = "<group>"; };
		E4E0EAFA0A6F7CA86A2F471E /* Pods-Gutenberg.release.xcconfig */ = {isa = PBXFileReference; includeInIndex = 1; lastKnownFileType = text.xcconfig; name = "Pods-Gutenberg.release.xcconfig"; path = "Target Support Files/Pods-Gutenberg/Pods-Gutenberg.release.xcconfig"; sourceTree = "<group>"; };
/* End PBXFileReference section */

/* Begin PBXFrameworksBuildPhase section */
		3FE06ABC29F3F61300F752AD /* Frameworks */ = {
			isa = PBXFrameworksBuildPhase;
			buildActionMask = 2147483647;
			files = (
				37C35AC6E85098069B531D1A /* Pods_Gutenberg.framework in Frameworks */,
			);
			runOnlyForDeploymentPostprocessing = 0;
		};
/* End PBXFrameworksBuildPhase section */

/* Begin PBXGroup section */
		38B97089D116CC931E842BD5 /* Frameworks */ = {
			isa = PBXGroup;
			children = (
				67571AEF3E1EAAB8FFD85506 /* Pods_Gutenberg.framework */,
			);
			name = Frameworks;
			sourceTree = "<group>";
		};
		3FE06AB329F3F46B00F752AD = {
			isa = PBXGroup;
			children = (
				3FE06AC729F3F6DA00F752AD /* Config */,
				3FE06AC129F3F61300F752AD /* Gutenberg */,
				3FE06AC029F3F61300F752AD /* Products */,
				E205127207234C97CE5B38E0 /* Pods */,
				38B97089D116CC931E842BD5 /* Frameworks */,
			);
			sourceTree = "<group>";
		};
		3FE06AC029F3F61300F752AD /* Products */ = {
			isa = PBXGroup;
			children = (
				3FE06ABF29F3F61300F752AD /* Gutenberg.framework */,
			);
			name = Products;
			sourceTree = "<group>";
		};
		3FE06AC129F3F61300F752AD /* Gutenberg */ = {
			isa = PBXGroup;
			children = (
				3FE06AC229F3F61300F752AD /* Gutenberg.h */,
			);
			path = Gutenberg;
			sourceTree = "<group>";
		};
		3FE06AC729F3F6DA00F752AD /* Config */ = {
			isa = PBXGroup;
			children = (
				3FE06AC829F3F6DA00F752AD /* Gutenberg-Debug.xcconfig */,
				3FE06ACC29F3F6DA00F752AD /* Gutenberg-Release.xcconfig */,
				3FE06AC929F3F6DA00F752AD /* Gutenberg-Shared.xcconfig */,
				3FE06ACD29F3F6DA00F752AD /* Project-Debug.xcconfig */,
				3FE06ACA29F3F6DA00F752AD /* Project-Release.xcconfig */,
				3FE06ACB29F3F6DA00F752AD /* Project-Shared.xcconfig */,
			);
			path = Config;
			sourceTree = "<group>";
		};
		E205127207234C97CE5B38E0 /* Pods */ = {
			isa = PBXGroup;
			children = (
				97298C7C1A69315DB3985157 /* Pods-Gutenberg.debug.xcconfig */,
				E4E0EAFA0A6F7CA86A2F471E /* Pods-Gutenberg.release.xcconfig */,
			);
			name = Pods;
			path = Pods;
			sourceTree = "<group>";
		};
/* End PBXGroup section */

/* Begin PBXHeadersBuildPhase section */
		3FE06ABA29F3F61300F752AD /* Headers */ = {
			isa = PBXHeadersBuildPhase;
			buildActionMask = 2147483647;
			files = (
				3FE06AC329F3F61300F752AD /* Gutenberg.h in Headers */,
			);
			runOnlyForDeploymentPostprocessing = 0;
		};
/* End PBXHeadersBuildPhase section */

/* Begin PBXNativeTarget section */
		3FE06ABE29F3F61300F752AD /* Gutenberg */ = {
			isa = PBXNativeTarget;
			buildConfigurationList = 3FE06AC629F3F61300F752AD /* Build configuration list for PBXNativeTarget "Gutenberg" */;
			buildPhases = (
				382C996831D2A17EE58BE2EB /* [CP] Check Pods Manifest.lock */,
				3FE06ABA29F3F61300F752AD /* Headers */,
				3FE06ABB29F3F61300F752AD /* Sources */,
				3FE06ABC29F3F61300F752AD /* Frameworks */,
				3FE06ABD29F3F61300F752AD /* Resources */,
				4A6E50FD2E25C3887EB44ED7 /* [CP] Copy Pods Resources */,
			);
			buildRules = (
			);
			dependencies = (
			);
			name = Gutenberg;
			productName = Gutenberg;
			productReference = 3FE06ABF29F3F61300F752AD /* Gutenberg.framework */;
			productType = "com.apple.product-type.framework";
		};
/* End PBXNativeTarget section */

/* Begin PBXProject section */
		3FE06AB429F3F46B00F752AD /* Project object */ = {
			isa = PBXProject;
			attributes = {
				BuildIndependentTargetsInParallel = 1;
				LastUpgradeCheck = 1430;
				TargetAttributes = {
					3FE06ABE29F3F61300F752AD = {
						CreatedOnToolsVersion = 14.3;
					};
				};
			};
			buildConfigurationList = 3FE06AB729F3F46B00F752AD /* Build configuration list for PBXProject "XCFrameworkScaffold" */;
			compatibilityVersion = "Xcode 14.0";
			developmentRegion = en;
			hasScannedForEncodings = 0;
			knownRegions = (
				en,
				Base,
			);
			mainGroup = 3FE06AB329F3F46B00F752AD;
			productRefGroup = 3FE06AC029F3F61300F752AD /* Products */;
			projectDirPath = "";
			projectRoot = "";
			targets = (
				3FE06ABE29F3F61300F752AD /* Gutenberg */,
			);
		};
/* End PBXProject section */

/* Begin PBXResourcesBuildPhase section */
		3FE06ABD29F3F61300F752AD /* Resources */ = {
			isa = PBXResourcesBuildPhase;
			buildActionMask = 2147483647;
			files = (
				3FE06AD329F3F6DA00F752AD /* Project-Debug.xcconfig in Resources */,
				3FE06ACE29F3F6DA00F752AD /* Gutenberg-Debug.xcconfig in Resources */,
				3FE06AD229F3F6DA00F752AD /* Gutenberg-Release.xcconfig in Resources */,
				3FE06AD129F3F6DA00F752AD /* Project-Shared.xcconfig in Resources */,
				3FE06ACF29F3F6DA00F752AD /* Gutenberg-Shared.xcconfig in Resources */,
				3FE06AD029F3F6DA00F752AD /* Project-Release.xcconfig in Resources */,
			);
			runOnlyForDeploymentPostprocessing = 0;
		};
/* End PBXResourcesBuildPhase section */

/* Begin PBXShellScriptBuildPhase section */
		382C996831D2A17EE58BE2EB /* [CP] Check Pods Manifest.lock */ = {
			isa = PBXShellScriptBuildPhase;
			buildActionMask = 2147483647;
			files = (
			);
			inputFileListPaths = (
			);
			inputPaths = (
				"${PODS_PODFILE_DIR_PATH}/Podfile.lock",
				"${PODS_ROOT}/Manifest.lock",
			);
			name = "[CP] Check Pods Manifest.lock";
			outputFileListPaths = (
			);
			outputPaths = (
				"$(DERIVED_FILE_DIR)/Pods-Gutenberg-checkManifestLockResult.txt",
			);
			runOnlyForDeploymentPostprocessing = 0;
			shellPath = /bin/sh;
			shellScript = "diff \"${PODS_PODFILE_DIR_PATH}/Podfile.lock\" \"${PODS_ROOT}/Manifest.lock\" > /dev/null\nif [ $? != 0 ] ; then\n    # print error to STDERR\n    echo \"error: The sandbox is not in sync with the Podfile.lock. Run 'pod install' or update your CocoaPods installation.\" >&2\n    exit 1\nfi\n# This output is used by Xcode 'outputs' to avoid re-running this script phase.\necho \"SUCCESS\" > \"${SCRIPT_OUTPUT_FILE_0}\"\n";
			showEnvVarsInLog = 0;
		};
		4A6E50FD2E25C3887EB44ED7 /* [CP] Copy Pods Resources */ = {
			isa = PBXShellScriptBuildPhase;
			buildActionMask = 2147483647;
			files = (
			);
			inputFileListPaths = (
				"${PODS_ROOT}/Target Support Files/Pods-Gutenberg/Pods-Gutenberg-resources-${CONFIGURATION}-input-files.xcfilelist",
			);
			name = "[CP] Copy Pods Resources";
			outputFileListPaths = (
				"${PODS_ROOT}/Target Support Files/Pods-Gutenberg/Pods-Gutenberg-resources-${CONFIGURATION}-output-files.xcfilelist",
			);
			runOnlyForDeploymentPostprocessing = 0;
			shellPath = /bin/sh;
			shellScript = "\"${PODS_ROOT}/Target Support Files/Pods-Gutenberg/Pods-Gutenberg-resources.sh\"\n";
			showEnvVarsInLog = 0;
		};
/* End PBXShellScriptBuildPhase section */

/* Begin PBXSourcesBuildPhase section */
		3FE06ABB29F3F61300F752AD /* Sources */ = {
			isa = PBXSourcesBuildPhase;
			buildActionMask = 2147483647;
			files = (
			);
			runOnlyForDeploymentPostprocessing = 0;
		};
/* End PBXSourcesBuildPhase section */

/* Begin XCBuildConfiguration section */
		3FE06AB829F3F46B00F752AD /* Debug */ = {
			isa = XCBuildConfiguration;
			baseConfigurationReference = 3FE06ACD29F3F6DA00F752AD /* Project-Debug.xcconfig */;
			buildSettings = {
			};
			name = Debug;
		};
		3FE06AB929F3F46B00F752AD /* Release */ = {
			isa = XCBuildConfiguration;
			baseConfigurationReference = 3FE06ACA29F3F6DA00F752AD /* Project-Release.xcconfig */;
			buildSettings = {
			};
			name = Release;
		};
		3FE06AC429F3F61300F752AD /* Debug */ = {
			isa = XCBuildConfiguration;
			baseConfigurationReference = 3FE06AC829F3F6DA00F752AD /* Gutenberg-Debug.xcconfig */;
			buildSettings = {
			};
			name = Debug;
		};
		3FE06AC529F3F61300F752AD /* Release */ = {
			isa = XCBuildConfiguration;
			baseConfigurationReference = 3FE06ACC29F3F6DA00F752AD /* Gutenberg-Release.xcconfig */;
			buildSettings = {
			};
			name = Release;
		};
/* End XCBuildConfiguration section */

/* Begin XCConfigurationList section */
		3FE06AB729F3F46B00F752AD /* Build configuration list for PBXProject "XCFrameworkScaffold" */ = {
			isa = XCConfigurationList;
			buildConfigurations = (
				3FE06AB829F3F46B00F752AD /* Debug */,
				3FE06AB929F3F46B00F752AD /* Release */,
			);
			defaultConfigurationIsVisible = 0;
			defaultConfigurationName = Release;
		};
		3FE06AC629F3F61300F752AD /* Build configuration list for PBXNativeTarget "Gutenberg" */ = {
			isa = XCConfigurationList;
			buildConfigurations = (
				3FE06AC429F3F61300F752AD /* Debug */,
				3FE06AC529F3F61300F752AD /* Release */,
			);
			defaultConfigurationIsVisible = 0;
			defaultConfigurationName = Release;
		};
/* End XCConfigurationList section */
	};
	rootObject = 3FE06AB429F3F46B00F752AD /* Project object */;
}
